// !$*UTF8*$!
{
	archiveVersion = 1;
	classes = {
	};
	objectVersion = 56;
	objects = {

/* Begin PBXBuildFile section */
		EA922D5E2B582DF400D5A0A3 /* NetworkService.swift in Sources */ = {isa = PBXBuildFile; fileRef = EA922D5D2B582DF400D5A0A3 /* NetworkService.swift */; };
		EA922D602B5832C400D5A0A3 /* SignRepositoryImpl.swift in Sources */ = {isa = PBXBuildFile; fileRef = EA922D5F2B5832C400D5A0A3 /* SignRepositoryImpl.swift */; };
		EA922D632B583A8200D5A0A3 /* SignRepository.swift in Sources */ = {isa = PBXBuildFile; fileRef = EA922D622B583A8200D5A0A3 /* SignRepository.swift */; };
		EA922D662B584D4600D5A0A3 /* SignSceneDIContainer.swift in Sources */ = {isa = PBXBuildFile; fileRef = EA922D652B584D4600D5A0A3 /* SignSceneDIContainer.swift */; };
		EA922D682B585B3200D5A0A3 /* AppCoordinator.swift in Sources */ = {isa = PBXBuildFile; fileRef = EA922D672B585B3200D5A0A3 /* AppCoordinator.swift */; };
		EA922D6B2B5864FE00D5A0A3 /* AppDIContainer.swift in Sources */ = {isa = PBXBuildFile; fileRef = EA922D6A2B5864FE00D5A0A3 /* AppDIContainer.swift */; };
		EA922D772B59BFE300D5A0A3 /* AppleLoginRepository.swift in Sources */ = {isa = PBXBuildFile; fileRef = EA922D762B59BFE300D5A0A3 /* AppleLoginRepository.swift */; };
		EA922D792B59C2A500D5A0A3 /* KakaoLoginRepository.swift in Sources */ = {isa = PBXBuildFile; fileRef = EA922D782B59C2A500D5A0A3 /* KakaoLoginRepository.swift */; };
		EA922D7B2B59C93300D5A0A3 /* SsacsuError.swift in Sources */ = {isa = PBXBuildFile; fileRef = EA922D7A2B59C93300D5A0A3 /* SsacsuError.swift */; };
		EA922D7D2B5E605A00D5A0A3 /* Token.swift in Sources */ = {isa = PBXBuildFile; fileRef = EA922D7C2B5E605A00D5A0A3 /* Token.swift */; };
		EA922D802B5EAC0800D5A0A3 /* WorkspaceHomeViewController.swift in Sources */ = {isa = PBXBuildFile; fileRef = EA922D7F2B5EAC0800D5A0A3 /* WorkspaceHomeViewController.swift */; };
		EA922D822B5EAE1200D5A0A3 /* WorkspaceSceneDIContainer.swift in Sources */ = {isa = PBXBuildFile; fileRef = EA922D812B5EAE1200D5A0A3 /* WorkspaceSceneDIContainer.swift */; };
		EA922D882B5EB25100D5A0A3 /* WorkspaceInitialViewModel.swift in Sources */ = {isa = PBXBuildFile; fileRef = EA922D872B5EB25100D5A0A3 /* WorkspaceInitialViewModel.swift */; };
		EA922D8B2B5EBA2C00D5A0A3 /* SplashCoordinator.swift in Sources */ = {isa = PBXBuildFile; fileRef = EA922D8A2B5EBA2C00D5A0A3 /* SplashCoordinator.swift */; };
		EA922D8E2B5EBAB400D5A0A3 /* SplashViewController.swift in Sources */ = {isa = PBXBuildFile; fileRef = EA922D8D2B5EBAB400D5A0A3 /* SplashViewController.swift */; };
		EA922D902B5EC0B100D5A0A3 /* SplashViewModel.swift in Sources */ = {isa = PBXBuildFile; fileRef = EA922D8F2B5EC0B100D5A0A3 /* SplashViewModel.swift */; };
		EA922D922B5ECC2700D5A0A3 /* WorkspaceRepository.swift in Sources */ = {isa = PBXBuildFile; fileRef = EA922D912B5ECC2700D5A0A3 /* WorkspaceRepository.swift */; };
		EA922D972B5ED3B700D5A0A3 /* WorkspaceHomeViewModel.swift in Sources */ = {isa = PBXBuildFile; fileRef = EA922D962B5ED3B700D5A0A3 /* WorkspaceHomeViewModel.swift */; };
		EA922D992B5EE2F600D5A0A3 /* WorkspaceEmptyView.swift in Sources */ = {isa = PBXBuildFile; fileRef = EA922D982B5EE2F600D5A0A3 /* WorkspaceEmptyView.swift */; };
		EA922D9B2B5F00E900D5A0A3 /* WorkspaceRepositoryImpl.swift in Sources */ = {isa = PBXBuildFile; fileRef = EA922D9A2B5F00E900D5A0A3 /* WorkspaceRepositoryImpl.swift */; };
		EA922D9D2B5F014200D5A0A3 /* WorkspaceAPI.swift in Sources */ = {isa = PBXBuildFile; fileRef = EA922D9C2B5F014200D5A0A3 /* WorkspaceAPI.swift */; };
		EA922DA12B5FFF2B00D5A0A3 /* WorkspaceListDTO.swift in Sources */ = {isa = PBXBuildFile; fileRef = EA922DA02B5FFF2B00D5A0A3 /* WorkspaceListDTO.swift */; };
		EA922DA32B60010400D5A0A3 /* BaseAPI.swift in Sources */ = {isa = PBXBuildFile; fileRef = EA922DA22B60010400D5A0A3 /* BaseAPI.swift */; };
		EA922DA72B60351100D5A0A3 /* ResponseDecoder.swift in Sources */ = {isa = PBXBuildFile; fileRef = EA922DA62B60351100D5A0A3 /* ResponseDecoder.swift */; };
		EA922DA92B60433400D5A0A3 /* AccessTokenRefreshInterceptor.swift in Sources */ = {isa = PBXBuildFile; fileRef = EA922DA82B60433400D5A0A3 /* AccessTokenRefreshInterceptor.swift */; };
		EA922DAB2B604C7100D5A0A3 /* AuthManager.swift in Sources */ = {isa = PBXBuildFile; fileRef = EA922DAA2B604C7100D5A0A3 /* AuthManager.swift */; };
		EA922DAD2B60511600D5A0A3 /* TokenRefreshDTO.swift in Sources */ = {isa = PBXBuildFile; fileRef = EA922DAC2B60511600D5A0A3 /* TokenRefreshDTO.swift */; };
		EA922DB32B63D59900D5A0A3 /* Workspace.swift in Sources */ = {isa = PBXBuildFile; fileRef = EA922DB22B63D59900D5A0A3 /* Workspace.swift */; };
		EA922DB52B63F0E600D5A0A3 /* DateFormatter+.swift in Sources */ = {isa = PBXBuildFile; fileRef = EA922DB42B63F0E600D5A0A3 /* DateFormatter+.swift */; };
		EA922DB72B6431F300D5A0A3 /* WorkspaceDTO.swift in Sources */ = {isa = PBXBuildFile; fileRef = EA922DB62B6431F300D5A0A3 /* WorkspaceDTO.swift */; };
		EA922DB92B644F1C00D5A0A3 /* WorkspaceChannelCollectionViewCell.swift in Sources */ = {isa = PBXBuildFile; fileRef = EA922DB82B644F1C00D5A0A3 /* WorkspaceChannelCollectionViewCell.swift */; };
		EA922DBC2B64572C00D5A0A3 /* Differentiator in Frameworks */ = {isa = PBXBuildFile; productRef = EA922DBB2B64572C00D5A0A3 /* Differentiator */; };
		EA922DBE2B64572C00D5A0A3 /* RxDataSources in Frameworks */ = {isa = PBXBuildFile; productRef = EA922DBD2B64572C00D5A0A3 /* RxDataSources */; };
		EA922DC02B65127700D5A0A3 /* WorkspaceHeaderReusableView.swift in Sources */ = {isa = PBXBuildFile; fileRef = EA922DBF2B65127700D5A0A3 /* WorkspaceHeaderReusableView.swift */; };
		EA922DC22B656CB900D5A0A3 /* ChannelDTO.swift in Sources */ = {isa = PBXBuildFile; fileRef = EA922DC12B656CB800D5A0A3 /* ChannelDTO.swift */; };
		EA922DC42B656CD100D5A0A3 /* UserDTO.swift in Sources */ = {isa = PBXBuildFile; fileRef = EA922DC32B656CD100D5A0A3 /* UserDTO.swift */; };
		EA922DC62B656E0400D5A0A3 /* Channel.swift in Sources */ = {isa = PBXBuildFile; fileRef = EA922DC52B656E0400D5A0A3 /* Channel.swift */; };
		EA922DC82B656E0F00D5A0A3 /* User.swift in Sources */ = {isa = PBXBuildFile; fileRef = EA922DC72B656E0F00D5A0A3 /* User.swift */; };
		EA922DCB2B658C6600D5A0A3 /* Dms.swift in Sources */ = {isa = PBXBuildFile; fileRef = EA922DCA2B658C6600D5A0A3 /* Dms.swift */; };
		EA922DCD2B659F0400D5A0A3 /* WorkspaceDmsCollectionViewCell.swift in Sources */ = {isa = PBXBuildFile; fileRef = EA922DCC2B659F0400D5A0A3 /* WorkspaceDmsCollectionViewCell.swift */; };
		EA922DCF2B668BDE00D5A0A3 /* UnreadLabel.swift in Sources */ = {isa = PBXBuildFile; fileRef = EA922DCE2B668BDE00D5A0A3 /* UnreadLabel.swift */; };
		EA922DD12B66950700D5A0A3 /* WorkspaceAddCollectionViewCell.swift in Sources */ = {isa = PBXBuildFile; fileRef = EA922DD02B66950700D5A0A3 /* WorkspaceAddCollectionViewCell.swift */; };
		EA922DD32B66B0B400D5A0A3 /* WorkspaceFooterReusableView.swift in Sources */ = {isa = PBXBuildFile; fileRef = EA922DD22B66B0B400D5A0A3 /* WorkspaceFooterReusableView.swift */; };
		EA922DD52B680ABC00D5A0A3 /* SignCoordinator.swift in Sources */ = {isa = PBXBuildFile; fileRef = EA922DD42B680ABC00D5A0A3 /* SignCoordinator.swift */; };
		EA922DD72B6813AD00D5A0A3 /* TabCoordinator.swift in Sources */ = {isa = PBXBuildFile; fileRef = EA922DD62B6813AD00D5A0A3 /* TabCoordinator.swift */; };
		EA922DD92B682FAC00D5A0A3 /* TabBarDIContainer.swift in Sources */ = {isa = PBXBuildFile; fileRef = EA922DD82B682FAC00D5A0A3 /* TabBarDIContainer.swift */; };
		EA922DDB2B683F8500D5A0A3 /* WorkspaceCoordinator.swift in Sources */ = {isa = PBXBuildFile; fileRef = EA922DDA2B683F8500D5A0A3 /* WorkspaceCoordinator.swift */; };
		EA922DDD2B68454500D5A0A3 /* Coordinator.swift in Sources */ = {isa = PBXBuildFile; fileRef = EA922DDC2B68454500D5A0A3 /* Coordinator.swift */; };
		EA922DE02B69791200D5A0A3 /* WorkspaceListViewController.swift in Sources */ = {isa = PBXBuildFile; fileRef = EA922DDF2B69791200D5A0A3 /* WorkspaceListViewController.swift */; };
		EA922DE32B699A3800D5A0A3 /* WorkspaceListTableViewCell.swift in Sources */ = {isa = PBXBuildFile; fileRef = EA922DE22B699A3800D5A0A3 /* WorkspaceListTableViewCell.swift */; };
		EA922DE52B699EE400D5A0A3 /* WorkspaceListViewModel.swift in Sources */ = {isa = PBXBuildFile; fileRef = EA922DE42B699EE400D5A0A3 /* WorkspaceListViewModel.swift */; };
		EAB4014E2B4DC5D900C1A14A /* ViewModelType.swift in Sources */ = {isa = PBXBuildFile; fileRef = EAB4014D2B4DC5D900C1A14A /* ViewModelType.swift */; };
		EAB401502B4DC77500C1A14A /* SignUpViewModel.swift in Sources */ = {isa = PBXBuildFile; fileRef = EAB4014F2B4DC77500C1A14A /* SignUpViewModel.swift */; };
		EAB401532B4DEA1200C1A14A /* SignAPI.swift in Sources */ = {isa = PBXBuildFile; fileRef = EAB401522B4DEA1200C1A14A /* SignAPI.swift */; };
		EAB401562B4DEC1300C1A14A /* EmailValidationDTO.swift in Sources */ = {isa = PBXBuildFile; fileRef = EAB401552B4DEC1300C1A14A /* EmailValidationDTO.swift */; };
		EAB4015E2B4EF75100C1A14A /* JoinDTO.swift in Sources */ = {isa = PBXBuildFile; fileRef = EAB4015D2B4EF75100C1A14A /* JoinDTO.swift */; };
		EAB401622B4EF7F900C1A14A /* Join.swift in Sources */ = {isa = PBXBuildFile; fileRef = EAB401612B4EF7F900C1A14A /* Join.swift */; };
		EAB401642B4F01C300C1A14A /* CommonErrorResponseDTO.swift in Sources */ = {isa = PBXBuildFile; fileRef = EAB401632B4F01C300C1A14A /* CommonErrorResponseDTO.swift */; };
		EAB401662B50590E00C1A14A /* String+.swift in Sources */ = {isa = PBXBuildFile; fileRef = EAB401652B50590E00C1A14A /* String+.swift */; };
		EAB401692B51BC6300C1A14A /* WorkspaceInitialViewController.swift in Sources */ = {isa = PBXBuildFile; fileRef = EAB401682B51BC6300C1A14A /* WorkspaceInitialViewController.swift */; };
		EAB4016B2B51D2E400C1A14A /* SSLabel.swift in Sources */ = {isa = PBXBuildFile; fileRef = EAB4016A2B51D2E400C1A14A /* SSLabel.swift */; };
		EAB4016D2B52CE1500C1A14A /* EmailSignInViewController.swift in Sources */ = {isa = PBXBuildFile; fileRef = EAB4016C2B52CE1500C1A14A /* EmailSignInViewController.swift */; };
		EAB401742B52FD8900C1A14A /* EmailSignInViewModel.swift in Sources */ = {isa = PBXBuildFile; fileRef = EAB401732B52FD8900C1A14A /* EmailSignInViewModel.swift */; };
		EAB401772B5304AD00C1A14A /* Validation.swift in Sources */ = {isa = PBXBuildFile; fileRef = EAB401762B5304AD00C1A14A /* Validation.swift */; };
		EAB401792B53237000C1A14A /* LoginDTO.swift in Sources */ = {isa = PBXBuildFile; fileRef = EAB401782B53237000C1A14A /* LoginDTO.swift */; };
		EAB4017B2B5323DA00C1A14A /* TokenDTO.swift in Sources */ = {isa = PBXBuildFile; fileRef = EAB4017A2B5323DA00C1A14A /* TokenDTO.swift */; };
		EAB4017F2B532BCA00C1A14A /* EmailLogin.swift in Sources */ = {isa = PBXBuildFile; fileRef = EAB4017E2B532BCA00C1A14A /* EmailLogin.swift */; };
		EAE494002B459B81007461C0 /* AppDelegate.swift in Sources */ = {isa = PBXBuildFile; fileRef = EAE493FF2B459B81007461C0 /* AppDelegate.swift */; };
		EAE494022B459B81007461C0 /* SceneDelegate.swift in Sources */ = {isa = PBXBuildFile; fileRef = EAE494012B459B81007461C0 /* SceneDelegate.swift */; };
		EAE494092B459B82007461C0 /* Assets.xcassets in Resources */ = {isa = PBXBuildFile; fileRef = EAE494082B459B82007461C0 /* Assets.xcassets */; };
		EAE4940C2B459B82007461C0 /* LaunchScreen.storyboard in Resources */ = {isa = PBXBuildFile; fileRef = EAE4940A2B459B82007461C0 /* LaunchScreen.storyboard */; };
		EAE494192B45DC69007461C0 /* Colors.xcassets in Resources */ = {isa = PBXBuildFile; fileRef = EAE494182B45DC69007461C0 /* Colors.xcassets */; };
		EAE4941B2B45E32C007461C0 /* Images.xcassets in Resources */ = {isa = PBXBuildFile; fileRef = EAE4941A2B45E32C007461C0 /* Images.xcassets */; };
		EAE494322B473634007461C0 /* Configurations.swift in Sources */ = {isa = PBXBuildFile; fileRef = EAE494312B473634007461C0 /* Configurations.swift */; };
		EAE494352B4749B3007461C0 /* SSFont.swift in Sources */ = {isa = PBXBuildFile; fileRef = EAE494342B4749B3007461C0 /* SSFont.swift */; };
		EAE494372B474E1C007461C0 /* SF-Pro.ttf in Resources */ = {isa = PBXBuildFile; fileRef = EAE494362B474E1B007461C0 /* SF-Pro.ttf */; };
		EAE4943B2B49D83C007461C0 /* UILabel+.swift in Sources */ = {isa = PBXBuildFile; fileRef = EAE4943A2B49D83C007461C0 /* UILabel+.swift */; };
		EAE4943E2B49D9A9007461C0 /* SnapKit in Frameworks */ = {isa = PBXBuildFile; productRef = EAE4943D2B49D9A9007461C0 /* SnapKit */; };
		EAE494412B49DB91007461C0 /* Moya in Frameworks */ = {isa = PBXBuildFile; productRef = EAE494402B49DB91007461C0 /* Moya */; };
		EAE494442B49DC42007461C0 /* RxCocoa in Frameworks */ = {isa = PBXBuildFile; productRef = EAE494432B49DC42007461C0 /* RxCocoa */; };
		EAE494462B49DC42007461C0 /* RxSwift in Frameworks */ = {isa = PBXBuildFile; productRef = EAE494452B49DC42007461C0 /* RxSwift */; };
		EAE494552B4AAD9B007461C0 /* OnboardingViewController.swift in Sources */ = {isa = PBXBuildFile; fileRef = EAE494542B4AAD9B007461C0 /* OnboardingViewController.swift */; };
		EAE494582B4AB503007461C0 /* SSButton.swift in Sources */ = {isa = PBXBuildFile; fileRef = EAE494572B4AB503007461C0 /* SSButton.swift */; };
		EAE4945B2B4B1EFE007461C0 /* BaseViewController.swift in Sources */ = {isa = PBXBuildFile; fileRef = EAE4945A2B4B1EFE007461C0 /* BaseViewController.swift */; };
		EAE4945D2B4B1FA6007461C0 /* BaseTableViewCell.swift in Sources */ = {isa = PBXBuildFile; fileRef = EAE4945C2B4B1FA6007461C0 /* BaseTableViewCell.swift */; };
		EAE4945F2B4B2058007461C0 /* BaseCollectionViewCell.swift in Sources */ = {isa = PBXBuildFile; fileRef = EAE4945E2B4B2058007461C0 /* BaseCollectionViewCell.swift */; };
		EAE494652B4B91FB007461C0 /* SelectSignInMethodViewController.swift in Sources */ = {isa = PBXBuildFile; fileRef = EAE494642B4B91FB007461C0 /* SelectSignInMethodViewController.swift */; };
		EAE494672B4C618C007461C0 /* Divider.swift in Sources */ = {isa = PBXBuildFile; fileRef = EAE494662B4C618C007461C0 /* Divider.swift */; };
		EAE4946A2B4C717C007461C0 /* SignUpViewController.swift in Sources */ = {isa = PBXBuildFile; fileRef = EAE494692B4C717C007461C0 /* SignUpViewController.swift */; };
		EAE4946D2B4C7EDD007461C0 /* SSTextField.swift in Sources */ = {isa = PBXBuildFile; fileRef = EAE4946C2B4C7EDD007461C0 /* SSTextField.swift */; };
		EAFCB62F2B546727004DA2CD /* SelectSignInMethodViewModel.swift in Sources */ = {isa = PBXBuildFile; fileRef = EAFCB62E2B546727004DA2CD /* SelectSignInMethodViewModel.swift */; };
		EAFCB6352B54751B004DA2CD /* AppleLoginRepositoryImpl.swift in Sources */ = {isa = PBXBuildFile; fileRef = EAFCB6342B54751B004DA2CD /* AppleLoginRepositoryImpl.swift */; };
		EAFCB6392B5488FD004DA2CD /* AppleLoginDTO.swift in Sources */ = {isa = PBXBuildFile; fileRef = EAFCB6382B5488FD004DA2CD /* AppleLoginDTO.swift */; };
		EAFCB63B2B548D7F004DA2CD /* AppleLogin.swift in Sources */ = {isa = PBXBuildFile; fileRef = EAFCB63A2B548D7F004DA2CD /* AppleLogin.swift */; };
		EAFCB63E2B551F8D004DA2CD /* KakaoSDKAuth in Frameworks */ = {isa = PBXBuildFile; productRef = EAFCB63D2B551F8D004DA2CD /* KakaoSDKAuth */; };
		EAFCB6402B551F8D004DA2CD /* KakaoSDKCommon in Frameworks */ = {isa = PBXBuildFile; productRef = EAFCB63F2B551F8D004DA2CD /* KakaoSDKCommon */; };
		EAFCB6442B551F8D004DA2CD /* KakaoSDKUser in Frameworks */ = {isa = PBXBuildFile; productRef = EAFCB6432B551F8D004DA2CD /* KakaoSDKUser */; };
		EAFCB6462B5557C4004DA2CD /* KakaoLoginRepositoryImpl.swift in Sources */ = {isa = PBXBuildFile; fileRef = EAFCB6452B5557C4004DA2CD /* KakaoLoginRepositoryImpl.swift */; };
		EAFCB6482B5569A7004DA2CD /* KakaoLoginDTO.swift in Sources */ = {isa = PBXBuildFile; fileRef = EAFCB6472B5569A7004DA2CD /* KakaoLoginDTO.swift */; };
		EAFCB64A2B556A9C004DA2CD /* KakaoLogin.swift in Sources */ = {isa = PBXBuildFile; fileRef = EAFCB6492B556A9C004DA2CD /* KakaoLogin.swift */; };
		EAFD0DBE2B837242007906A2 /* ChattingViewController.swift in Sources */ = {isa = PBXBuildFile; fileRef = EAFD0DBD2B837242007906A2 /* ChattingViewController.swift */; };
		EAFD0DC02B837E20007906A2 /* ChannelChattingSceneDIContainer.swift in Sources */ = {isa = PBXBuildFile; fileRef = EAFD0DBF2B837E20007906A2 /* ChannelChattingSceneDIContainer.swift */; };
		EAFD0DC22B837EA2007906A2 /* ChannelChattingCoordinator.swift in Sources */ = {isa = PBXBuildFile; fileRef = EAFD0DC12B837EA2007906A2 /* ChannelChattingCoordinator.swift */; };
		EAFD0DC42B838646007906A2 /* CommonNavigationBar.swift in Sources */ = {isa = PBXBuildFile; fileRef = EAFD0DC32B838646007906A2 /* CommonNavigationBar.swift */; };
		EAFD0DC62B8389A2007906A2 /* BaseView.swift in Sources */ = {isa = PBXBuildFile; fileRef = EAFD0DC52B8389A2007906A2 /* BaseView.swift */; };
		EAFD0DC82B83CCA4007906A2 /* ChattingViewModel.swift in Sources */ = {isa = PBXBuildFile; fileRef = EAFD0DC72B83CCA4007906A2 /* ChattingViewModel.swift */; };
		EAFD0DCB2B853F86007906A2 /* OtherChattingBubbleTableViewCell.swift in Sources */ = {isa = PBXBuildFile; fileRef = EAFD0DCA2B853F86007906A2 /* OtherChattingBubbleTableViewCell.swift */; };
		EAFD0DCD2B854298007906A2 /* ChatBubbleLabel.swift in Sources */ = {isa = PBXBuildFile; fileRef = EAFD0DCC2B854298007906A2 /* ChatBubbleLabel.swift */; };
		EAFD0DCF2B854858007906A2 /* ChannelChatDTO.swift in Sources */ = {isa = PBXBuildFile; fileRef = EAFD0DCE2B854858007906A2 /* ChannelChatDTO.swift */; };
		EAFD0DD12B8549BA007906A2 /* ChannelChat.swift in Sources */ = {isa = PBXBuildFile; fileRef = EAFD0DD02B8549BA007906A2 /* ChannelChat.swift */; };
		EAFD0DD32B85F4D9007906A2 /* MyChattingBubbleTableViewCell.swift in Sources */ = {isa = PBXBuildFile; fileRef = EAFD0DD22B85F4D9007906A2 /* MyChattingBubbleTableViewCell.swift */; };
		EAFD0DD82B862D8D007906A2 /* Realm in Frameworks */ = {isa = PBXBuildFile; productRef = EAFD0DD72B862D8D007906A2 /* Realm */; };
		EAFD0DDA2B862D8D007906A2 /* RealmSwift in Frameworks */ = {isa = PBXBuildFile; productRef = EAFD0DD92B862D8D007906A2 /* RealmSwift */; };
		EAFD0DE42B863AE2007906A2 /* RealmManager.swift in Sources */ = {isa = PBXBuildFile; fileRef = EAFD0DE32B863AE2007906A2 /* RealmManager.swift */; };
		EAFD0DE62B863F3E007906A2 /* ChannelChatTB.swift in Sources */ = {isa = PBXBuildFile; fileRef = EAFD0DE52B863F3E007906A2 /* ChannelChatTB.swift */; };
		EAFD0DEA2B8655BE007906A2 /* ChannelTB.swift in Sources */ = {isa = PBXBuildFile; fileRef = EAFD0DE92B8655BE007906A2 /* ChannelTB.swift */; };
		EAFD0DEC2B865E64007906A2 /* UserTB.swift in Sources */ = {isa = PBXBuildFile; fileRef = EAFD0DEB2B865E64007906A2 /* UserTB.swift */; };
		EAFD0DEE2B866B1B007906A2 /* ChannelRepositoryImpl.swift in Sources */ = {isa = PBXBuildFile; fileRef = EAFD0DED2B866B1B007906A2 /* ChannelRepositoryImpl.swift */; };
		EAFD0DF02B866B67007906A2 /* ChannelRepository.swift in Sources */ = {isa = PBXBuildFile; fileRef = EAFD0DEF2B866B67007906A2 /* ChannelRepository.swift */; };
		EAFD0DF22B8670B3007906A2 /* ChannelAPI.swift in Sources */ = {isa = PBXBuildFile; fileRef = EAFD0DF12B8670B3007906A2 /* ChannelAPI.swift */; };
		EAFD0DF62B8A5B6A007906A2 /* UserRepositoryImpl.swift in Sources */ = {isa = PBXBuildFile; fileRef = EAFD0DF52B8A5B6A007906A2 /* UserRepositoryImpl.swift */; };
		EAFD0DF82B8A5B76007906A2 /* UserRepository.swift in Sources */ = {isa = PBXBuildFile; fileRef = EAFD0DF72B8A5B76007906A2 /* UserRepository.swift */; };
		EAFD0DFC2B8A6211007906A2 /* UserAPI.swift in Sources */ = {isa = PBXBuildFile; fileRef = EAFD0DFB2B8A6211007906A2 /* UserAPI.swift */; };
		EAFD0DFF2B8A62A0007906A2 /* ProfileDTO.swift in Sources */ = {isa = PBXBuildFile; fileRef = EAFD0DFE2B8A62A0007906A2 /* ProfileDTO.swift */; };
		EAFD0E022B8A70EF007906A2 /* Kingfisher in Frameworks */ = {isa = PBXBuildFile; productRef = EAFD0E012B8A70EF007906A2 /* Kingfisher */; };
		EAFD0E042B8A7109007906A2 /* UIImageView+.swift in Sources */ = {isa = PBXBuildFile; fileRef = EAFD0E032B8A7109007906A2 /* UIImageView+.swift */; };
		EAFD0E072B8B5869007906A2 /* SocketIO in Frameworks */ = {isa = PBXBuildFile; productRef = EAFD0E062B8B5869007906A2 /* SocketIO */; };
		EAFD0E0A2B8B5BF1007906A2 /* SocketIOManager.swift in Sources */ = {isa = PBXBuildFile; fileRef = EAFD0E092B8B5BF1007906A2 /* SocketIOManager.swift */; };
		EAFD0E102B8E6031007906A2 /* FcmDeviceTokenDTO.swift in Sources */ = {isa = PBXBuildFile; fileRef = EAFD0E0F2B8E6031007906A2 /* FcmDeviceTokenDTO.swift */; };
		EAFD0E142B8F1117007906A2 /* GoogleService-Info.plist in Resources */ = {isa = PBXBuildFile; fileRef = EAFD0E132B8F1117007906A2 /* GoogleService-Info.plist */; };
		EAFD0E172B8F12EF007906A2 /* FirebaseAnalyticsWithoutAdIdSupport in Frameworks */ = {isa = PBXBuildFile; productRef = EAFD0E162B8F12EF007906A2 /* FirebaseAnalyticsWithoutAdIdSupport */; };
		EAFD0E192B8F12EF007906A2 /* FirebaseCrashlytics in Frameworks */ = {isa = PBXBuildFile; productRef = EAFD0E182B8F12EF007906A2 /* FirebaseCrashlytics */; };
		EAFD0E1B2B8F12EF007906A2 /* FirebaseMessaging in Frameworks */ = {isa = PBXBuildFile; productRef = EAFD0E1A2B8F12EF007906A2 /* FirebaseMessaging */; };
		EAFD0E1D2B8F25CA007906A2 /* UserDefaultsManager.swift in Sources */ = {isa = PBXBuildFile; fileRef = EAFD0E1C2B8F25CA007906A2 /* UserDefaultsManager.swift */; };
		EAFD0E1F2B8F2BFF007906A2 /* Login.swift in Sources */ = {isa = PBXBuildFile; fileRef = EAFD0E1E2B8F2BFF007906A2 /* Login.swift */; };
		EAFD0E252B8F77C7007906A2 /* DmsAPI.swift in Sources */ = {isa = PBXBuildFile; fileRef = EAFD0E242B8F77C7007906A2 /* DmsAPI.swift */; };
		EAFD0E292B8F7EDF007906A2 /* DmsRepository.swift in Sources */ = {isa = PBXBuildFile; fileRef = EAFD0E282B8F7EDF007906A2 /* DmsRepository.swift */; };
		EAFD0E2B2B8F7EFB007906A2 /* DmsRepositoryImpl.swift in Sources */ = {isa = PBXBuildFile; fileRef = EAFD0E2A2B8F7EFB007906A2 /* DmsRepositoryImpl.swift */; };
		EAFD0E2E2B8F8144007906A2 /* DMsRoomDTO.swift in Sources */ = {isa = PBXBuildFile; fileRef = EAFD0E2D2B8F8144007906A2 /* DMsRoomDTO.swift */; };
		EAFD0E302B8F81B3007906A2 /* DMsRoom.swift in Sources */ = {isa = PBXBuildFile; fileRef = EAFD0E2F2B8F81B3007906A2 /* DMsRoom.swift */; };
		EAFD0E322B8FAB65007906A2 /* DMsRoomTB.swift in Sources */ = {isa = PBXBuildFile; fileRef = EAFD0E312B8FAB65007906A2 /* DMsRoomTB.swift */; };
		EAFD0E342B8FAC7D007906A2 /* DMChatTB.swift in Sources */ = {isa = PBXBuildFile; fileRef = EAFD0E332B8FAC7D007906A2 /* DMChatTB.swift */; };
		EAFD0E362B8FBBDB007906A2 /* DMsChatUnreadsDTO.swift in Sources */ = {isa = PBXBuildFile; fileRef = EAFD0E352B8FBBDB007906A2 /* DMsChatUnreadsDTO.swift */; };
		EAFD0E382B8FBC68007906A2 /* DMsChatUnreads.swift in Sources */ = {isa = PBXBuildFile; fileRef = EAFD0E372B8FBC68007906A2 /* DMsChatUnreads.swift */; };
		EAFD0E3A2B903ADE007906A2 /* ChannelChatUnreadsDTO.swift in Sources */ = {isa = PBXBuildFile; fileRef = EAFD0E392B903ADE007906A2 /* ChannelChatUnreadsDTO.swift */; };
		EAFD0E3C2B903B69007906A2 /* ChannelChatUnreads.swift in Sources */ = {isa = PBXBuildFile; fileRef = EAFD0E3B2B903B69007906A2 /* ChannelChatUnreads.swift */; };
/* End PBXBuildFile section */

/* Begin PBXFileReference section */
		EA922D5D2B582DF400D5A0A3 /* NetworkService.swift */ = {isa = PBXFileReference; lastKnownFileType = sourcecode.swift; path = NetworkService.swift; sourceTree = "<group>"; };
		EA922D5F2B5832C400D5A0A3 /* SignRepositoryImpl.swift */ = {isa = PBXFileReference; lastKnownFileType = sourcecode.swift; path = SignRepositoryImpl.swift; sourceTree = "<group>"; };
		EA922D622B583A8200D5A0A3 /* SignRepository.swift */ = {isa = PBXFileReference; lastKnownFileType = sourcecode.swift; path = SignRepository.swift; sourceTree = "<group>"; };
		EA922D652B584D4600D5A0A3 /* SignSceneDIContainer.swift */ = {isa = PBXFileReference; lastKnownFileType = sourcecode.swift; path = SignSceneDIContainer.swift; sourceTree = "<group>"; };
		EA922D672B585B3200D5A0A3 /* AppCoordinator.swift */ = {isa = PBXFileReference; lastKnownFileType = sourcecode.swift; path = AppCoordinator.swift; sourceTree = "<group>"; };
		EA922D6A2B5864FE00D5A0A3 /* AppDIContainer.swift */ = {isa = PBXFileReference; lastKnownFileType = sourcecode.swift; path = AppDIContainer.swift; sourceTree = "<group>"; };
		EA922D762B59BFE300D5A0A3 /* AppleLoginRepository.swift */ = {isa = PBXFileReference; lastKnownFileType = sourcecode.swift; path = AppleLoginRepository.swift; sourceTree = "<group>"; };
		EA922D782B59C2A500D5A0A3 /* KakaoLoginRepository.swift */ = {isa = PBXFileReference; lastKnownFileType = sourcecode.swift; path = KakaoLoginRepository.swift; sourceTree = "<group>"; };
		EA922D7A2B59C93300D5A0A3 /* SsacsuError.swift */ = {isa = PBXFileReference; lastKnownFileType = sourcecode.swift; path = SsacsuError.swift; sourceTree = "<group>"; };
		EA922D7C2B5E605A00D5A0A3 /* Token.swift */ = {isa = PBXFileReference; lastKnownFileType = sourcecode.swift; path = Token.swift; sourceTree = "<group>"; };
		EA922D7F2B5EAC0800D5A0A3 /* WorkspaceHomeViewController.swift */ = {isa = PBXFileReference; lastKnownFileType = sourcecode.swift; path = WorkspaceHomeViewController.swift; sourceTree = "<group>"; };
		EA922D812B5EAE1200D5A0A3 /* WorkspaceSceneDIContainer.swift */ = {isa = PBXFileReference; lastKnownFileType = sourcecode.swift; path = WorkspaceSceneDIContainer.swift; sourceTree = "<group>"; };
		EA922D872B5EB25100D5A0A3 /* WorkspaceInitialViewModel.swift */ = {isa = PBXFileReference; lastKnownFileType = sourcecode.swift; path = WorkspaceInitialViewModel.swift; sourceTree = "<group>"; };
		EA922D8A2B5EBA2C00D5A0A3 /* SplashCoordinator.swift */ = {isa = PBXFileReference; lastKnownFileType = sourcecode.swift; path = SplashCoordinator.swift; sourceTree = "<group>"; };
		EA922D8D2B5EBAB400D5A0A3 /* SplashViewController.swift */ = {isa = PBXFileReference; lastKnownFileType = sourcecode.swift; path = SplashViewController.swift; sourceTree = "<group>"; };
		EA922D8F2B5EC0B100D5A0A3 /* SplashViewModel.swift */ = {isa = PBXFileReference; lastKnownFileType = sourcecode.swift; path = SplashViewModel.swift; sourceTree = "<group>"; };
		EA922D912B5ECC2700D5A0A3 /* WorkspaceRepository.swift */ = {isa = PBXFileReference; lastKnownFileType = sourcecode.swift; path = WorkspaceRepository.swift; sourceTree = "<group>"; };
		EA922D962B5ED3B700D5A0A3 /* WorkspaceHomeViewModel.swift */ = {isa = PBXFileReference; lastKnownFileType = sourcecode.swift; path = WorkspaceHomeViewModel.swift; sourceTree = "<group>"; };
		EA922D982B5EE2F600D5A0A3 /* WorkspaceEmptyView.swift */ = {isa = PBXFileReference; lastKnownFileType = sourcecode.swift; path = WorkspaceEmptyView.swift; sourceTree = "<group>"; };
		EA922D9A2B5F00E900D5A0A3 /* WorkspaceRepositoryImpl.swift */ = {isa = PBXFileReference; lastKnownFileType = sourcecode.swift; path = WorkspaceRepositoryImpl.swift; sourceTree = "<group>"; };
		EA922D9C2B5F014200D5A0A3 /* WorkspaceAPI.swift */ = {isa = PBXFileReference; lastKnownFileType = sourcecode.swift; path = WorkspaceAPI.swift; sourceTree = "<group>"; };
		EA922DA02B5FFF2B00D5A0A3 /* WorkspaceListDTO.swift */ = {isa = PBXFileReference; lastKnownFileType = sourcecode.swift; path = WorkspaceListDTO.swift; sourceTree = "<group>"; };
		EA922DA22B60010400D5A0A3 /* BaseAPI.swift */ = {isa = PBXFileReference; lastKnownFileType = sourcecode.swift; path = BaseAPI.swift; sourceTree = "<group>"; };
		EA922DA62B60351100D5A0A3 /* ResponseDecoder.swift */ = {isa = PBXFileReference; lastKnownFileType = sourcecode.swift; path = ResponseDecoder.swift; sourceTree = "<group>"; };
		EA922DA82B60433400D5A0A3 /* AccessTokenRefreshInterceptor.swift */ = {isa = PBXFileReference; lastKnownFileType = sourcecode.swift; path = AccessTokenRefreshInterceptor.swift; sourceTree = "<group>"; };
		EA922DAA2B604C7100D5A0A3 /* AuthManager.swift */ = {isa = PBXFileReference; lastKnownFileType = sourcecode.swift; path = AuthManager.swift; sourceTree = "<group>"; };
		EA922DAC2B60511600D5A0A3 /* TokenRefreshDTO.swift */ = {isa = PBXFileReference; lastKnownFileType = sourcecode.swift; path = TokenRefreshDTO.swift; sourceTree = "<group>"; };
		EA922DB22B63D59900D5A0A3 /* Workspace.swift */ = {isa = PBXFileReference; lastKnownFileType = sourcecode.swift; path = Workspace.swift; sourceTree = "<group>"; };
		EA922DB42B63F0E600D5A0A3 /* DateFormatter+.swift */ = {isa = PBXFileReference; lastKnownFileType = sourcecode.swift; path = "DateFormatter+.swift"; sourceTree = "<group>"; };
		EA922DB62B6431F300D5A0A3 /* WorkspaceDTO.swift */ = {isa = PBXFileReference; lastKnownFileType = sourcecode.swift; path = WorkspaceDTO.swift; sourceTree = "<group>"; };
		EA922DB82B644F1C00D5A0A3 /* WorkspaceChannelCollectionViewCell.swift */ = {isa = PBXFileReference; lastKnownFileType = sourcecode.swift; path = WorkspaceChannelCollectionViewCell.swift; sourceTree = "<group>"; };
		EA922DBF2B65127700D5A0A3 /* WorkspaceHeaderReusableView.swift */ = {isa = PBXFileReference; lastKnownFileType = sourcecode.swift; path = WorkspaceHeaderReusableView.swift; sourceTree = "<group>"; };
		EA922DC12B656CB800D5A0A3 /* ChannelDTO.swift */ = {isa = PBXFileReference; lastKnownFileType = sourcecode.swift; path = ChannelDTO.swift; sourceTree = "<group>"; };
		EA922DC32B656CD100D5A0A3 /* UserDTO.swift */ = {isa = PBXFileReference; lastKnownFileType = sourcecode.swift; path = UserDTO.swift; sourceTree = "<group>"; };
		EA922DC52B656E0400D5A0A3 /* Channel.swift */ = {isa = PBXFileReference; lastKnownFileType = sourcecode.swift; path = Channel.swift; sourceTree = "<group>"; };
		EA922DC72B656E0F00D5A0A3 /* User.swift */ = {isa = PBXFileReference; lastKnownFileType = sourcecode.swift; path = User.swift; sourceTree = "<group>"; };
		EA922DCA2B658C6600D5A0A3 /* Dms.swift */ = {isa = PBXFileReference; lastKnownFileType = sourcecode.swift; path = Dms.swift; sourceTree = "<group>"; };
		EA922DCC2B659F0400D5A0A3 /* WorkspaceDmsCollectionViewCell.swift */ = {isa = PBXFileReference; lastKnownFileType = sourcecode.swift; path = WorkspaceDmsCollectionViewCell.swift; sourceTree = "<group>"; };
		EA922DCE2B668BDE00D5A0A3 /* UnreadLabel.swift */ = {isa = PBXFileReference; lastKnownFileType = sourcecode.swift; path = UnreadLabel.swift; sourceTree = "<group>"; };
		EA922DD02B66950700D5A0A3 /* WorkspaceAddCollectionViewCell.swift */ = {isa = PBXFileReference; lastKnownFileType = sourcecode.swift; path = WorkspaceAddCollectionViewCell.swift; sourceTree = "<group>"; };
		EA922DD22B66B0B400D5A0A3 /* WorkspaceFooterReusableView.swift */ = {isa = PBXFileReference; lastKnownFileType = sourcecode.swift; path = WorkspaceFooterReusableView.swift; sourceTree = "<group>"; };
		EA922DD42B680ABC00D5A0A3 /* SignCoordinator.swift */ = {isa = PBXFileReference; lastKnownFileType = sourcecode.swift; path = SignCoordinator.swift; sourceTree = "<group>"; };
		EA922DD62B6813AD00D5A0A3 /* TabCoordinator.swift */ = {isa = PBXFileReference; lastKnownFileType = sourcecode.swift; path = TabCoordinator.swift; sourceTree = "<group>"; };
		EA922DD82B682FAC00D5A0A3 /* TabBarDIContainer.swift */ = {isa = PBXFileReference; lastKnownFileType = sourcecode.swift; path = TabBarDIContainer.swift; sourceTree = "<group>"; };
		EA922DDA2B683F8500D5A0A3 /* WorkspaceCoordinator.swift */ = {isa = PBXFileReference; lastKnownFileType = sourcecode.swift; path = WorkspaceCoordinator.swift; sourceTree = "<group>"; };
		EA922DDC2B68454500D5A0A3 /* Coordinator.swift */ = {isa = PBXFileReference; lastKnownFileType = sourcecode.swift; path = Coordinator.swift; sourceTree = "<group>"; };
		EA922DDF2B69791200D5A0A3 /* WorkspaceListViewController.swift */ = {isa = PBXFileReference; lastKnownFileType = sourcecode.swift; path = WorkspaceListViewController.swift; sourceTree = "<group>"; };
		EA922DE22B699A3800D5A0A3 /* WorkspaceListTableViewCell.swift */ = {isa = PBXFileReference; lastKnownFileType = sourcecode.swift; path = WorkspaceListTableViewCell.swift; sourceTree = "<group>"; };
		EA922DE42B699EE400D5A0A3 /* WorkspaceListViewModel.swift */ = {isa = PBXFileReference; lastKnownFileType = sourcecode.swift; path = WorkspaceListViewModel.swift; sourceTree = "<group>"; };
		EAB4014D2B4DC5D900C1A14A /* ViewModelType.swift */ = {isa = PBXFileReference; lastKnownFileType = sourcecode.swift; path = ViewModelType.swift; sourceTree = "<group>"; };
		EAB4014F2B4DC77500C1A14A /* SignUpViewModel.swift */ = {isa = PBXFileReference; lastKnownFileType = sourcecode.swift; path = SignUpViewModel.swift; sourceTree = "<group>"; };
		EAB401522B4DEA1200C1A14A /* SignAPI.swift */ = {isa = PBXFileReference; lastKnownFileType = sourcecode.swift; path = SignAPI.swift; sourceTree = "<group>"; };
		EAB401552B4DEC1300C1A14A /* EmailValidationDTO.swift */ = {isa = PBXFileReference; lastKnownFileType = sourcecode.swift; path = EmailValidationDTO.swift; sourceTree = "<group>"; };
		EAB4015D2B4EF75100C1A14A /* JoinDTO.swift */ = {isa = PBXFileReference; lastKnownFileType = sourcecode.swift; path = JoinDTO.swift; sourceTree = "<group>"; };
		EAB401612B4EF7F900C1A14A /* Join.swift */ = {isa = PBXFileReference; lastKnownFileType = sourcecode.swift; path = Join.swift; sourceTree = "<group>"; };
		EAB401632B4F01C300C1A14A /* CommonErrorResponseDTO.swift */ = {isa = PBXFileReference; lastKnownFileType = sourcecode.swift; path = CommonErrorResponseDTO.swift; sourceTree = "<group>"; };
		EAB401652B50590E00C1A14A /* String+.swift */ = {isa = PBXFileReference; lastKnownFileType = sourcecode.swift; path = "String+.swift"; sourceTree = "<group>"; };
		EAB401682B51BC6300C1A14A /* WorkspaceInitialViewController.swift */ = {isa = PBXFileReference; lastKnownFileType = sourcecode.swift; path = WorkspaceInitialViewController.swift; sourceTree = "<group>"; };
		EAB4016A2B51D2E400C1A14A /* SSLabel.swift */ = {isa = PBXFileReference; lastKnownFileType = sourcecode.swift; path = SSLabel.swift; sourceTree = "<group>"; };
		EAB4016C2B52CE1500C1A14A /* EmailSignInViewController.swift */ = {isa = PBXFileReference; lastKnownFileType = sourcecode.swift; path = EmailSignInViewController.swift; sourceTree = "<group>"; };
		EAB401732B52FD8900C1A14A /* EmailSignInViewModel.swift */ = {isa = PBXFileReference; lastKnownFileType = sourcecode.swift; path = EmailSignInViewModel.swift; sourceTree = "<group>"; };
		EAB401762B5304AD00C1A14A /* Validation.swift */ = {isa = PBXFileReference; lastKnownFileType = sourcecode.swift; path = Validation.swift; sourceTree = "<group>"; };
		EAB401782B53237000C1A14A /* LoginDTO.swift */ = {isa = PBXFileReference; lastKnownFileType = sourcecode.swift; path = LoginDTO.swift; sourceTree = "<group>"; };
		EAB4017A2B5323DA00C1A14A /* TokenDTO.swift */ = {isa = PBXFileReference; lastKnownFileType = sourcecode.swift; path = TokenDTO.swift; sourceTree = "<group>"; };
		EAB4017E2B532BCA00C1A14A /* EmailLogin.swift */ = {isa = PBXFileReference; lastKnownFileType = sourcecode.swift; path = EmailLogin.swift; sourceTree = "<group>"; };
		EAE493FC2B459B81007461C0 /* SsacSu.app */ = {isa = PBXFileReference; explicitFileType = wrapper.application; includeInIndex = 0; path = SsacSu.app; sourceTree = BUILT_PRODUCTS_DIR; };
		EAE493FF2B459B81007461C0 /* AppDelegate.swift */ = {isa = PBXFileReference; lastKnownFileType = sourcecode.swift; path = AppDelegate.swift; sourceTree = "<group>"; };
		EAE494012B459B81007461C0 /* SceneDelegate.swift */ = {isa = PBXFileReference; lastKnownFileType = sourcecode.swift; path = SceneDelegate.swift; sourceTree = "<group>"; };
		EAE494082B459B82007461C0 /* Assets.xcassets */ = {isa = PBXFileReference; lastKnownFileType = folder.assetcatalog; path = Assets.xcassets; sourceTree = "<group>"; };
		EAE4940B2B459B82007461C0 /* Base */ = {isa = PBXFileReference; lastKnownFileType = file.storyboard; name = Base; path = Base.lproj/LaunchScreen.storyboard; sourceTree = "<group>"; };
		EAE4940D2B459B82007461C0 /* Info.plist */ = {isa = PBXFileReference; lastKnownFileType = text.plist.xml; path = Info.plist; sourceTree = "<group>"; };
		EAE494182B45DC69007461C0 /* Colors.xcassets */ = {isa = PBXFileReference; lastKnownFileType = folder.assetcatalog; path = Colors.xcassets; sourceTree = "<group>"; };
		EAE4941A2B45E32C007461C0 /* Images.xcassets */ = {isa = PBXFileReference; lastKnownFileType = folder.assetcatalog; path = Images.xcassets; sourceTree = "<group>"; };
		EAE494302B4733F1007461C0 /* Secrets.xcconfig */ = {isa = PBXFileReference; lastKnownFileType = text.xcconfig; path = Secrets.xcconfig; sourceTree = "<group>"; };
		EAE494312B473634007461C0 /* Configurations.swift */ = {isa = PBXFileReference; lastKnownFileType = sourcecode.swift; path = Configurations.swift; sourceTree = "<group>"; };
		EAE494342B4749B3007461C0 /* SSFont.swift */ = {isa = PBXFileReference; lastKnownFileType = sourcecode.swift; path = SSFont.swift; sourceTree = "<group>"; };
		EAE494362B474E1B007461C0 /* SF-Pro.ttf */ = {isa = PBXFileReference; lastKnownFileType = file; path = "SF-Pro.ttf"; sourceTree = "<group>"; };
		EAE4943A2B49D83C007461C0 /* UILabel+.swift */ = {isa = PBXFileReference; lastKnownFileType = sourcecode.swift; path = "UILabel+.swift"; sourceTree = "<group>"; };
		EAE494542B4AAD9B007461C0 /* OnboardingViewController.swift */ = {isa = PBXFileReference; lastKnownFileType = sourcecode.swift; path = OnboardingViewController.swift; sourceTree = "<group>"; };
		EAE494572B4AB503007461C0 /* SSButton.swift */ = {isa = PBXFileReference; lastKnownFileType = sourcecode.swift; path = SSButton.swift; sourceTree = "<group>"; };
		EAE4945A2B4B1EFE007461C0 /* BaseViewController.swift */ = {isa = PBXFileReference; lastKnownFileType = sourcecode.swift; path = BaseViewController.swift; sourceTree = "<group>"; };
		EAE4945C2B4B1FA6007461C0 /* BaseTableViewCell.swift */ = {isa = PBXFileReference; lastKnownFileType = sourcecode.swift; path = BaseTableViewCell.swift; sourceTree = "<group>"; };
		EAE4945E2B4B2058007461C0 /* BaseCollectionViewCell.swift */ = {isa = PBXFileReference; lastKnownFileType = sourcecode.swift; path = BaseCollectionViewCell.swift; sourceTree = "<group>"; };
		EAE494642B4B91FB007461C0 /* SelectSignInMethodViewController.swift */ = {isa = PBXFileReference; lastKnownFileType = sourcecode.swift; path = SelectSignInMethodViewController.swift; sourceTree = "<group>"; };
		EAE494662B4C618C007461C0 /* Divider.swift */ = {isa = PBXFileReference; lastKnownFileType = sourcecode.swift; path = Divider.swift; sourceTree = "<group>"; };
		EAE494692B4C717C007461C0 /* SignUpViewController.swift */ = {isa = PBXFileReference; lastKnownFileType = sourcecode.swift; path = SignUpViewController.swift; sourceTree = "<group>"; };
		EAE4946C2B4C7EDD007461C0 /* SSTextField.swift */ = {isa = PBXFileReference; lastKnownFileType = sourcecode.swift; path = SSTextField.swift; sourceTree = "<group>"; };
		EAFCB62E2B546727004DA2CD /* SelectSignInMethodViewModel.swift */ = {isa = PBXFileReference; lastKnownFileType = sourcecode.swift; path = SelectSignInMethodViewModel.swift; sourceTree = "<group>"; };
		EAFCB6342B54751B004DA2CD /* AppleLoginRepositoryImpl.swift */ = {isa = PBXFileReference; lastKnownFileType = sourcecode.swift; path = AppleLoginRepositoryImpl.swift; sourceTree = "<group>"; };
		EAFCB6372B547D86004DA2CD /* SsacSu.entitlements */ = {isa = PBXFileReference; lastKnownFileType = text.plist.entitlements; path = SsacSu.entitlements; sourceTree = "<group>"; };
		EAFCB6382B5488FD004DA2CD /* AppleLoginDTO.swift */ = {isa = PBXFileReference; lastKnownFileType = sourcecode.swift; path = AppleLoginDTO.swift; sourceTree = "<group>"; };
		EAFCB63A2B548D7F004DA2CD /* AppleLogin.swift */ = {isa = PBXFileReference; lastKnownFileType = sourcecode.swift; path = AppleLogin.swift; sourceTree = "<group>"; };
		EAFCB6452B5557C4004DA2CD /* KakaoLoginRepositoryImpl.swift */ = {isa = PBXFileReference; lastKnownFileType = sourcecode.swift; path = KakaoLoginRepositoryImpl.swift; sourceTree = "<group>"; };
		EAFCB6472B5569A7004DA2CD /* KakaoLoginDTO.swift */ = {isa = PBXFileReference; lastKnownFileType = sourcecode.swift; path = KakaoLoginDTO.swift; sourceTree = "<group>"; };
		EAFCB6492B556A9C004DA2CD /* KakaoLogin.swift */ = {isa = PBXFileReference; lastKnownFileType = sourcecode.swift; path = KakaoLogin.swift; sourceTree = "<group>"; };
		EAFD0DBD2B837242007906A2 /* ChattingViewController.swift */ = {isa = PBXFileReference; lastKnownFileType = sourcecode.swift; path = ChattingViewController.swift; sourceTree = "<group>"; };
		EAFD0DBF2B837E20007906A2 /* ChannelChattingSceneDIContainer.swift */ = {isa = PBXFileReference; lastKnownFileType = sourcecode.swift; path = ChannelChattingSceneDIContainer.swift; sourceTree = "<group>"; };
		EAFD0DC12B837EA2007906A2 /* ChannelChattingCoordinator.swift */ = {isa = PBXFileReference; lastKnownFileType = sourcecode.swift; path = ChannelChattingCoordinator.swift; sourceTree = "<group>"; };
		EAFD0DC32B838646007906A2 /* CommonNavigationBar.swift */ = {isa = PBXFileReference; lastKnownFileType = sourcecode.swift; path = CommonNavigationBar.swift; sourceTree = "<group>"; };
		EAFD0DC52B8389A2007906A2 /* BaseView.swift */ = {isa = PBXFileReference; lastKnownFileType = sourcecode.swift; path = BaseView.swift; sourceTree = "<group>"; };
		EAFD0DC72B83CCA4007906A2 /* ChattingViewModel.swift */ = {isa = PBXFileReference; lastKnownFileType = sourcecode.swift; path = ChattingViewModel.swift; sourceTree = "<group>"; };
		EAFD0DCA2B853F86007906A2 /* OtherChattingBubbleTableViewCell.swift */ = {isa = PBXFileReference; lastKnownFileType = sourcecode.swift; path = OtherChattingBubbleTableViewCell.swift; sourceTree = "<group>"; };
		EAFD0DCC2B854298007906A2 /* ChatBubbleLabel.swift */ = {isa = PBXFileReference; lastKnownFileType = sourcecode.swift; path = ChatBubbleLabel.swift; sourceTree = "<group>"; };
		EAFD0DCE2B854858007906A2 /* ChannelChatDTO.swift */ = {isa = PBXFileReference; lastKnownFileType = sourcecode.swift; path = ChannelChatDTO.swift; sourceTree = "<group>"; };
		EAFD0DD02B8549BA007906A2 /* ChannelChat.swift */ = {isa = PBXFileReference; lastKnownFileType = sourcecode.swift; path = ChannelChat.swift; sourceTree = "<group>"; };
		EAFD0DD22B85F4D9007906A2 /* MyChattingBubbleTableViewCell.swift */ = {isa = PBXFileReference; lastKnownFileType = sourcecode.swift; path = MyChattingBubbleTableViewCell.swift; sourceTree = "<group>"; };
		EAFD0DE32B863AE2007906A2 /* RealmManager.swift */ = {isa = PBXFileReference; lastKnownFileType = sourcecode.swift; path = RealmManager.swift; sourceTree = "<group>"; };
		EAFD0DE52B863F3E007906A2 /* ChannelChatTB.swift */ = {isa = PBXFileReference; lastKnownFileType = sourcecode.swift; path = ChannelChatTB.swift; sourceTree = "<group>"; };
		EAFD0DE92B8655BE007906A2 /* ChannelTB.swift */ = {isa = PBXFileReference; lastKnownFileType = sourcecode.swift; path = ChannelTB.swift; sourceTree = "<group>"; };
		EAFD0DEB2B865E64007906A2 /* UserTB.swift */ = {isa = PBXFileReference; lastKnownFileType = sourcecode.swift; path = UserTB.swift; sourceTree = "<group>"; };
		EAFD0DED2B866B1B007906A2 /* ChannelRepositoryImpl.swift */ = {isa = PBXFileReference; lastKnownFileType = sourcecode.swift; path = ChannelRepositoryImpl.swift; sourceTree = "<group>"; };
		EAFD0DEF2B866B67007906A2 /* ChannelRepository.swift */ = {isa = PBXFileReference; lastKnownFileType = sourcecode.swift; path = ChannelRepository.swift; sourceTree = "<group>"; };
		EAFD0DF12B8670B3007906A2 /* ChannelAPI.swift */ = {isa = PBXFileReference; lastKnownFileType = sourcecode.swift; path = ChannelAPI.swift; sourceTree = "<group>"; };
		EAFD0DF52B8A5B6A007906A2 /* UserRepositoryImpl.swift */ = {isa = PBXFileReference; lastKnownFileType = sourcecode.swift; path = UserRepositoryImpl.swift; sourceTree = "<group>"; };
		EAFD0DF72B8A5B76007906A2 /* UserRepository.swift */ = {isa = PBXFileReference; lastKnownFileType = sourcecode.swift; path = UserRepository.swift; sourceTree = "<group>"; };
		EAFD0DFB2B8A6211007906A2 /* UserAPI.swift */ = {isa = PBXFileReference; lastKnownFileType = sourcecode.swift; path = UserAPI.swift; sourceTree = "<group>"; };
		EAFD0DFE2B8A62A0007906A2 /* ProfileDTO.swift */ = {isa = PBXFileReference; lastKnownFileType = sourcecode.swift; path = ProfileDTO.swift; sourceTree = "<group>"; };
		EAFD0E032B8A7109007906A2 /* UIImageView+.swift */ = {isa = PBXFileReference; lastKnownFileType = sourcecode.swift; path = "UIImageView+.swift"; sourceTree = "<group>"; };
		EAFD0E092B8B5BF1007906A2 /* SocketIOManager.swift */ = {isa = PBXFileReference; lastKnownFileType = sourcecode.swift; path = SocketIOManager.swift; sourceTree = "<group>"; };
		EAFD0E0F2B8E6031007906A2 /* FcmDeviceTokenDTO.swift */ = {isa = PBXFileReference; lastKnownFileType = sourcecode.swift; path = FcmDeviceTokenDTO.swift; sourceTree = "<group>"; };
		EAFD0E132B8F1117007906A2 /* GoogleService-Info.plist */ = {isa = PBXFileReference; fileEncoding = 4; lastKnownFileType = text.plist.xml; path = "GoogleService-Info.plist"; sourceTree = "<group>"; };
		EAFD0E1C2B8F25CA007906A2 /* UserDefaultsManager.swift */ = {isa = PBXFileReference; lastKnownFileType = sourcecode.swift; path = UserDefaultsManager.swift; sourceTree = "<group>"; };
		EAFD0E1E2B8F2BFF007906A2 /* Login.swift */ = {isa = PBXFileReference; lastKnownFileType = sourcecode.swift; path = Login.swift; sourceTree = "<group>"; };
		EAFD0E242B8F77C7007906A2 /* DmsAPI.swift */ = {isa = PBXFileReference; lastKnownFileType = sourcecode.swift; path = DmsAPI.swift; sourceTree = "<group>"; };
		EAFD0E282B8F7EDF007906A2 /* DmsRepository.swift */ = {isa = PBXFileReference; lastKnownFileType = sourcecode.swift; path = DmsRepository.swift; sourceTree = "<group>"; };
		EAFD0E2A2B8F7EFB007906A2 /* DmsRepositoryImpl.swift */ = {isa = PBXFileReference; lastKnownFileType = sourcecode.swift; path = DmsRepositoryImpl.swift; sourceTree = "<group>"; };
		EAFD0E2D2B8F8144007906A2 /* DMsRoomDTO.swift */ = {isa = PBXFileReference; lastKnownFileType = sourcecode.swift; path = DMsRoomDTO.swift; sourceTree = "<group>"; };
		EAFD0E2F2B8F81B3007906A2 /* DMsRoom.swift */ = {isa = PBXFileReference; lastKnownFileType = sourcecode.swift; path = DMsRoom.swift; sourceTree = "<group>"; };
		EAFD0E312B8FAB65007906A2 /* DMsRoomTB.swift */ = {isa = PBXFileReference; lastKnownFileType = sourcecode.swift; path = DMsRoomTB.swift; sourceTree = "<group>"; };
		EAFD0E332B8FAC7D007906A2 /* DMChatTB.swift */ = {isa = PBXFileReference; lastKnownFileType = sourcecode.swift; path = DMChatTB.swift; sourceTree = "<group>"; };
		EAFD0E352B8FBBDB007906A2 /* DMsChatUnreadsDTO.swift */ = {isa = PBXFileReference; lastKnownFileType = sourcecode.swift; path = DMsChatUnreadsDTO.swift; sourceTree = "<group>"; };
		EAFD0E372B8FBC68007906A2 /* DMsChatUnreads.swift */ = {isa = PBXFileReference; lastKnownFileType = sourcecode.swift; path = DMsChatUnreads.swift; sourceTree = "<group>"; };
		EAFD0E392B903ADE007906A2 /* ChannelChatUnreadsDTO.swift */ = {isa = PBXFileReference; lastKnownFileType = sourcecode.swift; path = ChannelChatUnreadsDTO.swift; sourceTree = "<group>"; };
		EAFD0E3B2B903B69007906A2 /* ChannelChatUnreads.swift */ = {isa = PBXFileReference; lastKnownFileType = sourcecode.swift; path = ChannelChatUnreads.swift; sourceTree = "<group>"; };
/* End PBXFileReference section */

/* Begin PBXFrameworksBuildPhase section */
		EAE493F92B459B81007461C0 /* Frameworks */ = {
			isa = PBXFrameworksBuildPhase;
			buildActionMask = 2147483647;
			files = (
				EAFD0E1B2B8F12EF007906A2 /* FirebaseMessaging in Frameworks */,
				EAFD0E022B8A70EF007906A2 /* Kingfisher in Frameworks */,
				EAE494442B49DC42007461C0 /* RxCocoa in Frameworks */,
				EAE494412B49DB91007461C0 /* Moya in Frameworks */,
				EAFD0E072B8B5869007906A2 /* SocketIO in Frameworks */,
				EAE494462B49DC42007461C0 /* RxSwift in Frameworks */,
				EAE4943E2B49D9A9007461C0 /* SnapKit in Frameworks */,
				EAFD0DD82B862D8D007906A2 /* Realm in Frameworks */,
				EA922DBC2B64572C00D5A0A3 /* Differentiator in Frameworks */,
				EAFCB6442B551F8D004DA2CD /* KakaoSDKUser in Frameworks */,
				EA922DBE2B64572C00D5A0A3 /* RxDataSources in Frameworks */,
				EAFD0DDA2B862D8D007906A2 /* RealmSwift in Frameworks */,
				EAFD0E172B8F12EF007906A2 /* FirebaseAnalyticsWithoutAdIdSupport in Frameworks */,
				EAFD0E192B8F12EF007906A2 /* FirebaseCrashlytics in Frameworks */,
				EAFCB6402B551F8D004DA2CD /* KakaoSDKCommon in Frameworks */,
				EAFCB63E2B551F8D004DA2CD /* KakaoSDKAuth in Frameworks */,
			);
			runOnlyForDeploymentPostprocessing = 0;
		};
/* End PBXFrameworksBuildPhase section */

/* Begin PBXGroup section */
		EA922D612B583A5600D5A0A3 /* Interfaces */ = {
			isa = PBXGroup;
			children = (
				EA922D762B59BFE300D5A0A3 /* AppleLoginRepository.swift */,
				EA922D782B59C2A500D5A0A3 /* KakaoLoginRepository.swift */,
				EA922D622B583A8200D5A0A3 /* SignRepository.swift */,
				EAFD0DF72B8A5B76007906A2 /* UserRepository.swift */,
				EA922D912B5ECC2700D5A0A3 /* WorkspaceRepository.swift */,
				EAFD0DEF2B866B67007906A2 /* ChannelRepository.swift */,
				EAFD0E282B8F7EDF007906A2 /* DmsRepository.swift */,
			);
			path = Interfaces;
			sourceTree = "<group>";
		};
		EA922D642B584D2700D5A0A3 /* DIContainer */ = {
			isa = PBXGroup;
			children = (
				EA922D6A2B5864FE00D5A0A3 /* AppDIContainer.swift */,
				EA922D652B584D4600D5A0A3 /* SignSceneDIContainer.swift */,
				EA922DD82B682FAC00D5A0A3 /* TabBarDIContainer.swift */,
				EA922D812B5EAE1200D5A0A3 /* WorkspaceSceneDIContainer.swift */,
				EAFD0DBF2B837E20007906A2 /* ChannelChattingSceneDIContainer.swift */,
			);
			path = DIContainer;
			sourceTree = "<group>";
		};
		EA922D692B58617D00D5A0A3 /* Flows */ = {
			isa = PBXGroup;
			children = (
				EA922D8A2B5EBA2C00D5A0A3 /* SplashCoordinator.swift */,
				EA922DD42B680ABC00D5A0A3 /* SignCoordinator.swift */,
				EA922DD62B6813AD00D5A0A3 /* TabCoordinator.swift */,
				EA922DDA2B683F8500D5A0A3 /* WorkspaceCoordinator.swift */,
				EAFD0DC12B837EA2007906A2 /* ChannelChattingCoordinator.swift */,
			);
			path = Flows;
			sourceTree = "<group>";
		};
		EA922D892B5EB25400D5A0A3 /* Initial */ = {
			isa = PBXGroup;
			children = (
				EAB401682B51BC6300C1A14A /* WorkspaceInitialViewController.swift */,
				EA922D872B5EB25100D5A0A3 /* WorkspaceInitialViewModel.swift */,
			);
			path = Initial;
			sourceTree = "<group>";
		};
		EA922D8C2B5EBAA700D5A0A3 /* Splash */ = {
			isa = PBXGroup;
			children = (
				EA922D8D2B5EBAB400D5A0A3 /* SplashViewController.swift */,
				EA922D8F2B5EC0B100D5A0A3 /* SplashViewModel.swift */,
			);
			path = Splash;
			sourceTree = "<group>";
		};
		EA922D952B5ED3AA00D5A0A3 /* Home */ = {
			isa = PBXGroup;
			children = (
				EA922DC92B65711100D5A0A3 /* Cell */,
				EA922D7F2B5EAC0800D5A0A3 /* WorkspaceHomeViewController.swift */,
				EA922D962B5ED3B700D5A0A3 /* WorkspaceHomeViewModel.swift */,
				EA922D982B5EE2F600D5A0A3 /* WorkspaceEmptyView.swift */,
			);
			path = Home;
			sourceTree = "<group>";
		};
		EA922DC92B65711100D5A0A3 /* Cell */ = {
			isa = PBXGroup;
			children = (
				EA922DB82B644F1C00D5A0A3 /* WorkspaceChannelCollectionViewCell.swift */,
				EA922DCC2B659F0400D5A0A3 /* WorkspaceDmsCollectionViewCell.swift */,
				EA922DD02B66950700D5A0A3 /* WorkspaceAddCollectionViewCell.swift */,
				EA922DBF2B65127700D5A0A3 /* WorkspaceHeaderReusableView.swift */,
				EA922DD22B66B0B400D5A0A3 /* WorkspaceFooterReusableView.swift */,
			);
			path = Cell;
			sourceTree = "<group>";
		};
		EA922DDE2B6978EB00D5A0A3 /* List */ = {
			isa = PBXGroup;
			children = (
				EA922DE12B699A2000D5A0A3 /* Cell */,
				EA922DDF2B69791200D5A0A3 /* WorkspaceListViewController.swift */,
				EA922DE42B699EE400D5A0A3 /* WorkspaceListViewModel.swift */,
			);
			path = List;
			sourceTree = "<group>";
		};
		EA922DE12B699A2000D5A0A3 /* Cell */ = {
			isa = PBXGroup;
			children = (
				EA922DE22B699A3800D5A0A3 /* WorkspaceListTableViewCell.swift */,
			);
			path = Cell;
			sourceTree = "<group>";
		};
		EAB4014C2B4DC5C000C1A14A /* Protocols */ = {
			isa = PBXGroup;
			children = (
				EAB4014D2B4DC5D900C1A14A /* ViewModelType.swift */,
				EA922DDC2B68454500D5A0A3 /* Coordinator.swift */,
			);
			path = Protocols;
			sourceTree = "<group>";
		};
		EAB401512B4DE9B400C1A14A /* Network */ = {
			isa = PBXGroup;
			children = (
				EA922DA62B60351100D5A0A3 /* ResponseDecoder.swift */,
				EA922D5D2B582DF400D5A0A3 /* NetworkService.swift */,
				EA922DA82B60433400D5A0A3 /* AccessTokenRefreshInterceptor.swift */,
				EA922DAA2B604C7100D5A0A3 /* AuthManager.swift */,
				EA922D7A2B59C93300D5A0A3 /* SsacsuError.swift */,
				EA922DA22B60010400D5A0A3 /* BaseAPI.swift */,
				EAB401522B4DEA1200C1A14A /* SignAPI.swift */,
				EAFD0DFB2B8A6211007906A2 /* UserAPI.swift */,
				EA922D9C2B5F014200D5A0A3 /* WorkspaceAPI.swift */,
				EAFD0DF12B8670B3007906A2 /* ChannelAPI.swift */,
				EAFD0E242B8F77C7007906A2 /* DmsAPI.swift */,
			);
			path = Network;
			sourceTree = "<group>";
		};
		EAB401542B4DEB9400C1A14A /* Data */ = {
			isa = PBXGroup;
			children = (
				EAFD0DE12B863732007906A2 /* Database */,
				EAFCB6362B547628004DA2CD /* Network */,
				EAFCB6332B54699B004DA2CD /* Repositories */,
			);
			path = Data;
			sourceTree = "<group>";
		};
		EAB4015F2B4EF7E500C1A14A /* Domain */ = {
			isa = PBXGroup;
			children = (
				EAB401602B4EF7EC00C1A14A /* Entities */,
				EA922D612B583A5600D5A0A3 /* Interfaces */,
			);
			path = Domain;
			sourceTree = "<group>";
		};
		EAB401602B4EF7EC00C1A14A /* Entities */ = {
			isa = PBXGroup;
			children = (
				EAB401612B4EF7F900C1A14A /* Join.swift */,
				EAFD0E1E2B8F2BFF007906A2 /* Login.swift */,
				EAB4017E2B532BCA00C1A14A /* EmailLogin.swift */,
				EAFCB63A2B548D7F004DA2CD /* AppleLogin.swift */,
				EAFCB6492B556A9C004DA2CD /* KakaoLogin.swift */,
				EA922DB22B63D59900D5A0A3 /* Workspace.swift */,
				EA922DC72B656E0F00D5A0A3 /* User.swift */,
				EA922DC52B656E0400D5A0A3 /* Channel.swift */,
				EAFD0DD02B8549BA007906A2 /* ChannelChat.swift */,
				EAFD0E3B2B903B69007906A2 /* ChannelChatUnreads.swift */,
				EA922DCA2B658C6600D5A0A3 /* Dms.swift */,
				EAFD0E2F2B8F81B3007906A2 /* DMsRoom.swift */,
				EAFD0E372B8FBC68007906A2 /* DMsChatUnreads.swift */,
			);
			path = Entities;
			sourceTree = "<group>";
		};
		EAB401672B51BBF600C1A14A /* Workspace */ = {
			isa = PBXGroup;
			children = (
				EA922D892B5EB25400D5A0A3 /* Initial */,
				EA922D952B5ED3AA00D5A0A3 /* Home */,
				EA922DDE2B6978EB00D5A0A3 /* List */,
			);
			path = Workspace;
			sourceTree = "<group>";
		};
		EAB4016E2B52DC9300C1A14A /* View */ = {
			isa = PBXGroup;
			children = (
				EAB4016C2B52CE1500C1A14A /* EmailSignInViewController.swift */,
			);
			path = View;
			sourceTree = "<group>";
		};
		EAB4016F2B52DC9700C1A14A /* ViewModel */ = {
			isa = PBXGroup;
			children = (
				EAB401732B52FD8900C1A14A /* EmailSignInViewModel.swift */,
			);
			path = ViewModel;
			sourceTree = "<group>";
		};
		EAB401722B52DCE500C1A14A /* Email */ = {
			isa = PBXGroup;
			children = (
				EAB4016E2B52DC9300C1A14A /* View */,
				EAB4016F2B52DC9700C1A14A /* ViewModel */,
			);
			path = Email;
			sourceTree = "<group>";
		};
		EAB401752B53049D00C1A14A /* Helpers */ = {
			isa = PBXGroup;
			children = (
				EAB401762B5304AD00C1A14A /* Validation.swift */,
				EA922D7C2B5E605A00D5A0A3 /* Token.swift */,
				EAFD0E1C2B8F25CA007906A2 /* UserDefaultsManager.swift */,
			);
			path = Helpers;
			sourceTree = "<group>";
		};
		EAE493F32B459B80007461C0 = {
			isa = PBXGroup;
			children = (
				EAE494302B4733F1007461C0 /* Secrets.xcconfig */,
				EAE493FE2B459B81007461C0 /* SsacSu */,
				EAE493FD2B459B81007461C0 /* Products */,
			);
			sourceTree = "<group>";
		};
		EAE493FD2B459B81007461C0 /* Products */ = {
			isa = PBXGroup;
			children = (
				EAE493FC2B459B81007461C0 /* SsacSu.app */,
			);
			name = Products;
			sourceTree = "<group>";
		};
		EAE493FE2B459B81007461C0 /* SsacSu */ = {
			isa = PBXGroup;
			children = (
				EAFCB6372B547D86004DA2CD /* SsacSu.entitlements */,
				EAE4942B2B473381007461C0 /* App */,
				EAFD0DE22B863744007906A2 /* Database */,
				EAFD0E082B8B5BD7007906A2 /* Socket */,
				EAB401512B4DE9B400C1A14A /* Network */,
				EAB401542B4DEB9400C1A14A /* Data */,
				EAB4015F2B4EF7E500C1A14A /* Domain */,
				EAE4942C2B47338A007461C0 /* Presentation */,
				EAE4942E2B47339C007461C0 /* Resource */,
			);
			path = SsacSu;
			sourceTree = "<group>";
		};
		EAE4942B2B473381007461C0 /* App */ = {
			isa = PBXGroup;
			children = (
				EAE493FF2B459B81007461C0 /* AppDelegate.swift */,
				EAE494012B459B81007461C0 /* SceneDelegate.swift */,
				EAE494312B473634007461C0 /* Configurations.swift */,
				EA922D672B585B3200D5A0A3 /* AppCoordinator.swift */,
				EA922D642B584D2700D5A0A3 /* DIContainer */,
			);
			path = App;
			sourceTree = "<group>";
		};
		EAE4942C2B47338A007461C0 /* Presentation */ = {
			isa = PBXGroup;
			children = (
				EAE494382B49D806007461C0 /* Utils */,
				EAE494562B4AB3CF007461C0 /* Components */,
				EAE4942D2B473394007461C0 /* Scenes */,
			);
			path = Presentation;
			sourceTree = "<group>";
		};
		EAE4942D2B473394007461C0 /* Scenes */ = {
			isa = PBXGroup;
			children = (
				EA922D692B58617D00D5A0A3 /* Flows */,
				EA922D8C2B5EBAA700D5A0A3 /* Splash */,
				EAE494532B4AAD3A007461C0 /* Onboarding */,
				EAE494682B4C6F76007461C0 /* SignUp */,
				EAE494632B4B91D7007461C0 /* SignIn */,
				EAB401672B51BBF600C1A14A /* Workspace */,
				EAFD0DBC2B837211007906A2 /* Chatting */,
			);
			path = Scenes;
			sourceTree = "<group>";
		};
		EAE4942E2B47339C007461C0 /* Resource */ = {
			isa = PBXGroup;
			children = (
				EAE4940A2B459B82007461C0 /* LaunchScreen.storyboard */,
				EAE4942F2B4733A6007461C0 /* Assets */,
				EAE494332B47496A007461C0 /* Fonts */,
				EAE4940D2B459B82007461C0 /* Info.plist */,
				EAFD0E132B8F1117007906A2 /* GoogleService-Info.plist */,
			);
			path = Resource;
			sourceTree = "<group>";
		};
		EAE4942F2B4733A6007461C0 /* Assets */ = {
			isa = PBXGroup;
			children = (
				EAE494082B459B82007461C0 /* Assets.xcassets */,
				EAE494182B45DC69007461C0 /* Colors.xcassets */,
				EAE4941A2B45E32C007461C0 /* Images.xcassets */,
			);
			path = Assets;
			sourceTree = "<group>";
		};
		EAE494332B47496A007461C0 /* Fonts */ = {
			isa = PBXGroup;
			children = (
				EAE494362B474E1B007461C0 /* SF-Pro.ttf */,
				EAE494342B4749B3007461C0 /* SSFont.swift */,
			);
			path = Fonts;
			sourceTree = "<group>";
		};
		EAE494382B49D806007461C0 /* Utils */ = {
			isa = PBXGroup;
			children = (
				EAE494392B49D80D007461C0 /* Extensions */,
				EAB4014C2B4DC5C000C1A14A /* Protocols */,
				EAB401752B53049D00C1A14A /* Helpers */,
				EAE494592B4B1ECC007461C0 /* Base */,
			);
			path = Utils;
			sourceTree = "<group>";
		};
		EAE494392B49D80D007461C0 /* Extensions */ = {
			isa = PBXGroup;
			children = (
				EAE4943A2B49D83C007461C0 /* UILabel+.swift */,
				EAB401652B50590E00C1A14A /* String+.swift */,
				EA922DB42B63F0E600D5A0A3 /* DateFormatter+.swift */,
				EAFD0E032B8A7109007906A2 /* UIImageView+.swift */,
			);
			path = Extensions;
			sourceTree = "<group>";
		};
		EAE494532B4AAD3A007461C0 /* Onboarding */ = {
			isa = PBXGroup;
			children = (
				EAE494542B4AAD9B007461C0 /* OnboardingViewController.swift */,
			);
			path = Onboarding;
			sourceTree = "<group>";
		};
		EAE494562B4AB3CF007461C0 /* Components */ = {
			isa = PBXGroup;
			children = (
				EAE494572B4AB503007461C0 /* SSButton.swift */,
				EAB4016A2B51D2E400C1A14A /* SSLabel.swift */,
				EAE4946C2B4C7EDD007461C0 /* SSTextField.swift */,
				EAE494662B4C618C007461C0 /* Divider.swift */,
				EA922DCE2B668BDE00D5A0A3 /* UnreadLabel.swift */,
				EAFD0DCC2B854298007906A2 /* ChatBubbleLabel.swift */,
				EAFD0DC32B838646007906A2 /* CommonNavigationBar.swift */,
			);
			path = Components;
			sourceTree = "<group>";
		};
		EAE494592B4B1ECC007461C0 /* Base */ = {
			isa = PBXGroup;
			children = (
				EAE4945A2B4B1EFE007461C0 /* BaseViewController.swift */,
				EAFD0DC52B8389A2007906A2 /* BaseView.swift */,
				EAE4945C2B4B1FA6007461C0 /* BaseTableViewCell.swift */,
				EAE4945E2B4B2058007461C0 /* BaseCollectionViewCell.swift */,
			);
			path = Base;
			sourceTree = "<group>";
		};
		EAE494632B4B91D7007461C0 /* SignIn */ = {
			isa = PBXGroup;
			children = (
				EAFCB6322B54673F004DA2CD /* SelectSignInMethod */,
				EAB401722B52DCE500C1A14A /* Email */,
			);
			path = SignIn;
			sourceTree = "<group>";
		};
		EAE494682B4C6F76007461C0 /* SignUp */ = {
			isa = PBXGroup;
			children = (
				EAE494692B4C717C007461C0 /* SignUpViewController.swift */,
				EAB4014F2B4DC77500C1A14A /* SignUpViewModel.swift */,
			);
			path = SignUp;
			sourceTree = "<group>";
		};
		EAFCB6302B54672B004DA2CD /* View */ = {
			isa = PBXGroup;
			children = (
				EAE494642B4B91FB007461C0 /* SelectSignInMethodViewController.swift */,
			);
			path = View;
			sourceTree = "<group>";
		};
		EAFCB6312B546730004DA2CD /* ViewModel */ = {
			isa = PBXGroup;
			children = (
				EAFCB62E2B546727004DA2CD /* SelectSignInMethodViewModel.swift */,
			);
			path = ViewModel;
			sourceTree = "<group>";
		};
		EAFCB6322B54673F004DA2CD /* SelectSignInMethod */ = {
			isa = PBXGroup;
			children = (
				EAFCB6302B54672B004DA2CD /* View */,
				EAFCB6312B546730004DA2CD /* ViewModel */,
			);
			path = SelectSignInMethod;
			sourceTree = "<group>";
		};
		EAFCB6332B54699B004DA2CD /* Repositories */ = {
			isa = PBXGroup;
			children = (
				EAFCB6342B54751B004DA2CD /* AppleLoginRepositoryImpl.swift */,
				EAFCB6452B5557C4004DA2CD /* KakaoLoginRepositoryImpl.swift */,
				EA922D5F2B5832C400D5A0A3 /* SignRepositoryImpl.swift */,
				EAFD0DF52B8A5B6A007906A2 /* UserRepositoryImpl.swift */,
				EA922D9A2B5F00E900D5A0A3 /* WorkspaceRepositoryImpl.swift */,
				EAFD0DED2B866B1B007906A2 /* ChannelRepositoryImpl.swift */,
				EAFD0E2A2B8F7EFB007906A2 /* DmsRepositoryImpl.swift */,
			);
			path = Repositories;
			sourceTree = "<group>";
		};
		EAFCB6362B547628004DA2CD /* Network */ = {
			isa = PBXGroup;
			children = (
				EAB401632B4F01C300C1A14A /* CommonErrorResponseDTO.swift */,
				EAFD0DDD2B8634A6007906A2 /* Auth */,
				EAFD0DDB2B8633FF007906A2 /* Sign */,
				EAFD0DFD2B8A628C007906A2 /* User */,
				EAFD0DDC2B863418007906A2 /* Workspace */,
				EAFD0DDE2B8634B8007906A2 /* Channel */,
				EAFD0E2C2B8F812E007906A2 /* DMs */,
			);
			path = Network;
			sourceTree = "<group>";
		};
		EAFD0DBC2B837211007906A2 /* Chatting */ = {
			isa = PBXGroup;
			children = (
				EAFD0DC92B853F37007906A2 /* Cell */,
				EAFD0DBD2B837242007906A2 /* ChattingViewController.swift */,
				EAFD0DC72B83CCA4007906A2 /* ChattingViewModel.swift */,
			);
			path = Chatting;
			sourceTree = "<group>";
		};
		EAFD0DC92B853F37007906A2 /* Cell */ = {
			isa = PBXGroup;
			children = (
				EAFD0DCA2B853F86007906A2 /* OtherChattingBubbleTableViewCell.swift */,
				EAFD0DD22B85F4D9007906A2 /* MyChattingBubbleTableViewCell.swift */,
			);
			path = Cell;
			sourceTree = "<group>";
		};
		EAFD0DDB2B8633FF007906A2 /* Sign */ = {
			isa = PBXGroup;
			children = (
				EAFD0E0F2B8E6031007906A2 /* FcmDeviceTokenDTO.swift */,
				EAB401552B4DEC1300C1A14A /* EmailValidationDTO.swift */,
				EAB4015D2B4EF75100C1A14A /* JoinDTO.swift */,
				EAFCB6382B5488FD004DA2CD /* AppleLoginDTO.swift */,
				EAFCB6472B5569A7004DA2CD /* KakaoLoginDTO.swift */,
				EAB401782B53237000C1A14A /* LoginDTO.swift */,
				EAB4017A2B5323DA00C1A14A /* TokenDTO.swift */,
			);
			path = Sign;
			sourceTree = "<group>";
		};
		EAFD0DDC2B863418007906A2 /* Workspace */ = {
			isa = PBXGroup;
			children = (
				EA922DA02B5FFF2B00D5A0A3 /* WorkspaceListDTO.swift */,
				EA922DB62B6431F300D5A0A3 /* WorkspaceDTO.swift */,
			);
			path = Workspace;
			sourceTree = "<group>";
		};
		EAFD0DDD2B8634A6007906A2 /* Auth */ = {
			isa = PBXGroup;
			children = (
				EA922DAC2B60511600D5A0A3 /* TokenRefreshDTO.swift */,
			);
			path = Auth;
			sourceTree = "<group>";
		};
		EAFD0DDE2B8634B8007906A2 /* Channel */ = {
			isa = PBXGroup;
			children = (
				EA922DC12B656CB800D5A0A3 /* ChannelDTO.swift */,
				EAFD0DCE2B854858007906A2 /* ChannelChatDTO.swift */,
				EAFD0E392B903ADE007906A2 /* ChannelChatUnreadsDTO.swift */,
			);
			path = Channel;
			sourceTree = "<group>";
		};
		EAFD0DE12B863732007906A2 /* Database */ = {
			isa = PBXGroup;
			children = (
				EAFD0DE92B8655BE007906A2 /* ChannelTB.swift */,
				EAFD0DE52B863F3E007906A2 /* ChannelChatTB.swift */,
				EAFD0E312B8FAB65007906A2 /* DMsRoomTB.swift */,
				EAFD0E332B8FAC7D007906A2 /* DMChatTB.swift */,
				EAFD0DEB2B865E64007906A2 /* UserTB.swift */,
			);
			path = Database;
			sourceTree = "<group>";
		};
		EAFD0DE22B863744007906A2 /* Database */ = {
			isa = PBXGroup;
			children = (
				EAFD0DE32B863AE2007906A2 /* RealmManager.swift */,
			);
			path = Database;
			sourceTree = "<group>";
		};
		EAFD0DFD2B8A628C007906A2 /* User */ = {
			isa = PBXGroup;
			children = (
				EA922DC32B656CD100D5A0A3 /* UserDTO.swift */,
				EAFD0DFE2B8A62A0007906A2 /* ProfileDTO.swift */,
			);
			path = User;
			sourceTree = "<group>";
		};
		EAFD0E082B8B5BD7007906A2 /* Socket */ = {
			isa = PBXGroup;
			children = (
				EAFD0E092B8B5BF1007906A2 /* SocketIOManager.swift */,
			);
			path = Socket;
			sourceTree = "<group>";
		};
		EAFD0E2C2B8F812E007906A2 /* DMs */ = {
			isa = PBXGroup;
			children = (
				EAFD0E2D2B8F8144007906A2 /* DMsRoomDTO.swift */,
				EAFD0E352B8FBBDB007906A2 /* DMsChatUnreadsDTO.swift */,
			);
			path = DMs;
			sourceTree = "<group>";
		};
/* End PBXGroup section */

/* Begin PBXNativeTarget section */
		EAE493FB2B459B81007461C0 /* SsacSu */ = {
			isa = PBXNativeTarget;
			buildConfigurationList = EAE494102B459B82007461C0 /* Build configuration list for PBXNativeTarget "SsacSu" */;
			buildPhases = (
				EAE493F82B459B81007461C0 /* Sources */,
				EAE493F92B459B81007461C0 /* Frameworks */,
				EAE493FA2B459B81007461C0 /* Resources */,
			);
			buildRules = (
			);
			dependencies = (
			);
			name = SsacSu;
			packageProductDependencies = (
				EAE4943D2B49D9A9007461C0 /* SnapKit */,
				EAE494402B49DB91007461C0 /* Moya */,
				EAE494432B49DC42007461C0 /* RxCocoa */,
				EAE494452B49DC42007461C0 /* RxSwift */,
				EAFCB63D2B551F8D004DA2CD /* KakaoSDKAuth */,
				EAFCB63F2B551F8D004DA2CD /* KakaoSDKCommon */,
				EAFCB6432B551F8D004DA2CD /* KakaoSDKUser */,
				EA922DBB2B64572C00D5A0A3 /* Differentiator */,
				EA922DBD2B64572C00D5A0A3 /* RxDataSources */,
				EAFD0DD72B862D8D007906A2 /* Realm */,
				EAFD0DD92B862D8D007906A2 /* RealmSwift */,
				EAFD0E012B8A70EF007906A2 /* Kingfisher */,
				EAFD0E062B8B5869007906A2 /* SocketIO */,
				EAFD0E162B8F12EF007906A2 /* FirebaseAnalyticsWithoutAdIdSupport */,
				EAFD0E182B8F12EF007906A2 /* FirebaseCrashlytics */,
				EAFD0E1A2B8F12EF007906A2 /* FirebaseMessaging */,
			);
			productName = SsacSu;
			productReference = EAE493FC2B459B81007461C0 /* SsacSu.app */;
			productType = "com.apple.product-type.application";
		};
/* End PBXNativeTarget section */

/* Begin PBXProject section */
		EAE493F42B459B80007461C0 /* Project object */ = {
			isa = PBXProject;
			attributes = {
				BuildIndependentTargetsInParallel = 1;
				LastSwiftUpdateCheck = 1500;
				LastUpgradeCheck = 1500;
				TargetAttributes = {
					EAE493FB2B459B81007461C0 = {
						CreatedOnToolsVersion = 15.0.1;
					};
				};
			};
			buildConfigurationList = EAE493F72B459B80007461C0 /* Build configuration list for PBXProject "SsacSu" */;
			compatibilityVersion = "Xcode 14.0";
			developmentRegion = en;
			hasScannedForEncodings = 0;
			knownRegions = (
				en,
				Base,
			);
			mainGroup = EAE493F32B459B80007461C0;
			packageReferences = (
				EAE4943C2B49D9A9007461C0 /* XCRemoteSwiftPackageReference "SnapKit" */,
				EAE4943F2B49DB91007461C0 /* XCRemoteSwiftPackageReference "Moya" */,
				EAE494422B49DC42007461C0 /* XCRemoteSwiftPackageReference "RxSwift" */,
				EAFCB63C2B551F8D004DA2CD /* XCRemoteSwiftPackageReference "kakao-ios-sdk" */,
				EA922DBA2B64572C00D5A0A3 /* XCRemoteSwiftPackageReference "RxDataSources" */,
				EAFD0DD62B862D8C007906A2 /* XCRemoteSwiftPackageReference "realm-swift" */,
				EAFD0E002B8A70EF007906A2 /* XCRemoteSwiftPackageReference "Kingfisher" */,
				EAFD0E052B8B5869007906A2 /* XCRemoteSwiftPackageReference "socket" */,
				EAFD0E152B8F12EF007906A2 /* XCRemoteSwiftPackageReference "firebase-ios-sdk" */,
			);
			productRefGroup = EAE493FD2B459B81007461C0 /* Products */;
			projectDirPath = "";
			projectRoot = "";
			targets = (
				EAE493FB2B459B81007461C0 /* SsacSu */,
			);
		};
/* End PBXProject section */

/* Begin PBXResourcesBuildPhase section */
		EAE493FA2B459B81007461C0 /* Resources */ = {
			isa = PBXResourcesBuildPhase;
			buildActionMask = 2147483647;
			files = (
				EAE4940C2B459B82007461C0 /* LaunchScreen.storyboard in Resources */,
				EAE4941B2B45E32C007461C0 /* Images.xcassets in Resources */,
				EAE494192B45DC69007461C0 /* Colors.xcassets in Resources */,
				EAE494092B459B82007461C0 /* Assets.xcassets in Resources */,
				EAE494372B474E1C007461C0 /* SF-Pro.ttf in Resources */,
				EAFD0E142B8F1117007906A2 /* GoogleService-Info.plist in Resources */,
			);
			runOnlyForDeploymentPostprocessing = 0;
		};
/* End PBXResourcesBuildPhase section */

/* Begin PBXSourcesBuildPhase section */
		EAE493F82B459B81007461C0 /* Sources */ = {
			isa = PBXSourcesBuildPhase;
			buildActionMask = 2147483647;
			files = (
				EA922D6B2B5864FE00D5A0A3 /* AppDIContainer.swift in Sources */,
				EAFD0DF62B8A5B6A007906A2 /* UserRepositoryImpl.swift in Sources */,
				EA922D922B5ECC2700D5A0A3 /* WorkspaceRepository.swift in Sources */,
				EAFD0E0A2B8B5BF1007906A2 /* SocketIOManager.swift in Sources */,
				EAE4945D2B4B1FA6007461C0 /* BaseTableViewCell.swift in Sources */,
				EA922DCD2B659F0400D5A0A3 /* WorkspaceDmsCollectionViewCell.swift in Sources */,
				EA922DC02B65127700D5A0A3 /* WorkspaceHeaderReusableView.swift in Sources */,
				EAFD0DD12B8549BA007906A2 /* ChannelChat.swift in Sources */,
				EAFCB6462B5557C4004DA2CD /* KakaoLoginRepositoryImpl.swift in Sources */,
				EAFD0DCD2B854298007906A2 /* ChatBubbleLabel.swift in Sources */,
				EAE4943B2B49D83C007461C0 /* UILabel+.swift in Sources */,
				EA922DB92B644F1C00D5A0A3 /* WorkspaceChannelCollectionViewCell.swift in Sources */,
				EA922DCB2B658C6600D5A0A3 /* Dms.swift in Sources */,
				EAFD0DC02B837E20007906A2 /* ChannelChattingSceneDIContainer.swift in Sources */,
				EAFD0DF02B866B67007906A2 /* ChannelRepository.swift in Sources */,
				EA922DAB2B604C7100D5A0A3 /* AuthManager.swift in Sources */,
				EAFD0E3A2B903ADE007906A2 /* ChannelChatUnreadsDTO.swift in Sources */,
				EA922DCF2B668BDE00D5A0A3 /* UnreadLabel.swift in Sources */,
				EAB401642B4F01C300C1A14A /* CommonErrorResponseDTO.swift in Sources */,
				EA922DD32B66B0B400D5A0A3 /* WorkspaceFooterReusableView.swift in Sources */,
				EA922D602B5832C400D5A0A3 /* SignRepositoryImpl.swift in Sources */,
				EA922D682B585B3200D5A0A3 /* AppCoordinator.swift in Sources */,
				EAB4017F2B532BCA00C1A14A /* EmailLogin.swift in Sources */,
				EA922D802B5EAC0800D5A0A3 /* WorkspaceHomeViewController.swift in Sources */,
				EA922DB52B63F0E600D5A0A3 /* DateFormatter+.swift in Sources */,
				EAB401502B4DC77500C1A14A /* SignUpViewModel.swift in Sources */,
				EAB4015E2B4EF75100C1A14A /* JoinDTO.swift in Sources */,
				EAFD0DC22B837EA2007906A2 /* ChannelChattingCoordinator.swift in Sources */,
				EAFD0E382B8FBC68007906A2 /* DMsChatUnreads.swift in Sources */,
				EAFCB64A2B556A9C004DA2CD /* KakaoLogin.swift in Sources */,
				EA922DD12B66950700D5A0A3 /* WorkspaceAddCollectionViewCell.swift in Sources */,
				EAFCB6482B5569A7004DA2CD /* KakaoLoginDTO.swift in Sources */,
				EAB401772B5304AD00C1A14A /* Validation.swift in Sources */,
				EAB4017B2B5323DA00C1A14A /* TokenDTO.swift in Sources */,
				EA922D7D2B5E605A00D5A0A3 /* Token.swift in Sources */,
				EA922D822B5EAE1200D5A0A3 /* WorkspaceSceneDIContainer.swift in Sources */,
				EAFD0E042B8A7109007906A2 /* UIImageView+.swift in Sources */,
				EAFD0DEE2B866B1B007906A2 /* ChannelRepositoryImpl.swift in Sources */,
				EAE494672B4C618C007461C0 /* Divider.swift in Sources */,
				EAE4946D2B4C7EDD007461C0 /* SSTextField.swift in Sources */,
				EAE494552B4AAD9B007461C0 /* OnboardingViewController.swift in Sources */,
				EA922DC22B656CB900D5A0A3 /* ChannelDTO.swift in Sources */,
				EAFD0E3C2B903B69007906A2 /* ChannelChatUnreads.swift in Sources */,
				EAE494582B4AB503007461C0 /* SSButton.swift in Sources */,
				EAB401792B53237000C1A14A /* LoginDTO.swift in Sources */,
				EAFCB6392B5488FD004DA2CD /* AppleLoginDTO.swift in Sources */,
				EA922DAD2B60511600D5A0A3 /* TokenRefreshDTO.swift in Sources */,
				EAE4945F2B4B2058007461C0 /* BaseCollectionViewCell.swift in Sources */,
				EAFD0DBE2B837242007906A2 /* ChattingViewController.swift in Sources */,
				EA922D8B2B5EBA2C00D5A0A3 /* SplashCoordinator.swift in Sources */,
				EA922D662B584D4600D5A0A3 /* SignSceneDIContainer.swift in Sources */,
				EA922DA72B60351100D5A0A3 /* ResponseDecoder.swift in Sources */,
				EAFD0DE62B863F3E007906A2 /* ChannelChatTB.swift in Sources */,
				EAFD0E1F2B8F2BFF007906A2 /* Login.swift in Sources */,
				EA922DDB2B683F8500D5A0A3 /* WorkspaceCoordinator.swift in Sources */,
				EAE4945B2B4B1EFE007461C0 /* BaseViewController.swift in Sources */,
				EA922D972B5ED3B700D5A0A3 /* WorkspaceHomeViewModel.swift in Sources */,
				EA922D792B59C2A500D5A0A3 /* KakaoLoginRepository.swift in Sources */,
				EAFD0DEC2B865E64007906A2 /* UserTB.swift in Sources */,
				EAB4014E2B4DC5D900C1A14A /* ViewModelType.swift in Sources */,
				EAE494002B459B81007461C0 /* AppDelegate.swift in Sources */,
				EA922DC82B656E0F00D5A0A3 /* User.swift in Sources */,
				EAFD0E252B8F77C7007906A2 /* DmsAPI.swift in Sources */,
				EAFD0E1D2B8F25CA007906A2 /* UserDefaultsManager.swift in Sources */,
				EA922DE02B69791200D5A0A3 /* WorkspaceListViewController.swift in Sources */,
				EA922D5E2B582DF400D5A0A3 /* NetworkService.swift in Sources */,
				EAE494322B473634007461C0 /* Configurations.swift in Sources */,
				EAFD0E342B8FAC7D007906A2 /* DMChatTB.swift in Sources */,
				EA922DA92B60433400D5A0A3 /* AccessTokenRefreshInterceptor.swift in Sources */,
				EAFD0DC62B8389A2007906A2 /* BaseView.swift in Sources */,
				EA922DE52B699EE400D5A0A3 /* WorkspaceListViewModel.swift in Sources */,
				EA922D8E2B5EBAB400D5A0A3 /* SplashViewController.swift in Sources */,
				EAFCB62F2B546727004DA2CD /* SelectSignInMethodViewModel.swift in Sources */,
				EA922DDD2B68454500D5A0A3 /* Coordinator.swift in Sources */,
				EAB401742B52FD8900C1A14A /* EmailSignInViewModel.swift in Sources */,
				EA922DC42B656CD100D5A0A3 /* UserDTO.swift in Sources */,
				EA922DA32B60010400D5A0A3 /* BaseAPI.swift in Sources */,
				EAFD0E322B8FAB65007906A2 /* DMsRoomTB.swift in Sources */,
				EAFD0DD32B85F4D9007906A2 /* MyChattingBubbleTableViewCell.swift in Sources */,
				EA922D7B2B59C93300D5A0A3 /* SsacsuError.swift in Sources */,
				EAB4016D2B52CE1500C1A14A /* EmailSignInViewController.swift in Sources */,
				EAB401692B51BC6300C1A14A /* WorkspaceInitialViewController.swift in Sources */,
				EAFD0DE42B863AE2007906A2 /* RealmManager.swift in Sources */,
				EAFD0DC82B83CCA4007906A2 /* ChattingViewModel.swift in Sources */,
				EAE494022B459B81007461C0 /* SceneDelegate.swift in Sources */,
				EA922D882B5EB25100D5A0A3 /* WorkspaceInitialViewModel.swift in Sources */,
				EAFD0E302B8F81B3007906A2 /* DMsRoom.swift in Sources */,
				EAB401562B4DEC1300C1A14A /* EmailValidationDTO.swift in Sources */,
				EA922DC62B656E0400D5A0A3 /* Channel.swift in Sources */,
				EA922DE32B699A3800D5A0A3 /* WorkspaceListTableViewCell.swift in Sources */,
				EAE494352B4749B3007461C0 /* SSFont.swift in Sources */,
				EAFD0E362B8FBBDB007906A2 /* DMsChatUnreadsDTO.swift in Sources */,
				EAFCB6352B54751B004DA2CD /* AppleLoginRepositoryImpl.swift in Sources */,
				EAFD0DF22B8670B3007906A2 /* ChannelAPI.swift in Sources */,
				EAFD0E292B8F7EDF007906A2 /* DmsRepository.swift in Sources */,
				EAE4946A2B4C717C007461C0 /* SignUpViewController.swift in Sources */,
				EAFD0DCB2B853F86007906A2 /* OtherChattingBubbleTableViewCell.swift in Sources */,
				EAB4016B2B51D2E400C1A14A /* SSLabel.swift in Sources */,
				EAFD0DC42B838646007906A2 /* CommonNavigationBar.swift in Sources */,
				EAB401532B4DEA1200C1A14A /* SignAPI.swift in Sources */,
				EAB401662B50590E00C1A14A /* String+.swift in Sources */,
				EAFD0DFC2B8A6211007906A2 /* UserAPI.swift in Sources */,
				EA922DA12B5FFF2B00D5A0A3 /* WorkspaceListDTO.swift in Sources */,
				EAFD0E2B2B8F7EFB007906A2 /* DmsRepositoryImpl.swift in Sources */,
				EA922DD52B680ABC00D5A0A3 /* SignCoordinator.swift in Sources */,
				EAE494652B4B91FB007461C0 /* SelectSignInMethodViewController.swift in Sources */,
				EAFD0DF82B8A5B76007906A2 /* UserRepository.swift in Sources */,
				EAFD0E102B8E6031007906A2 /* FcmDeviceTokenDTO.swift in Sources */,
				EA922D902B5EC0B100D5A0A3 /* SplashViewModel.swift in Sources */,
				EAB401622B4EF7F900C1A14A /* Join.swift in Sources */,
				EA922D9D2B5F014200D5A0A3 /* WorkspaceAPI.swift in Sources */,
				EA922D632B583A8200D5A0A3 /* SignRepository.swift in Sources */,
				EA922DB72B6431F300D5A0A3 /* WorkspaceDTO.swift in Sources */,
				EA922D992B5EE2F600D5A0A3 /* WorkspaceEmptyView.swift in Sources */,
				EAFD0E2E2B8F8144007906A2 /* DMsRoomDTO.swift in Sources */,
				EA922DD92B682FAC00D5A0A3 /* TabBarDIContainer.swift in Sources */,
				EAFD0DEA2B8655BE007906A2 /* ChannelTB.swift in Sources */,
				EAFCB63B2B548D7F004DA2CD /* AppleLogin.swift in Sources */,
				EA922DB32B63D59900D5A0A3 /* Workspace.swift in Sources */,
				EA922DD72B6813AD00D5A0A3 /* TabCoordinator.swift in Sources */,
				EA922D772B59BFE300D5A0A3 /* AppleLoginRepository.swift in Sources */,
				EAFD0DFF2B8A62A0007906A2 /* ProfileDTO.swift in Sources */,
				EAFD0DCF2B854858007906A2 /* ChannelChatDTO.swift in Sources */,
				EA922D9B2B5F00E900D5A0A3 /* WorkspaceRepositoryImpl.swift in Sources */,
			);
			runOnlyForDeploymentPostprocessing = 0;
		};
/* End PBXSourcesBuildPhase section */

/* Begin PBXVariantGroup section */
		EAE4940A2B459B82007461C0 /* LaunchScreen.storyboard */ = {
			isa = PBXVariantGroup;
			children = (
				EAE4940B2B459B82007461C0 /* Base */,
			);
			name = LaunchScreen.storyboard;
			sourceTree = "<group>";
		};
/* End PBXVariantGroup section */

/* Begin XCBuildConfiguration section */
		EAE4940E2B459B82007461C0 /* Debug */ = {
			isa = XCBuildConfiguration;
			buildSettings = {
				ALWAYS_SEARCH_USER_PATHS = NO;
				ASSETCATALOG_COMPILER_GENERATE_SWIFT_ASSET_SYMBOL_EXTENSIONS = YES;
				CLANG_ANALYZER_NONNULL = YES;
				CLANG_ANALYZER_NUMBER_OBJECT_CONVERSION = YES_AGGRESSIVE;
				CLANG_CXX_LANGUAGE_STANDARD = "gnu++20";
				CLANG_ENABLE_MODULES = YES;
				CLANG_ENABLE_OBJC_ARC = YES;
				CLANG_ENABLE_OBJC_WEAK = YES;
				CLANG_WARN_BLOCK_CAPTURE_AUTORELEASING = YES;
				CLANG_WARN_BOOL_CONVERSION = YES;
				CLANG_WARN_COMMA = YES;
				CLANG_WARN_CONSTANT_CONVERSION = YES;
				CLANG_WARN_DEPRECATED_OBJC_IMPLEMENTATIONS = YES;
				CLANG_WARN_DIRECT_OBJC_ISA_USAGE = YES_ERROR;
				CLANG_WARN_DOCUMENTATION_COMMENTS = YES;
				CLANG_WARN_EMPTY_BODY = YES;
				CLANG_WARN_ENUM_CONVERSION = YES;
				CLANG_WARN_INFINITE_RECURSION = YES;
				CLANG_WARN_INT_CONVERSION = YES;
				CLANG_WARN_NON_LITERAL_NULL_CONVERSION = YES;
				CLANG_WARN_OBJC_IMPLICIT_RETAIN_SELF = YES;
				CLANG_WARN_OBJC_LITERAL_CONVERSION = YES;
				CLANG_WARN_OBJC_ROOT_CLASS = YES_ERROR;
				CLANG_WARN_QUOTED_INCLUDE_IN_FRAMEWORK_HEADER = YES;
				CLANG_WARN_RANGE_LOOP_ANALYSIS = YES;
				CLANG_WARN_STRICT_PROTOTYPES = YES;
				CLANG_WARN_SUSPICIOUS_MOVE = YES;
				CLANG_WARN_UNGUARDED_AVAILABILITY = YES_AGGRESSIVE;
				CLANG_WARN_UNREACHABLE_CODE = YES;
				CLANG_WARN__DUPLICATE_METHOD_MATCH = YES;
				COPY_PHASE_STRIP = NO;
				DEBUG_INFORMATION_FORMAT = dwarf;
				ENABLE_STRICT_OBJC_MSGSEND = YES;
				ENABLE_TESTABILITY = YES;
				ENABLE_USER_SCRIPT_SANDBOXING = YES;
				GCC_C_LANGUAGE_STANDARD = gnu17;
				GCC_DYNAMIC_NO_PIC = NO;
				GCC_NO_COMMON_BLOCKS = YES;
				GCC_OPTIMIZATION_LEVEL = 0;
				GCC_PREPROCESSOR_DEFINITIONS = (
					"DEBUG=1",
					"$(inherited)",
				);
				GCC_WARN_64_TO_32_BIT_CONVERSION = YES;
				GCC_WARN_ABOUT_RETURN_TYPE = YES_ERROR;
				GCC_WARN_UNDECLARED_SELECTOR = YES;
				GCC_WARN_UNINITIALIZED_AUTOS = YES_AGGRESSIVE;
				GCC_WARN_UNUSED_FUNCTION = YES;
				GCC_WARN_UNUSED_VARIABLE = YES;
				IPHONEOS_DEPLOYMENT_TARGET = 15.0;
				LOCALIZATION_PREFERS_STRING_CATALOGS = YES;
				MTL_ENABLE_DEBUG_INFO = INCLUDE_SOURCE;
				MTL_FAST_MATH = YES;
				ONLY_ACTIVE_ARCH = YES;
				SDKROOT = iphoneos;
				SWIFT_ACTIVE_COMPILATION_CONDITIONS = "DEBUG $(inherited)";
				SWIFT_OPTIMIZATION_LEVEL = "-Onone";
			};
			name = Debug;
		};
		EAE4940F2B459B82007461C0 /* Release */ = {
			isa = XCBuildConfiguration;
			buildSettings = {
				ALWAYS_SEARCH_USER_PATHS = NO;
				ASSETCATALOG_COMPILER_GENERATE_SWIFT_ASSET_SYMBOL_EXTENSIONS = YES;
				CLANG_ANALYZER_NONNULL = YES;
				CLANG_ANALYZER_NUMBER_OBJECT_CONVERSION = YES_AGGRESSIVE;
				CLANG_CXX_LANGUAGE_STANDARD = "gnu++20";
				CLANG_ENABLE_MODULES = YES;
				CLANG_ENABLE_OBJC_ARC = YES;
				CLANG_ENABLE_OBJC_WEAK = YES;
				CLANG_WARN_BLOCK_CAPTURE_AUTORELEASING = YES;
				CLANG_WARN_BOOL_CONVERSION = YES;
				CLANG_WARN_COMMA = YES;
				CLANG_WARN_CONSTANT_CONVERSION = YES;
				CLANG_WARN_DEPRECATED_OBJC_IMPLEMENTATIONS = YES;
				CLANG_WARN_DIRECT_OBJC_ISA_USAGE = YES_ERROR;
				CLANG_WARN_DOCUMENTATION_COMMENTS = YES;
				CLANG_WARN_EMPTY_BODY = YES;
				CLANG_WARN_ENUM_CONVERSION = YES;
				CLANG_WARN_INFINITE_RECURSION = YES;
				CLANG_WARN_INT_CONVERSION = YES;
				CLANG_WARN_NON_LITERAL_NULL_CONVERSION = YES;
				CLANG_WARN_OBJC_IMPLICIT_RETAIN_SELF = YES;
				CLANG_WARN_OBJC_LITERAL_CONVERSION = YES;
				CLANG_WARN_OBJC_ROOT_CLASS = YES_ERROR;
				CLANG_WARN_QUOTED_INCLUDE_IN_FRAMEWORK_HEADER = YES;
				CLANG_WARN_RANGE_LOOP_ANALYSIS = YES;
				CLANG_WARN_STRICT_PROTOTYPES = YES;
				CLANG_WARN_SUSPICIOUS_MOVE = YES;
				CLANG_WARN_UNGUARDED_AVAILABILITY = YES_AGGRESSIVE;
				CLANG_WARN_UNREACHABLE_CODE = YES;
				CLANG_WARN__DUPLICATE_METHOD_MATCH = YES;
				COPY_PHASE_STRIP = NO;
				DEBUG_INFORMATION_FORMAT = "dwarf-with-dsym";
				ENABLE_NS_ASSERTIONS = NO;
				ENABLE_STRICT_OBJC_MSGSEND = YES;
				ENABLE_USER_SCRIPT_SANDBOXING = YES;
				GCC_C_LANGUAGE_STANDARD = gnu17;
				GCC_NO_COMMON_BLOCKS = YES;
				GCC_WARN_64_TO_32_BIT_CONVERSION = YES;
				GCC_WARN_ABOUT_RETURN_TYPE = YES_ERROR;
				GCC_WARN_UNDECLARED_SELECTOR = YES;
				GCC_WARN_UNINITIALIZED_AUTOS = YES_AGGRESSIVE;
				GCC_WARN_UNUSED_FUNCTION = YES;
				GCC_WARN_UNUSED_VARIABLE = YES;
				IPHONEOS_DEPLOYMENT_TARGET = 15.0;
				LOCALIZATION_PREFERS_STRING_CATALOGS = YES;
				MTL_ENABLE_DEBUG_INFO = NO;
				MTL_FAST_MATH = YES;
				SDKROOT = iphoneos;
				SWIFT_COMPILATION_MODE = wholemodule;
				VALIDATE_PRODUCT = YES;
			};
			name = Release;
		};
		EAE494112B459B82007461C0 /* Debug */ = {
			isa = XCBuildConfiguration;
			baseConfigurationReference = EAE494302B4733F1007461C0 /* Secrets.xcconfig */;
			buildSettings = {
				ASSETCATALOG_COMPILER_APPICON_NAME = AppIcon;
				ASSETCATALOG_COMPILER_GLOBAL_ACCENT_COLOR_NAME = AccentColor;
				CODE_SIGN_ENTITLEMENTS = SsacSu/SsacSu.entitlements;
				CODE_SIGN_STYLE = Automatic;
				CURRENT_PROJECT_VERSION = 1;
				DEVELOPMENT_TEAM = R5LJ29W6V2;
				GENERATE_INFOPLIST_FILE = YES;
				INFOPLIST_FILE = SsacSu/Resource/Info.plist;
				INFOPLIST_KEY_UIApplicationSupportsIndirectInputEvents = YES;
				INFOPLIST_KEY_UILaunchStoryboardName = LaunchScreen;
				INFOPLIST_KEY_UISupportedInterfaceOrientations = UIInterfaceOrientationPortrait;
				INFOPLIST_KEY_UISupportedInterfaceOrientations_iPad = "UIInterfaceOrientationLandscapeLeft UIInterfaceOrientationLandscapeRight UIInterfaceOrientationPortrait UIInterfaceOrientationPortraitUpsideDown";
				IPHONEOS_DEPLOYMENT_TARGET = 15.0;
				LD_RUNPATH_SEARCH_PATHS = (
					"$(inherited)",
					"@executable_path/Frameworks",
				);
				MARKETING_VERSION = 1.0;
				PRODUCT_BUNDLE_IDENTIFIER = com.chap.SsacSu;
				PRODUCT_NAME = "$(TARGET_NAME)";
				SUPPORTED_PLATFORMS = "iphoneos iphonesimulator";
				SUPPORTS_MACCATALYST = NO;
				SUPPORTS_MAC_DESIGNED_FOR_IPHONE_IPAD = NO;
				SWIFT_EMIT_LOC_STRINGS = YES;
				SWIFT_VERSION = 5.0;
				TARGETED_DEVICE_FAMILY = 1;
			};
			name = Debug;
		};
		EAE494122B459B82007461C0 /* Release */ = {
			isa = XCBuildConfiguration;
			baseConfigurationReference = EAE494302B4733F1007461C0 /* Secrets.xcconfig */;
			buildSettings = {
				ASSETCATALOG_COMPILER_APPICON_NAME = AppIcon;
				ASSETCATALOG_COMPILER_GLOBAL_ACCENT_COLOR_NAME = AccentColor;
				CODE_SIGN_ENTITLEMENTS = SsacSu/SsacSu.entitlements;
				CODE_SIGN_STYLE = Automatic;
				CURRENT_PROJECT_VERSION = 1;
				DEVELOPMENT_TEAM = R5LJ29W6V2;
				GENERATE_INFOPLIST_FILE = YES;
				INFOPLIST_FILE = SsacSu/Resource/Info.plist;
				INFOPLIST_KEY_UIApplicationSupportsIndirectInputEvents = YES;
				INFOPLIST_KEY_UILaunchStoryboardName = LaunchScreen;
				INFOPLIST_KEY_UISupportedInterfaceOrientations = UIInterfaceOrientationPortrait;
				INFOPLIST_KEY_UISupportedInterfaceOrientations_iPad = "UIInterfaceOrientationLandscapeLeft UIInterfaceOrientationLandscapeRight UIInterfaceOrientationPortrait UIInterfaceOrientationPortraitUpsideDown";
				IPHONEOS_DEPLOYMENT_TARGET = 15.0;
				LD_RUNPATH_SEARCH_PATHS = (
					"$(inherited)",
					"@executable_path/Frameworks",
				);
				MARKETING_VERSION = 1.0;
				PRODUCT_BUNDLE_IDENTIFIER = com.chap.SsacSu;
				PRODUCT_NAME = "$(TARGET_NAME)";
				SUPPORTED_PLATFORMS = "iphoneos iphonesimulator";
				SUPPORTS_MACCATALYST = NO;
				SUPPORTS_MAC_DESIGNED_FOR_IPHONE_IPAD = NO;
				SWIFT_EMIT_LOC_STRINGS = YES;
				SWIFT_VERSION = 5.0;
				TARGETED_DEVICE_FAMILY = 1;
			};
			name = Release;
		};
/* End XCBuildConfiguration section */

/* Begin XCConfigurationList section */
		EAE493F72B459B80007461C0 /* Build configuration list for PBXProject "SsacSu" */ = {
			isa = XCConfigurationList;
			buildConfigurations = (
				EAE4940E2B459B82007461C0 /* Debug */,
				EAE4940F2B459B82007461C0 /* Release */,
			);
			defaultConfigurationIsVisible = 0;
			defaultConfigurationName = Release;
		};
		EAE494102B459B82007461C0 /* Build configuration list for PBXNativeTarget "SsacSu" */ = {
			isa = XCConfigurationList;
			buildConfigurations = (
				EAE494112B459B82007461C0 /* Debug */,
				EAE494122B459B82007461C0 /* Release */,
			);
			defaultConfigurationIsVisible = 0;
			defaultConfigurationName = Release;
		};
/* End XCConfigurationList section */

/* Begin XCRemoteSwiftPackageReference section */
		EA922DBA2B64572C00D5A0A3 /* XCRemoteSwiftPackageReference "RxDataSources" */ = {
			isa = XCRemoteSwiftPackageReference;
			repositoryURL = "https://github.com/RxSwiftCommunity/RxDataSources";
			requirement = {
				kind = upToNextMajorVersion;
				minimumVersion = 5.0.2;
			};
		};
		EAE4943C2B49D9A9007461C0 /* XCRemoteSwiftPackageReference "SnapKit" */ = {
			isa = XCRemoteSwiftPackageReference;
			repositoryURL = "https://github.com/SnapKit/SnapKit";
			requirement = {
				kind = upToNextMajorVersion;
				minimumVersion = 5.7.0;
			};
		};
		EAE4943F2B49DB91007461C0 /* XCRemoteSwiftPackageReference "Moya" */ = {
			isa = XCRemoteSwiftPackageReference;
			repositoryURL = "https://github.com/Moya/Moya";
			requirement = {
				kind = upToNextMajorVersion;
				minimumVersion = 15.0.3;
			};
		};
		EAE494422B49DC42007461C0 /* XCRemoteSwiftPackageReference "RxSwift" */ = {
			isa = XCRemoteSwiftPackageReference;
			repositoryURL = "https://github.com/ReactiveX/RxSwift";
			requirement = {
				kind = upToNextMajorVersion;
				minimumVersion = 6.6.0;
			};
		};
		EAFCB63C2B551F8D004DA2CD /* XCRemoteSwiftPackageReference "kakao-ios-sdk" */ = {
			isa = XCRemoteSwiftPackageReference;
			repositoryURL = "https://github.com/kakao/kakao-ios-sdk";
			requirement = {
				kind = upToNextMajorVersion;
				minimumVersion = 2.20.0;
			};
		};
		EAFD0DD62B862D8C007906A2 /* XCRemoteSwiftPackageReference "realm-swift" */ = {
			isa = XCRemoteSwiftPackageReference;
			repositoryURL = "https://github.com/realm/realm-swift";
			requirement = {
				branch = master;
				kind = branch;
			};
		};
		EAFD0E002B8A70EF007906A2 /* XCRemoteSwiftPackageReference "Kingfisher" */ = {
			isa = XCRemoteSwiftPackageReference;
			repositoryURL = "https://github.com/onevcat/Kingfisher";
			requirement = {
				kind = upToNextMajorVersion;
				minimumVersion = 7.11.0;
			};
		};
		EAFD0E052B8B5869007906A2 /* XCRemoteSwiftPackageReference "socket" */ = {
			isa = XCRemoteSwiftPackageReference;
			repositoryURL = "https://github.com/socketio/socket.io-client-swift";
			requirement = {
				branch = master;
				kind = branch;
			};
		};
		EAFD0E152B8F12EF007906A2 /* XCRemoteSwiftPackageReference "firebase-ios-sdk" */ = {
			isa = XCRemoteSwiftPackageReference;
			repositoryURL = "https://github.com/firebase/firebase-ios-sdk";
			requirement = {
				kind = upToNextMajorVersion;
				minimumVersion = 10.21.0;
			};
		};
/* End XCRemoteSwiftPackageReference section */

/* Begin XCSwiftPackageProductDependency section */
		EA922DBB2B64572C00D5A0A3 /* Differentiator */ = {
			isa = XCSwiftPackageProductDependency;
			package = EA922DBA2B64572C00D5A0A3 /* XCRemoteSwiftPackageReference "RxDataSources" */;
			productName = Differentiator;
		};
		EA922DBD2B64572C00D5A0A3 /* RxDataSources */ = {
			isa = XCSwiftPackageProductDependency;
			package = EA922DBA2B64572C00D5A0A3 /* XCRemoteSwiftPackageReference "RxDataSources" */;
			productName = RxDataSources;
		};
		EAE4943D2B49D9A9007461C0 /* SnapKit */ = {
			isa = XCSwiftPackageProductDependency;
			package = EAE4943C2B49D9A9007461C0 /* XCRemoteSwiftPackageReference "SnapKit" */;
			productName = SnapKit;
		};
		EAE494402B49DB91007461C0 /* Moya */ = {
			isa = XCSwiftPackageProductDependency;
			package = EAE4943F2B49DB91007461C0 /* XCRemoteSwiftPackageReference "Moya" */;
			productName = Moya;
		};
		EAE494432B49DC42007461C0 /* RxCocoa */ = {
			isa = XCSwiftPackageProductDependency;
			package = EAE494422B49DC42007461C0 /* XCRemoteSwiftPackageReference "RxSwift" */;
			productName = RxCocoa;
		};
		EAE494452B49DC42007461C0 /* RxSwift */ = {
			isa = XCSwiftPackageProductDependency;
			package = EAE494422B49DC42007461C0 /* XCRemoteSwiftPackageReference "RxSwift" */;
			productName = RxSwift;
		};
		EAFCB63D2B551F8D004DA2CD /* KakaoSDKAuth */ = {
			isa = XCSwiftPackageProductDependency;
			package = EAFCB63C2B551F8D004DA2CD /* XCRemoteSwiftPackageReference "kakao-ios-sdk" */;
			productName = KakaoSDKAuth;
		};
		EAFCB63F2B551F8D004DA2CD /* KakaoSDKCommon */ = {
			isa = XCSwiftPackageProductDependency;
			package = EAFCB63C2B551F8D004DA2CD /* XCRemoteSwiftPackageReference "kakao-ios-sdk" */;
			productName = KakaoSDKCommon;
		};
		EAFCB6432B551F8D004DA2CD /* KakaoSDKUser */ = {
			isa = XCSwiftPackageProductDependency;
			package = EAFCB63C2B551F8D004DA2CD /* XCRemoteSwiftPackageReference "kakao-ios-sdk" */;
			productName = KakaoSDKUser;
		};
		EAFD0DD72B862D8D007906A2 /* Realm */ = {
			isa = XCSwiftPackageProductDependency;
			package = EAFD0DD62B862D8C007906A2 /* XCRemoteSwiftPackageReference "realm-swift" */;
			productName = Realm;
		};
		EAFD0DD92B862D8D007906A2 /* RealmSwift */ = {
			isa = XCSwiftPackageProductDependency;
			package = EAFD0DD62B862D8C007906A2 /* XCRemoteSwiftPackageReference "realm-swift" */;
			productName = RealmSwift;
		};
		EAFD0E012B8A70EF007906A2 /* Kingfisher */ = {
			isa = XCSwiftPackageProductDependency;
			package = EAFD0E002B8A70EF007906A2 /* XCRemoteSwiftPackageReference "Kingfisher" */;
			productName = Kingfisher;
		};
		EAFD0E062B8B5869007906A2 /* SocketIO */ = {
			isa = XCSwiftPackageProductDependency;
			package = EAFD0E052B8B5869007906A2 /* XCRemoteSwiftPackageReference "socket" */;
			productName = SocketIO;
		};
		EAFD0E162B8F12EF007906A2 /* FirebaseAnalyticsWithoutAdIdSupport */ = {
			isa = XCSwiftPackageProductDependency;
			package = EAFD0E152B8F12EF007906A2 /* XCRemoteSwiftPackageReference "firebase-ios-sdk" */;
			productName = FirebaseAnalyticsWithoutAdIdSupport;
		};
		EAFD0E182B8F12EF007906A2 /* FirebaseCrashlytics */ = {
			isa = XCSwiftPackageProductDependency;
			package = EAFD0E152B8F12EF007906A2 /* XCRemoteSwiftPackageReference "firebase-ios-sdk" */;
			productName = FirebaseCrashlytics;
		};
		EAFD0E1A2B8F12EF007906A2 /* FirebaseMessaging */ = {
			isa = XCSwiftPackageProductDependency;
			package = EAFD0E152B8F12EF007906A2 /* XCRemoteSwiftPackageReference "firebase-ios-sdk" */;
			productName = FirebaseMessaging;
		};
/* End XCSwiftPackageProductDependency section */
	};
	rootObject = EAE493F42B459B80007461C0 /* Project object */;
}
