// !$*UTF8*$!
{
	archiveVersion = 1;
	classes = {
	};
	objectVersion = 56;
	objects = {

/* Begin PBXBuildFile section */
		EA922D5E2B582DF400D5A0A3 /* NetworkService.swift in Sources */ = {isa = PBXBuildFile; fileRef = EA922D5D2B582DF400D5A0A3 /* NetworkService.swift */; };
		EA922D602B5832C400D5A0A3 /* SignRepositoryImpl.swift in Sources */ = {isa = PBXBuildFile; fileRef = EA922D5F2B5832C400D5A0A3 /* SignRepositoryImpl.swift */; };
		EA922D632B583A8200D5A0A3 /* SignRepository.swift in Sources */ = {isa = PBXBuildFile; fileRef = EA922D622B583A8200D5A0A3 /* SignRepository.swift */; };
		EA922D662B584D4600D5A0A3 /* SignSceneDIContainer.swift in Sources */ = {isa = PBXBuildFile; fileRef = EA922D652B584D4600D5A0A3 /* SignSceneDIContainer.swift */; };
		EA922D682B585B3200D5A0A3 /* AppCoordinator.swift in Sources */ = {isa = PBXBuildFile; fileRef = EA922D672B585B3200D5A0A3 /* AppCoordinator.swift */; };
		EA922D6B2B5864FE00D5A0A3 /* AppDIContainer.swift in Sources */ = {isa = PBXBuildFile; fileRef = EA922D6A2B5864FE00D5A0A3 /* AppDIContainer.swift */; };
		EA922D6D2B586E0E00D5A0A3 /* OnboardingCoordinator.swift in Sources */ = {isa = PBXBuildFile; fileRef = EA922D6C2B586E0E00D5A0A3 /* OnboardingCoordinator.swift */; };
		EA922D6F2B5873CA00D5A0A3 /* SelectSignInCoordinator.swift in Sources */ = {isa = PBXBuildFile; fileRef = EA922D6E2B5873CA00D5A0A3 /* SelectSignInCoordinator.swift */; };
		EA922D712B58764800D5A0A3 /* EmailSignInCoordinator.swift in Sources */ = {isa = PBXBuildFile; fileRef = EA922D702B58764800D5A0A3 /* EmailSignInCoordinator.swift */; };
		EA922D732B59A81900D5A0A3 /* SignUpCoordinator.swift in Sources */ = {isa = PBXBuildFile; fileRef = EA922D722B59A81900D5A0A3 /* SignUpCoordinator.swift */; };
		EA922D772B59BFE300D5A0A3 /* AppleLoginRepository.swift in Sources */ = {isa = PBXBuildFile; fileRef = EA922D762B59BFE300D5A0A3 /* AppleLoginRepository.swift */; };
		EA922D792B59C2A500D5A0A3 /* KakaoLoginRepository.swift in Sources */ = {isa = PBXBuildFile; fileRef = EA922D782B59C2A500D5A0A3 /* KakaoLoginRepository.swift */; };
		EA922D7B2B59C93300D5A0A3 /* SsacsuError.swift in Sources */ = {isa = PBXBuildFile; fileRef = EA922D7A2B59C93300D5A0A3 /* SsacsuError.swift */; };
		EA922D7D2B5E605A00D5A0A3 /* Token.swift in Sources */ = {isa = PBXBuildFile; fileRef = EA922D7C2B5E605A00D5A0A3 /* Token.swift */; };
		EAB4014E2B4DC5D900C1A14A /* ViewModelType.swift in Sources */ = {isa = PBXBuildFile; fileRef = EAB4014D2B4DC5D900C1A14A /* ViewModelType.swift */; };
		EAB401502B4DC77500C1A14A /* SignUpViewModel.swift in Sources */ = {isa = PBXBuildFile; fileRef = EAB4014F2B4DC77500C1A14A /* SignUpViewModel.swift */; };
		EAB401532B4DEA1200C1A14A /* SsacsuAPI.swift in Sources */ = {isa = PBXBuildFile; fileRef = EAB401522B4DEA1200C1A14A /* SsacsuAPI.swift */; };
		EAB401562B4DEC1300C1A14A /* EmailValidationDTO.swift in Sources */ = {isa = PBXBuildFile; fileRef = EAB401552B4DEC1300C1A14A /* EmailValidationDTO.swift */; };
		EAB4015E2B4EF75100C1A14A /* JoinDTO.swift in Sources */ = {isa = PBXBuildFile; fileRef = EAB4015D2B4EF75100C1A14A /* JoinDTO.swift */; };
		EAB401622B4EF7F900C1A14A /* Join.swift in Sources */ = {isa = PBXBuildFile; fileRef = EAB401612B4EF7F900C1A14A /* Join.swift */; };
		EAB401642B4F01C300C1A14A /* CommonErrorResponseDTO.swift in Sources */ = {isa = PBXBuildFile; fileRef = EAB401632B4F01C300C1A14A /* CommonErrorResponseDTO.swift */; };
		EAB401662B50590E00C1A14A /* String+.swift in Sources */ = {isa = PBXBuildFile; fileRef = EAB401652B50590E00C1A14A /* String+.swift */; };
		EAB401692B51BC6300C1A14A /* WorkspaceInitialViewController.swift in Sources */ = {isa = PBXBuildFile; fileRef = EAB401682B51BC6300C1A14A /* WorkspaceInitialViewController.swift */; };
		EAB4016B2B51D2E400C1A14A /* SSLabel.swift in Sources */ = {isa = PBXBuildFile; fileRef = EAB4016A2B51D2E400C1A14A /* SSLabel.swift */; };
		EAB4016D2B52CE1500C1A14A /* EmailSignInViewController.swift in Sources */ = {isa = PBXBuildFile; fileRef = EAB4016C2B52CE1500C1A14A /* EmailSignInViewController.swift */; };
		EAB401742B52FD8900C1A14A /* EmailSignInViewModel.swift in Sources */ = {isa = PBXBuildFile; fileRef = EAB401732B52FD8900C1A14A /* EmailSignInViewModel.swift */; };
		EAB401772B5304AD00C1A14A /* Validation.swift in Sources */ = {isa = PBXBuildFile; fileRef = EAB401762B5304AD00C1A14A /* Validation.swift */; };
		EAB401792B53237000C1A14A /* LoginDTO.swift in Sources */ = {isa = PBXBuildFile; fileRef = EAB401782B53237000C1A14A /* LoginDTO.swift */; };
		EAB4017B2B5323DA00C1A14A /* TokenDTO.swift in Sources */ = {isa = PBXBuildFile; fileRef = EAB4017A2B5323DA00C1A14A /* TokenDTO.swift */; };
		EAB4017F2B532BCA00C1A14A /* Login.swift in Sources */ = {isa = PBXBuildFile; fileRef = EAB4017E2B532BCA00C1A14A /* Login.swift */; };
		EAE494002B459B81007461C0 /* AppDelegate.swift in Sources */ = {isa = PBXBuildFile; fileRef = EAE493FF2B459B81007461C0 /* AppDelegate.swift */; };
		EAE494022B459B81007461C0 /* SceneDelegate.swift in Sources */ = {isa = PBXBuildFile; fileRef = EAE494012B459B81007461C0 /* SceneDelegate.swift */; };
		EAE494092B459B82007461C0 /* Assets.xcassets in Resources */ = {isa = PBXBuildFile; fileRef = EAE494082B459B82007461C0 /* Assets.xcassets */; };
		EAE4940C2B459B82007461C0 /* LaunchScreen.storyboard in Resources */ = {isa = PBXBuildFile; fileRef = EAE4940A2B459B82007461C0 /* LaunchScreen.storyboard */; };
		EAE494192B45DC69007461C0 /* Colors.xcassets in Resources */ = {isa = PBXBuildFile; fileRef = EAE494182B45DC69007461C0 /* Colors.xcassets */; };
		EAE4941B2B45E32C007461C0 /* Images.xcassets in Resources */ = {isa = PBXBuildFile; fileRef = EAE4941A2B45E32C007461C0 /* Images.xcassets */; };
		EAE494322B473634007461C0 /* Configurations.swift in Sources */ = {isa = PBXBuildFile; fileRef = EAE494312B473634007461C0 /* Configurations.swift */; };
		EAE494352B4749B3007461C0 /* SSFont.swift in Sources */ = {isa = PBXBuildFile; fileRef = EAE494342B4749B3007461C0 /* SSFont.swift */; };
		EAE494372B474E1C007461C0 /* SF-Pro.ttf in Resources */ = {isa = PBXBuildFile; fileRef = EAE494362B474E1B007461C0 /* SF-Pro.ttf */; };
		EAE4943B2B49D83C007461C0 /* UILabel+.swift in Sources */ = {isa = PBXBuildFile; fileRef = EAE4943A2B49D83C007461C0 /* UILabel+.swift */; };
		EAE4943E2B49D9A9007461C0 /* SnapKit in Frameworks */ = {isa = PBXBuildFile; productRef = EAE4943D2B49D9A9007461C0 /* SnapKit */; };
		EAE494412B49DB91007461C0 /* Moya in Frameworks */ = {isa = PBXBuildFile; productRef = EAE494402B49DB91007461C0 /* Moya */; };
		EAE494442B49DC42007461C0 /* RxCocoa in Frameworks */ = {isa = PBXBuildFile; productRef = EAE494432B49DC42007461C0 /* RxCocoa */; };
		EAE494462B49DC42007461C0 /* RxSwift in Frameworks */ = {isa = PBXBuildFile; productRef = EAE494452B49DC42007461C0 /* RxSwift */; };
		EAE494552B4AAD9B007461C0 /* OnboardingViewController.swift in Sources */ = {isa = PBXBuildFile; fileRef = EAE494542B4AAD9B007461C0 /* OnboardingViewController.swift */; };
		EAE494582B4AB503007461C0 /* SSButton.swift in Sources */ = {isa = PBXBuildFile; fileRef = EAE494572B4AB503007461C0 /* SSButton.swift */; };
		EAE4945B2B4B1EFE007461C0 /* BaseViewController.swift in Sources */ = {isa = PBXBuildFile; fileRef = EAE4945A2B4B1EFE007461C0 /* BaseViewController.swift */; };
		EAE4945D2B4B1FA6007461C0 /* BaseTableViewCell.swift in Sources */ = {isa = PBXBuildFile; fileRef = EAE4945C2B4B1FA6007461C0 /* BaseTableViewCell.swift */; };
		EAE4945F2B4B2058007461C0 /* BaseCollectionViewCell.swift in Sources */ = {isa = PBXBuildFile; fileRef = EAE4945E2B4B2058007461C0 /* BaseCollectionViewCell.swift */; };
		EAE494652B4B91FB007461C0 /* SelectSignInMethodViewController.swift in Sources */ = {isa = PBXBuildFile; fileRef = EAE494642B4B91FB007461C0 /* SelectSignInMethodViewController.swift */; };
		EAE494672B4C618C007461C0 /* Divider.swift in Sources */ = {isa = PBXBuildFile; fileRef = EAE494662B4C618C007461C0 /* Divider.swift */; };
		EAE4946A2B4C717C007461C0 /* SignUpViewController.swift in Sources */ = {isa = PBXBuildFile; fileRef = EAE494692B4C717C007461C0 /* SignUpViewController.swift */; };
		EAE4946D2B4C7EDD007461C0 /* SSTextField.swift in Sources */ = {isa = PBXBuildFile; fileRef = EAE4946C2B4C7EDD007461C0 /* SSTextField.swift */; };
		EAFCB62F2B546727004DA2CD /* SelectSignInMethodViewModel.swift in Sources */ = {isa = PBXBuildFile; fileRef = EAFCB62E2B546727004DA2CD /* SelectSignInMethodViewModel.swift */; };
		EAFCB6352B54751B004DA2CD /* AppleLoginRepositoryImpl.swift in Sources */ = {isa = PBXBuildFile; fileRef = EAFCB6342B54751B004DA2CD /* AppleLoginRepositoryImpl.swift */; };
		EAFCB6392B5488FD004DA2CD /* AppleLoginDTO.swift in Sources */ = {isa = PBXBuildFile; fileRef = EAFCB6382B5488FD004DA2CD /* AppleLoginDTO.swift */; };
		EAFCB63B2B548D7F004DA2CD /* AppleLogin.swift in Sources */ = {isa = PBXBuildFile; fileRef = EAFCB63A2B548D7F004DA2CD /* AppleLogin.swift */; };
		EAFCB63E2B551F8D004DA2CD /* KakaoSDKAuth in Frameworks */ = {isa = PBXBuildFile; productRef = EAFCB63D2B551F8D004DA2CD /* KakaoSDKAuth */; };
		EAFCB6402B551F8D004DA2CD /* KakaoSDKCommon in Frameworks */ = {isa = PBXBuildFile; productRef = EAFCB63F2B551F8D004DA2CD /* KakaoSDKCommon */; };
		EAFCB6442B551F8D004DA2CD /* KakaoSDKUser in Frameworks */ = {isa = PBXBuildFile; productRef = EAFCB6432B551F8D004DA2CD /* KakaoSDKUser */; };
		EAFCB6462B5557C4004DA2CD /* KakaoLoginRepositoryImpl.swift in Sources */ = {isa = PBXBuildFile; fileRef = EAFCB6452B5557C4004DA2CD /* KakaoLoginRepositoryImpl.swift */; };
		EAFCB6482B5569A7004DA2CD /* KakaoLoginDTO.swift in Sources */ = {isa = PBXBuildFile; fileRef = EAFCB6472B5569A7004DA2CD /* KakaoLoginDTO.swift */; };
		EAFCB64A2B556A9C004DA2CD /* KakaoLogin.swift in Sources */ = {isa = PBXBuildFile; fileRef = EAFCB6492B556A9C004DA2CD /* KakaoLogin.swift */; };
/* End PBXBuildFile section */

/* Begin PBXFileReference section */
		EA922D5D2B582DF400D5A0A3 /* NetworkService.swift */ = {isa = PBXFileReference; lastKnownFileType = sourcecode.swift; path = NetworkService.swift; sourceTree = "<group>"; };
		EA922D5F2B5832C400D5A0A3 /* SignRepositoryImpl.swift */ = {isa = PBXFileReference; lastKnownFileType = sourcecode.swift; path = SignRepositoryImpl.swift; sourceTree = "<group>"; };
		EA922D622B583A8200D5A0A3 /* SignRepository.swift */ = {isa = PBXFileReference; lastKnownFileType = sourcecode.swift; path = SignRepository.swift; sourceTree = "<group>"; };
		EA922D652B584D4600D5A0A3 /* SignSceneDIContainer.swift */ = {isa = PBXFileReference; lastKnownFileType = sourcecode.swift; path = SignSceneDIContainer.swift; sourceTree = "<group>"; };
		EA922D672B585B3200D5A0A3 /* AppCoordinator.swift */ = {isa = PBXFileReference; lastKnownFileType = sourcecode.swift; path = AppCoordinator.swift; sourceTree = "<group>"; };
		EA922D6A2B5864FE00D5A0A3 /* AppDIContainer.swift */ = {isa = PBXFileReference; lastKnownFileType = sourcecode.swift; path = AppDIContainer.swift; sourceTree = "<group>"; };
		EA922D6C2B586E0E00D5A0A3 /* OnboardingCoordinator.swift */ = {isa = PBXFileReference; lastKnownFileType = sourcecode.swift; path = OnboardingCoordinator.swift; sourceTree = "<group>"; };
		EA922D6E2B5873CA00D5A0A3 /* SelectSignInCoordinator.swift */ = {isa = PBXFileReference; lastKnownFileType = sourcecode.swift; path = SelectSignInCoordinator.swift; sourceTree = "<group>"; };
		EA922D702B58764800D5A0A3 /* EmailSignInCoordinator.swift */ = {isa = PBXFileReference; lastKnownFileType = sourcecode.swift; path = EmailSignInCoordinator.swift; sourceTree = "<group>"; };
		EA922D722B59A81900D5A0A3 /* SignUpCoordinator.swift */ = {isa = PBXFileReference; lastKnownFileType = sourcecode.swift; path = SignUpCoordinator.swift; sourceTree = "<group>"; };
		EA922D762B59BFE300D5A0A3 /* AppleLoginRepository.swift */ = {isa = PBXFileReference; lastKnownFileType = sourcecode.swift; path = AppleLoginRepository.swift; sourceTree = "<group>"; };
		EA922D782B59C2A500D5A0A3 /* KakaoLoginRepository.swift */ = {isa = PBXFileReference; lastKnownFileType = sourcecode.swift; path = KakaoLoginRepository.swift; sourceTree = "<group>"; };
		EA922D7A2B59C93300D5A0A3 /* SsacsuError.swift */ = {isa = PBXFileReference; lastKnownFileType = sourcecode.swift; path = SsacsuError.swift; sourceTree = "<group>"; };
		EA922D7C2B5E605A00D5A0A3 /* Token.swift */ = {isa = PBXFileReference; lastKnownFileType = sourcecode.swift; path = Token.swift; sourceTree = "<group>"; };
		EAB4014D2B4DC5D900C1A14A /* ViewModelType.swift */ = {isa = PBXFileReference; lastKnownFileType = sourcecode.swift; path = ViewModelType.swift; sourceTree = "<group>"; };
		EAB4014F2B4DC77500C1A14A /* SignUpViewModel.swift */ = {isa = PBXFileReference; lastKnownFileType = sourcecode.swift; path = SignUpViewModel.swift; sourceTree = "<group>"; };
		EAB401522B4DEA1200C1A14A /* SsacsuAPI.swift */ = {isa = PBXFileReference; lastKnownFileType = sourcecode.swift; path = SsacsuAPI.swift; sourceTree = "<group>"; };
		EAB401552B4DEC1300C1A14A /* EmailValidationDTO.swift */ = {isa = PBXFileReference; lastKnownFileType = sourcecode.swift; path = EmailValidationDTO.swift; sourceTree = "<group>"; };
		EAB4015D2B4EF75100C1A14A /* JoinDTO.swift */ = {isa = PBXFileReference; lastKnownFileType = sourcecode.swift; path = JoinDTO.swift; sourceTree = "<group>"; };
		EAB401612B4EF7F900C1A14A /* Join.swift */ = {isa = PBXFileReference; lastKnownFileType = sourcecode.swift; path = Join.swift; sourceTree = "<group>"; };
		EAB401632B4F01C300C1A14A /* CommonErrorResponseDTO.swift */ = {isa = PBXFileReference; lastKnownFileType = sourcecode.swift; path = CommonErrorResponseDTO.swift; sourceTree = "<group>"; };
		EAB401652B50590E00C1A14A /* String+.swift */ = {isa = PBXFileReference; lastKnownFileType = sourcecode.swift; path = "String+.swift"; sourceTree = "<group>"; };
		EAB401682B51BC6300C1A14A /* WorkspaceInitialViewController.swift */ = {isa = PBXFileReference; lastKnownFileType = sourcecode.swift; path = WorkspaceInitialViewController.swift; sourceTree = "<group>"; };
		EAB4016A2B51D2E400C1A14A /* SSLabel.swift */ = {isa = PBXFileReference; lastKnownFileType = sourcecode.swift; path = SSLabel.swift; sourceTree = "<group>"; };
		EAB4016C2B52CE1500C1A14A /* EmailSignInViewController.swift */ = {isa = PBXFileReference; lastKnownFileType = sourcecode.swift; path = EmailSignInViewController.swift; sourceTree = "<group>"; };
		EAB401732B52FD8900C1A14A /* EmailSignInViewModel.swift */ = {isa = PBXFileReference; lastKnownFileType = sourcecode.swift; path = EmailSignInViewModel.swift; sourceTree = "<group>"; };
		EAB401762B5304AD00C1A14A /* Validation.swift */ = {isa = PBXFileReference; lastKnownFileType = sourcecode.swift; path = Validation.swift; sourceTree = "<group>"; };
		EAB401782B53237000C1A14A /* LoginDTO.swift */ = {isa = PBXFileReference; lastKnownFileType = sourcecode.swift; path = LoginDTO.swift; sourceTree = "<group>"; };
		EAB4017A2B5323DA00C1A14A /* TokenDTO.swift */ = {isa = PBXFileReference; lastKnownFileType = sourcecode.swift; path = TokenDTO.swift; sourceTree = "<group>"; };
		EAB4017E2B532BCA00C1A14A /* Login.swift */ = {isa = PBXFileReference; lastKnownFileType = sourcecode.swift; path = Login.swift; sourceTree = "<group>"; };
		EAE493FC2B459B81007461C0 /* SsacSu.app */ = {isa = PBXFileReference; explicitFileType = wrapper.application; includeInIndex = 0; path = SsacSu.app; sourceTree = BUILT_PRODUCTS_DIR; };
		EAE493FF2B459B81007461C0 /* AppDelegate.swift */ = {isa = PBXFileReference; lastKnownFileType = sourcecode.swift; path = AppDelegate.swift; sourceTree = "<group>"; };
		EAE494012B459B81007461C0 /* SceneDelegate.swift */ = {isa = PBXFileReference; lastKnownFileType = sourcecode.swift; path = SceneDelegate.swift; sourceTree = "<group>"; };
		EAE494082B459B82007461C0 /* Assets.xcassets */ = {isa = PBXFileReference; lastKnownFileType = folder.assetcatalog; path = Assets.xcassets; sourceTree = "<group>"; };
		EAE4940B2B459B82007461C0 /* Base */ = {isa = PBXFileReference; lastKnownFileType = file.storyboard; name = Base; path = Base.lproj/LaunchScreen.storyboard; sourceTree = "<group>"; };
		EAE4940D2B459B82007461C0 /* Info.plist */ = {isa = PBXFileReference; lastKnownFileType = text.plist.xml; path = Info.plist; sourceTree = "<group>"; };
		EAE494182B45DC69007461C0 /* Colors.xcassets */ = {isa = PBXFileReference; lastKnownFileType = folder.assetcatalog; path = Colors.xcassets; sourceTree = "<group>"; };
		EAE4941A2B45E32C007461C0 /* Images.xcassets */ = {isa = PBXFileReference; lastKnownFileType = folder.assetcatalog; path = Images.xcassets; sourceTree = "<group>"; };
		EAE494302B4733F1007461C0 /* Secrets.xcconfig */ = {isa = PBXFileReference; lastKnownFileType = text.xcconfig; path = Secrets.xcconfig; sourceTree = "<group>"; };
		EAE494312B473634007461C0 /* Configurations.swift */ = {isa = PBXFileReference; lastKnownFileType = sourcecode.swift; path = Configurations.swift; sourceTree = "<group>"; };
		EAE494342B4749B3007461C0 /* SSFont.swift */ = {isa = PBXFileReference; lastKnownFileType = sourcecode.swift; path = SSFont.swift; sourceTree = "<group>"; };
		EAE494362B474E1B007461C0 /* SF-Pro.ttf */ = {isa = PBXFileReference; lastKnownFileType = file; path = "SF-Pro.ttf"; sourceTree = "<group>"; };
		EAE4943A2B49D83C007461C0 /* UILabel+.swift */ = {isa = PBXFileReference; lastKnownFileType = sourcecode.swift; path = "UILabel+.swift"; sourceTree = "<group>"; };
		EAE494542B4AAD9B007461C0 /* OnboardingViewController.swift */ = {isa = PBXFileReference; lastKnownFileType = sourcecode.swift; path = OnboardingViewController.swift; sourceTree = "<group>"; };
		EAE494572B4AB503007461C0 /* SSButton.swift */ = {isa = PBXFileReference; lastKnownFileType = sourcecode.swift; path = SSButton.swift; sourceTree = "<group>"; };
		EAE4945A2B4B1EFE007461C0 /* BaseViewController.swift */ = {isa = PBXFileReference; lastKnownFileType = sourcecode.swift; path = BaseViewController.swift; sourceTree = "<group>"; };
		EAE4945C2B4B1FA6007461C0 /* BaseTableViewCell.swift */ = {isa = PBXFileReference; lastKnownFileType = sourcecode.swift; path = BaseTableViewCell.swift; sourceTree = "<group>"; };
		EAE4945E2B4B2058007461C0 /* BaseCollectionViewCell.swift */ = {isa = PBXFileReference; lastKnownFileType = sourcecode.swift; path = BaseCollectionViewCell.swift; sourceTree = "<group>"; };
		EAE494642B4B91FB007461C0 /* SelectSignInMethodViewController.swift */ = {isa = PBXFileReference; lastKnownFileType = sourcecode.swift; path = SelectSignInMethodViewController.swift; sourceTree = "<group>"; };
		EAE494662B4C618C007461C0 /* Divider.swift */ = {isa = PBXFileReference; lastKnownFileType = sourcecode.swift; path = Divider.swift; sourceTree = "<group>"; };
		EAE494692B4C717C007461C0 /* SignUpViewController.swift */ = {isa = PBXFileReference; lastKnownFileType = sourcecode.swift; path = SignUpViewController.swift; sourceTree = "<group>"; };
		EAE4946C2B4C7EDD007461C0 /* SSTextField.swift */ = {isa = PBXFileReference; lastKnownFileType = sourcecode.swift; path = SSTextField.swift; sourceTree = "<group>"; };
		EAFCB62E2B546727004DA2CD /* SelectSignInMethodViewModel.swift */ = {isa = PBXFileReference; lastKnownFileType = sourcecode.swift; path = SelectSignInMethodViewModel.swift; sourceTree = "<group>"; };
		EAFCB6342B54751B004DA2CD /* AppleLoginRepositoryImpl.swift */ = {isa = PBXFileReference; lastKnownFileType = sourcecode.swift; path = AppleLoginRepositoryImpl.swift; sourceTree = "<group>"; };
		EAFCB6372B547D86004DA2CD /* SsacSu.entitlements */ = {isa = PBXFileReference; lastKnownFileType = text.plist.entitlements; path = SsacSu.entitlements; sourceTree = "<group>"; };
		EAFCB6382B5488FD004DA2CD /* AppleLoginDTO.swift */ = {isa = PBXFileReference; lastKnownFileType = sourcecode.swift; path = AppleLoginDTO.swift; sourceTree = "<group>"; };
		EAFCB63A2B548D7F004DA2CD /* AppleLogin.swift */ = {isa = PBXFileReference; lastKnownFileType = sourcecode.swift; path = AppleLogin.swift; sourceTree = "<group>"; };
		EAFCB6452B5557C4004DA2CD /* KakaoLoginRepositoryImpl.swift */ = {isa = PBXFileReference; lastKnownFileType = sourcecode.swift; path = KakaoLoginRepositoryImpl.swift; sourceTree = "<group>"; };
		EAFCB6472B5569A7004DA2CD /* KakaoLoginDTO.swift */ = {isa = PBXFileReference; lastKnownFileType = sourcecode.swift; path = KakaoLoginDTO.swift; sourceTree = "<group>"; };
		EAFCB6492B556A9C004DA2CD /* KakaoLogin.swift */ = {isa = PBXFileReference; lastKnownFileType = sourcecode.swift; path = KakaoLogin.swift; sourceTree = "<group>"; };
/* End PBXFileReference section */

/* Begin PBXFrameworksBuildPhase section */
		EAE493F92B459B81007461C0 /* Frameworks */ = {
			isa = PBXFrameworksBuildPhase;
			buildActionMask = 2147483647;
			files = (
				EAE494442B49DC42007461C0 /* RxCocoa in Frameworks */,
				EAE494412B49DB91007461C0 /* Moya in Frameworks */,
				EAE494462B49DC42007461C0 /* RxSwift in Frameworks */,
				EAE4943E2B49D9A9007461C0 /* SnapKit in Frameworks */,
				EAFCB6442B551F8D004DA2CD /* KakaoSDKUser in Frameworks */,
				EAFCB6402B551F8D004DA2CD /* KakaoSDKCommon in Frameworks */,
				EAFCB63E2B551F8D004DA2CD /* KakaoSDKAuth in Frameworks */,
			);
			runOnlyForDeploymentPostprocessing = 0;
		};
/* End PBXFrameworksBuildPhase section */

/* Begin PBXGroup section */
		EA922D612B583A5600D5A0A3 /* Interfaces */ = {
			isa = PBXGroup;
			children = (
				EA922D762B59BFE300D5A0A3 /* AppleLoginRepository.swift */,
				EA922D782B59C2A500D5A0A3 /* KakaoLoginRepository.swift */,
				EA922D622B583A8200D5A0A3 /* SignRepository.swift */,
			);
			path = Interfaces;
			sourceTree = "<group>";
		};
		EA922D642B584D2700D5A0A3 /* DIContainer */ = {
			isa = PBXGroup;
			children = (
				EA922D6A2B5864FE00D5A0A3 /* AppDIContainer.swift */,
				EA922D652B584D4600D5A0A3 /* SignSceneDIContainer.swift */,
			);
			path = DIContainer;
			sourceTree = "<group>";
		};
		EA922D692B58617D00D5A0A3 /* Flows */ = {
			isa = PBXGroup;
			children = (
				EA922D832B5EB11900D5A0A3 /* Sign */,
			);
			path = Flows;
			sourceTree = "<group>";
		};
		EA922D832B5EB11900D5A0A3 /* Sign */ = {
			isa = PBXGroup;
			children = (
				EA922D6C2B586E0E00D5A0A3 /* OnboardingCoordinator.swift */,
				EA922D6E2B5873CA00D5A0A3 /* SelectSignInCoordinator.swift */,
				EA922D702B58764800D5A0A3 /* EmailSignInCoordinator.swift */,
				EA922D722B59A81900D5A0A3 /* SignUpCoordinator.swift */,
			);
			path = Sign;
			sourceTree = "<group>";
		};
		EA922D842B5EB12700D5A0A3 /* Workspace */ = {
			isa = PBXGroup;
			children = (
				EA922D852B5EB14E00D5A0A3 /* WorkspaceInitialCoordinator.swift */,
				EA922D932B5ED2F000D5A0A3 /* WorkspaceHomeCoordinator.swift */,
			);
			path = Workspace;
			sourceTree = "<group>";
		};
		EA922D892B5EB25400D5A0A3 /* Initial */ = {
			isa = PBXGroup;
			children = (
				EAB401682B51BC6300C1A14A /* WorkspaceInitialViewController.swift */,
				EA922D872B5EB25100D5A0A3 /* WorkspaceInitialViewModel.swift */,
			);
			path = Initial;
			sourceTree = "<group>";
		};
		EA922D8C2B5EBAA700D5A0A3 /* Splash */ = {
			isa = PBXGroup;
			children = (
				EA922D8D2B5EBAB400D5A0A3 /* SplashViewController.swift */,
				EA922D8F2B5EC0B100D5A0A3 /* SplashViewModel.swift */,
			);
			path = Splash;
			sourceTree = "<group>";
		};
		EA922D952B5ED3AA00D5A0A3 /* Home */ = {
			isa = PBXGroup;
			children = (
				EA922D7F2B5EAC0800D5A0A3 /* WorkspaceHomeViewController.swift */,
				EA922D962B5ED3B700D5A0A3 /* WorkspaceHomeViewModel.swift */,
				EA922D982B5EE2F600D5A0A3 /* WorkspaceEmptyView.swift */,
			);
			path = Home;
			sourceTree = "<group>";
		};
		EAB4014C2B4DC5C000C1A14A /* Protocols */ = {
			isa = PBXGroup;
			children = (
				EAB4014D2B4DC5D900C1A14A /* ViewModelType.swift */,
			);
			path = Protocols;
			sourceTree = "<group>";
		};
		EAB401512B4DE9B400C1A14A /* Network */ = {
			isa = PBXGroup;
			children = (
				EAB401522B4DEA1200C1A14A /* SsacsuAPI.swift */,
				EA922D7A2B59C93300D5A0A3 /* SsacsuError.swift */,
				EA922D5D2B582DF400D5A0A3 /* NetworkService.swift */,
			);
			path = Network;
			sourceTree = "<group>";
		};
		EAB401542B4DEB9400C1A14A /* Data */ = {
			isa = PBXGroup;
			children = (
				EAFCB6362B547628004DA2CD /* Network */,
				EAFCB6332B54699B004DA2CD /* Repositories */,
			);
			path = Data;
			sourceTree = "<group>";
		};
		EAB4015F2B4EF7E500C1A14A /* Domain */ = {
			isa = PBXGroup;
			children = (
				EAB401602B4EF7EC00C1A14A /* Entities */,
				EA922D612B583A5600D5A0A3 /* Interfaces */,
			);
			path = Domain;
			sourceTree = "<group>";
		};
		EAB401602B4EF7EC00C1A14A /* Entities */ = {
			isa = PBXGroup;
			children = (
				EAB401612B4EF7F900C1A14A /* Join.swift */,
				EAB4017E2B532BCA00C1A14A /* Login.swift */,
				EAFCB63A2B548D7F004DA2CD /* AppleLogin.swift */,
				EAFCB6492B556A9C004DA2CD /* KakaoLogin.swift */,
			);
			path = Entities;
			sourceTree = "<group>";
		};
		EAB401672B51BBF600C1A14A /* Workspace */ = {
			isa = PBXGroup;
			children = (
				EAB401682B51BC6300C1A14A /* WorkspaceInitialViewController.swift */,
			);
			path = Workspace;
			sourceTree = "<group>";
		};
		EAB4016E2B52DC9300C1A14A /* View */ = {
			isa = PBXGroup;
			children = (
				EAB4016C2B52CE1500C1A14A /* EmailSignInViewController.swift */,
			);
			path = View;
			sourceTree = "<group>";
		};
		EAB4016F2B52DC9700C1A14A /* ViewModel */ = {
			isa = PBXGroup;
			children = (
				EAB401732B52FD8900C1A14A /* EmailSignInViewModel.swift */,
			);
			path = ViewModel;
			sourceTree = "<group>";
		};
		EAB401722B52DCE500C1A14A /* Email */ = {
			isa = PBXGroup;
			children = (
				EAB4016E2B52DC9300C1A14A /* View */,
				EAB4016F2B52DC9700C1A14A /* ViewModel */,
			);
			path = Email;
			sourceTree = "<group>";
		};
		EAB401752B53049D00C1A14A /* Helpers */ = {
			isa = PBXGroup;
			children = (
				EAB401762B5304AD00C1A14A /* Validation.swift */,
				EA922D7C2B5E605A00D5A0A3 /* Token.swift */,
			);
			path = Helpers;
			sourceTree = "<group>";
		};
		EAE493F32B459B80007461C0 = {
			isa = PBXGroup;
			children = (
				EAE494302B4733F1007461C0 /* Secrets.xcconfig */,
				EAE493FE2B459B81007461C0 /* SsacSu */,
				EAE493FD2B459B81007461C0 /* Products */,
			);
			sourceTree = "<group>";
		};
		EAE493FD2B459B81007461C0 /* Products */ = {
			isa = PBXGroup;
			children = (
				EAE493FC2B459B81007461C0 /* SsacSu.app */,
			);
			name = Products;
			sourceTree = "<group>";
		};
		EAE493FE2B459B81007461C0 /* SsacSu */ = {
			isa = PBXGroup;
			children = (
				EAFCB6372B547D86004DA2CD /* SsacSu.entitlements */,
				EAE4942B2B473381007461C0 /* App */,
				EAB401512B4DE9B400C1A14A /* Network */,
				EAB401542B4DEB9400C1A14A /* Data */,
				EAB4015F2B4EF7E500C1A14A /* Domain */,
				EAE4942C2B47338A007461C0 /* Presentation */,
				EAE4942E2B47339C007461C0 /* Resource */,
			);
			path = SsacSu;
			sourceTree = "<group>";
		};
		EAE4942B2B473381007461C0 /* App */ = {
			isa = PBXGroup;
			children = (
				EAE493FF2B459B81007461C0 /* AppDelegate.swift */,
				EAE494012B459B81007461C0 /* SceneDelegate.swift */,
				EAE494312B473634007461C0 /* Configurations.swift */,
				EA922D672B585B3200D5A0A3 /* AppCoordinator.swift */,
				EA922D642B584D2700D5A0A3 /* DIContainer */,
			);
			path = App;
			sourceTree = "<group>";
		};
		EAE4942C2B47338A007461C0 /* Presentation */ = {
			isa = PBXGroup;
			children = (
				EAE494382B49D806007461C0 /* Utils */,
				EAE494562B4AB3CF007461C0 /* Components */,
				EAE4942D2B473394007461C0 /* Scenes */,
			);
			path = Presentation;
			sourceTree = "<group>";
		};
		EAE4942D2B473394007461C0 /* Scenes */ = {
			isa = PBXGroup;
			children = (
				EA922D692B58617D00D5A0A3 /* Flows */,
				EAE494532B4AAD3A007461C0 /* Onboarding */,
				EAE494682B4C6F76007461C0 /* SignUp */,
				EAE494632B4B91D7007461C0 /* SignIn */,
				EAB401672B51BBF600C1A14A /* Workspace */,
			);
			path = Scenes;
			sourceTree = "<group>";
		};
		EAE4942E2B47339C007461C0 /* Resource */ = {
			isa = PBXGroup;
			children = (
				EAE4940A2B459B82007461C0 /* LaunchScreen.storyboard */,
				EAE4942F2B4733A6007461C0 /* Assets */,
				EAE494332B47496A007461C0 /* Fonts */,
				EAE4940D2B459B82007461C0 /* Info.plist */,
			);
			path = Resource;
			sourceTree = "<group>";
		};
		EAE4942F2B4733A6007461C0 /* Assets */ = {
			isa = PBXGroup;
			children = (
				EAE494082B459B82007461C0 /* Assets.xcassets */,
				EAE494182B45DC69007461C0 /* Colors.xcassets */,
				EAE4941A2B45E32C007461C0 /* Images.xcassets */,
			);
			path = Assets;
			sourceTree = "<group>";
		};
		EAE494332B47496A007461C0 /* Fonts */ = {
			isa = PBXGroup;
			children = (
				EAE494362B474E1B007461C0 /* SF-Pro.ttf */,
				EAE494342B4749B3007461C0 /* SSFont.swift */,
			);
			path = Fonts;
			sourceTree = "<group>";
		};
		EAE494382B49D806007461C0 /* Utils */ = {
			isa = PBXGroup;
			children = (
				EAE494392B49D80D007461C0 /* Extensions */,
				EAB4014C2B4DC5C000C1A14A /* Protocols */,
				EAB401752B53049D00C1A14A /* Helpers */,
				EAE494592B4B1ECC007461C0 /* Base */,
			);
			path = Utils;
			sourceTree = "<group>";
		};
		EAE494392B49D80D007461C0 /* Extensions */ = {
			isa = PBXGroup;
			children = (
				EAE4943A2B49D83C007461C0 /* UILabel+.swift */,
				EAB401652B50590E00C1A14A /* String+.swift */,
			);
			path = Extensions;
			sourceTree = "<group>";
		};
		EAE494532B4AAD3A007461C0 /* Onboarding */ = {
			isa = PBXGroup;
			children = (
				EAE494542B4AAD9B007461C0 /* OnboardingViewController.swift */,
			);
			path = Onboarding;
			sourceTree = "<group>";
		};
		EAE494562B4AB3CF007461C0 /* Components */ = {
			isa = PBXGroup;
			children = (
				EAE494572B4AB503007461C0 /* SSButton.swift */,
				EAB4016A2B51D2E400C1A14A /* SSLabel.swift */,
				EAE4946C2B4C7EDD007461C0 /* SSTextField.swift */,
				EAE494662B4C618C007461C0 /* Divider.swift */,
			);
			path = Components;
			sourceTree = "<group>";
		};
		EAE494592B4B1ECC007461C0 /* Base */ = {
			isa = PBXGroup;
			children = (
				EAE4945A2B4B1EFE007461C0 /* BaseViewController.swift */,
				EAE4945C2B4B1FA6007461C0 /* BaseTableViewCell.swift */,
				EAE4945E2B4B2058007461C0 /* BaseCollectionViewCell.swift */,
			);
			path = Base;
			sourceTree = "<group>";
		};
		EAE494632B4B91D7007461C0 /* SignIn */ = {
			isa = PBXGroup;
			children = (
				EAFCB6322B54673F004DA2CD /* SelectSignInMethod */,
				EAB401722B52DCE500C1A14A /* Email */,
			);
			path = SignIn;
			sourceTree = "<group>";
		};
		EAE494682B4C6F76007461C0 /* SignUp */ = {
			isa = PBXGroup;
			children = (
				EAE494692B4C717C007461C0 /* SignUpViewController.swift */,
				EAB4014F2B4DC77500C1A14A /* SignUpViewModel.swift */,
			);
			path = SignUp;
			sourceTree = "<group>";
		};
		EAFCB6302B54672B004DA2CD /* View */ = {
			isa = PBXGroup;
			children = (
				EAE494642B4B91FB007461C0 /* SelectSignInMethodViewController.swift */,
			);
			path = View;
			sourceTree = "<group>";
		};
		EAFCB6312B546730004DA2CD /* ViewModel */ = {
			isa = PBXGroup;
			children = (
				EAFCB62E2B546727004DA2CD /* SelectSignInMethodViewModel.swift */,
			);
			path = ViewModel;
			sourceTree = "<group>";
		};
		EAFCB6322B54673F004DA2CD /* SelectSignInMethod */ = {
			isa = PBXGroup;
			children = (
				EAFCB6302B54672B004DA2CD /* View */,
				EAFCB6312B546730004DA2CD /* ViewModel */,
			);
			path = SelectSignInMethod;
			sourceTree = "<group>";
		};
		EAFCB6332B54699B004DA2CD /* Repositories */ = {
			isa = PBXGroup;
			children = (
				EAFCB6342B54751B004DA2CD /* AppleLoginRepositoryImpl.swift */,
				EAFCB6452B5557C4004DA2CD /* KakaoLoginRepositoryImpl.swift */,
				EA922D5F2B5832C400D5A0A3 /* SignRepositoryImpl.swift */,
			);
			path = Repositories;
			sourceTree = "<group>";
		};
		EAFCB6362B547628004DA2CD /* Network */ = {
			isa = PBXGroup;
			children = (
				EAB401632B4F01C300C1A14A /* CommonErrorResponseDTO.swift */,
				EAB401552B4DEC1300C1A14A /* EmailValidationDTO.swift */,
				EAB4015D2B4EF75100C1A14A /* JoinDTO.swift */,
				EAFCB6382B5488FD004DA2CD /* AppleLoginDTO.swift */,
				EAFCB6472B5569A7004DA2CD /* KakaoLoginDTO.swift */,
				EAB401782B53237000C1A14A /* LoginDTO.swift */,
				EAB4017A2B5323DA00C1A14A /* TokenDTO.swift */,
			);
			path = Network;
			sourceTree = "<group>";
		};
/* End PBXGroup section */

/* Begin PBXNativeTarget section */
		EAE493FB2B459B81007461C0 /* SsacSu */ = {
			isa = PBXNativeTarget;
			buildConfigurationList = EAE494102B459B82007461C0 /* Build configuration list for PBXNativeTarget "SsacSu" */;
			buildPhases = (
				EAE493F82B459B81007461C0 /* Sources */,
				EAE493F92B459B81007461C0 /* Frameworks */,
				EAE493FA2B459B81007461C0 /* Resources */,
			);
			buildRules = (
			);
			dependencies = (
			);
			name = SsacSu;
			packageProductDependencies = (
				EAE4943D2B49D9A9007461C0 /* SnapKit */,
				EAE494402B49DB91007461C0 /* Moya */,
				EAE494432B49DC42007461C0 /* RxCocoa */,
				EAE494452B49DC42007461C0 /* RxSwift */,
				EAFCB63D2B551F8D004DA2CD /* KakaoSDKAuth */,
				EAFCB63F2B551F8D004DA2CD /* KakaoSDKCommon */,
				EAFCB6432B551F8D004DA2CD /* KakaoSDKUser */,
			);
			productName = SsacSu;
			productReference = EAE493FC2B459B81007461C0 /* SsacSu.app */;
			productType = "com.apple.product-type.application";
		};
/* End PBXNativeTarget section */

/* Begin PBXProject section */
		EAE493F42B459B80007461C0 /* Project object */ = {
			isa = PBXProject;
			attributes = {
				BuildIndependentTargetsInParallel = 1;
				LastSwiftUpdateCheck = 1500;
				LastUpgradeCheck = 1500;
				TargetAttributes = {
					EAE493FB2B459B81007461C0 = {
						CreatedOnToolsVersion = 15.0.1;
					};
				};
			};
			buildConfigurationList = EAE493F72B459B80007461C0 /* Build configuration list for PBXProject "SsacSu" */;
			compatibilityVersion = "Xcode 14.0";
			developmentRegion = en;
			hasScannedForEncodings = 0;
			knownRegions = (
				en,
				Base,
			);
			mainGroup = EAE493F32B459B80007461C0;
			packageReferences = (
				EAE4943C2B49D9A9007461C0 /* XCRemoteSwiftPackageReference "SnapKit" */,
				EAE4943F2B49DB91007461C0 /* XCRemoteSwiftPackageReference "Moya" */,
				EAE494422B49DC42007461C0 /* XCRemoteSwiftPackageReference "RxSwift" */,
				EAFCB63C2B551F8D004DA2CD /* XCRemoteSwiftPackageReference "kakao-ios-sdk" */,
			);
			productRefGroup = EAE493FD2B459B81007461C0 /* Products */;
			projectDirPath = "";
			projectRoot = "";
			targets = (
				EAE493FB2B459B81007461C0 /* SsacSu */,
			);
		};
/* End PBXProject section */

/* Begin PBXResourcesBuildPhase section */
		EAE493FA2B459B81007461C0 /* Resources */ = {
			isa = PBXResourcesBuildPhase;
			buildActionMask = 2147483647;
			files = (
				EAE4940C2B459B82007461C0 /* LaunchScreen.storyboard in Resources */,
				EAE4941B2B45E32C007461C0 /* Images.xcassets in Resources */,
				EAE494192B45DC69007461C0 /* Colors.xcassets in Resources */,
				EAE494092B459B82007461C0 /* Assets.xcassets in Resources */,
				EAE494372B474E1C007461C0 /* SF-Pro.ttf in Resources */,
			);
			runOnlyForDeploymentPostprocessing = 0;
		};
/* End PBXResourcesBuildPhase section */

/* Begin PBXSourcesBuildPhase section */
		EAE493F82B459B81007461C0 /* Sources */ = {
			isa = PBXSourcesBuildPhase;
			buildActionMask = 2147483647;
			files = (
				EA922D6B2B5864FE00D5A0A3 /* AppDIContainer.swift in Sources */,
				EAE4945D2B4B1FA6007461C0 /* BaseTableViewCell.swift in Sources */,
				EAFCB6462B5557C4004DA2CD /* KakaoLoginRepositoryImpl.swift in Sources */,
				EAE4943B2B49D83C007461C0 /* UILabel+.swift in Sources */,
				EA922D6F2B5873CA00D5A0A3 /* SelectSignInCoordinator.swift in Sources */,
				EAB401642B4F01C300C1A14A /* CommonErrorResponseDTO.swift in Sources */,
				EA922D602B5832C400D5A0A3 /* SignRepositoryImpl.swift in Sources */,
				EA922D682B585B3200D5A0A3 /* AppCoordinator.swift in Sources */,
				EAB4017F2B532BCA00C1A14A /* Login.swift in Sources */,
				EAB401502B4DC77500C1A14A /* SignUpViewModel.swift in Sources */,
				EAB4015E2B4EF75100C1A14A /* JoinDTO.swift in Sources */,
				EAFCB64A2B556A9C004DA2CD /* KakaoLogin.swift in Sources */,
				EAFCB6482B5569A7004DA2CD /* KakaoLoginDTO.swift in Sources */,
				EAB401772B5304AD00C1A14A /* Validation.swift in Sources */,
				EAB4017B2B5323DA00C1A14A /* TokenDTO.swift in Sources */,
				EA922D7D2B5E605A00D5A0A3 /* Token.swift in Sources */,
				EAE494672B4C618C007461C0 /* Divider.swift in Sources */,
				EAE4946D2B4C7EDD007461C0 /* SSTextField.swift in Sources */,
				EAE494552B4AAD9B007461C0 /* OnboardingViewController.swift in Sources */,
				EAE494582B4AB503007461C0 /* SSButton.swift in Sources */,
				EAB401792B53237000C1A14A /* LoginDTO.swift in Sources */,
				EAFCB6392B5488FD004DA2CD /* AppleLoginDTO.swift in Sources */,
				EAE4945F2B4B2058007461C0 /* BaseCollectionViewCell.swift in Sources */,
				EA922D662B584D4600D5A0A3 /* SignSceneDIContainer.swift in Sources */,
				EAE4945B2B4B1EFE007461C0 /* BaseViewController.swift in Sources */,
				EA922D792B59C2A500D5A0A3 /* KakaoLoginRepository.swift in Sources */,
				EAB4014E2B4DC5D900C1A14A /* ViewModelType.swift in Sources */,
				EAE494002B459B81007461C0 /* AppDelegate.swift in Sources */,
				EA922D5E2B582DF400D5A0A3 /* NetworkService.swift in Sources */,
				EAE494322B473634007461C0 /* Configurations.swift in Sources */,
				EAFCB62F2B546727004DA2CD /* SelectSignInMethodViewModel.swift in Sources */,
				EAB401742B52FD8900C1A14A /* EmailSignInViewModel.swift in Sources */,
				EA922D7B2B59C93300D5A0A3 /* SsacsuError.swift in Sources */,
				EAB4016D2B52CE1500C1A14A /* EmailSignInViewController.swift in Sources */,
				EAB401692B51BC6300C1A14A /* WorkspaceInitialViewController.swift in Sources */,
				EAE494022B459B81007461C0 /* SceneDelegate.swift in Sources */,
				EAB401562B4DEC1300C1A14A /* EmailValidationDTO.swift in Sources */,
				EAE494352B4749B3007461C0 /* SSFont.swift in Sources */,
				EAFCB6352B54751B004DA2CD /* AppleLoginRepositoryImpl.swift in Sources */,
				EAE4946A2B4C717C007461C0 /* SignUpViewController.swift in Sources */,
				EAB4016B2B51D2E400C1A14A /* SSLabel.swift in Sources */,
				EAB401532B4DEA1200C1A14A /* SsacsuAPI.swift in Sources */,
				EAB401662B50590E00C1A14A /* String+.swift in Sources */,
				EAE494652B4B91FB007461C0 /* SelectSignInMethodViewController.swift in Sources */,
				EAB401622B4EF7F900C1A14A /* Join.swift in Sources */,
				EA922D632B583A8200D5A0A3 /* SignRepository.swift in Sources */,
				EA922D732B59A81900D5A0A3 /* SignUpCoordinator.swift in Sources */,
				EAFCB63B2B548D7F004DA2CD /* AppleLogin.swift in Sources */,
				EA922D712B58764800D5A0A3 /* EmailSignInCoordinator.swift in Sources */,
				EA922D772B59BFE300D5A0A3 /* AppleLoginRepository.swift in Sources */,
				EA922D6D2B586E0E00D5A0A3 /* OnboardingCoordinator.swift in Sources */,
			);
			runOnlyForDeploymentPostprocessing = 0;
		};
/* End PBXSourcesBuildPhase section */

/* Begin PBXVariantGroup section */
		EAE4940A2B459B82007461C0 /* LaunchScreen.storyboard */ = {
			isa = PBXVariantGroup;
			children = (
				EAE4940B2B459B82007461C0 /* Base */,
			);
			name = LaunchScreen.storyboard;
			sourceTree = "<group>";
		};
/* End PBXVariantGroup section */

/* Begin XCBuildConfiguration section */
		EAE4940E2B459B82007461C0 /* Debug */ = {
			isa = XCBuildConfiguration;
			buildSettings = {
				ALWAYS_SEARCH_USER_PATHS = NO;
				ASSETCATALOG_COMPILER_GENERATE_SWIFT_ASSET_SYMBOL_EXTENSIONS = YES;
				CLANG_ANALYZER_NONNULL = YES;
				CLANG_ANALYZER_NUMBER_OBJECT_CONVERSION = YES_AGGRESSIVE;
				CLANG_CXX_LANGUAGE_STANDARD = "gnu++20";
				CLANG_ENABLE_MODULES = YES;
				CLANG_ENABLE_OBJC_ARC = YES;
				CLANG_ENABLE_OBJC_WEAK = YES;
				CLANG_WARN_BLOCK_CAPTURE_AUTORELEASING = YES;
				CLANG_WARN_BOOL_CONVERSION = YES;
				CLANG_WARN_COMMA = YES;
				CLANG_WARN_CONSTANT_CONVERSION = YES;
				CLANG_WARN_DEPRECATED_OBJC_IMPLEMENTATIONS = YES;
				CLANG_WARN_DIRECT_OBJC_ISA_USAGE = YES_ERROR;
				CLANG_WARN_DOCUMENTATION_COMMENTS = YES;
				CLANG_WARN_EMPTY_BODY = YES;
				CLANG_WARN_ENUM_CONVERSION = YES;
				CLANG_WARN_INFINITE_RECURSION = YES;
				CLANG_WARN_INT_CONVERSION = YES;
				CLANG_WARN_NON_LITERAL_NULL_CONVERSION = YES;
				CLANG_WARN_OBJC_IMPLICIT_RETAIN_SELF = YES;
				CLANG_WARN_OBJC_LITERAL_CONVERSION = YES;
				CLANG_WARN_OBJC_ROOT_CLASS = YES_ERROR;
				CLANG_WARN_QUOTED_INCLUDE_IN_FRAMEWORK_HEADER = YES;
				CLANG_WARN_RANGE_LOOP_ANALYSIS = YES;
				CLANG_WARN_STRICT_PROTOTYPES = YES;
				CLANG_WARN_SUSPICIOUS_MOVE = YES;
				CLANG_WARN_UNGUARDED_AVAILABILITY = YES_AGGRESSIVE;
				CLANG_WARN_UNREACHABLE_CODE = YES;
				CLANG_WARN__DUPLICATE_METHOD_MATCH = YES;
				COPY_PHASE_STRIP = NO;
				DEBUG_INFORMATION_FORMAT = dwarf;
				ENABLE_STRICT_OBJC_MSGSEND = YES;
				ENABLE_TESTABILITY = YES;
				ENABLE_USER_SCRIPT_SANDBOXING = YES;
				GCC_C_LANGUAGE_STANDARD = gnu17;
				GCC_DYNAMIC_NO_PIC = NO;
				GCC_NO_COMMON_BLOCKS = YES;
				GCC_OPTIMIZATION_LEVEL = 0;
				GCC_PREPROCESSOR_DEFINITIONS = (
					"DEBUG=1",
					"$(inherited)",
				);
				GCC_WARN_64_TO_32_BIT_CONVERSION = YES;
				GCC_WARN_ABOUT_RETURN_TYPE = YES_ERROR;
				GCC_WARN_UNDECLARED_SELECTOR = YES;
				GCC_WARN_UNINITIALIZED_AUTOS = YES_AGGRESSIVE;
				GCC_WARN_UNUSED_FUNCTION = YES;
				GCC_WARN_UNUSED_VARIABLE = YES;
				IPHONEOS_DEPLOYMENT_TARGET = 15.0;
				LOCALIZATION_PREFERS_STRING_CATALOGS = YES;
				MTL_ENABLE_DEBUG_INFO = INCLUDE_SOURCE;
				MTL_FAST_MATH = YES;
				ONLY_ACTIVE_ARCH = YES;
				SDKROOT = iphoneos;
				SWIFT_ACTIVE_COMPILATION_CONDITIONS = "DEBUG $(inherited)";
				SWIFT_OPTIMIZATION_LEVEL = "-Onone";
			};
			name = Debug;
		};
		EAE4940F2B459B82007461C0 /* Release */ = {
			isa = XCBuildConfiguration;
			buildSettings = {
				ALWAYS_SEARCH_USER_PATHS = NO;
				ASSETCATALOG_COMPILER_GENERATE_SWIFT_ASSET_SYMBOL_EXTENSIONS = YES;
				CLANG_ANALYZER_NONNULL = YES;
				CLANG_ANALYZER_NUMBER_OBJECT_CONVERSION = YES_AGGRESSIVE;
				CLANG_CXX_LANGUAGE_STANDARD = "gnu++20";
				CLANG_ENABLE_MODULES = YES;
				CLANG_ENABLE_OBJC_ARC = YES;
				CLANG_ENABLE_OBJC_WEAK = YES;
				CLANG_WARN_BLOCK_CAPTURE_AUTORELEASING = YES;
				CLANG_WARN_BOOL_CONVERSION = YES;
				CLANG_WARN_COMMA = YES;
				CLANG_WARN_CONSTANT_CONVERSION = YES;
				CLANG_WARN_DEPRECATED_OBJC_IMPLEMENTATIONS = YES;
				CLANG_WARN_DIRECT_OBJC_ISA_USAGE = YES_ERROR;
				CLANG_WARN_DOCUMENTATION_COMMENTS = YES;
				CLANG_WARN_EMPTY_BODY = YES;
				CLANG_WARN_ENUM_CONVERSION = YES;
				CLANG_WARN_INFINITE_RECURSION = YES;
				CLANG_WARN_INT_CONVERSION = YES;
				CLANG_WARN_NON_LITERAL_NULL_CONVERSION = YES;
				CLANG_WARN_OBJC_IMPLICIT_RETAIN_SELF = YES;
				CLANG_WARN_OBJC_LITERAL_CONVERSION = YES;
				CLANG_WARN_OBJC_ROOT_CLASS = YES_ERROR;
				CLANG_WARN_QUOTED_INCLUDE_IN_FRAMEWORK_HEADER = YES;
				CLANG_WARN_RANGE_LOOP_ANALYSIS = YES;
				CLANG_WARN_STRICT_PROTOTYPES = YES;
				CLANG_WARN_SUSPICIOUS_MOVE = YES;
				CLANG_WARN_UNGUARDED_AVAILABILITY = YES_AGGRESSIVE;
				CLANG_WARN_UNREACHABLE_CODE = YES;
				CLANG_WARN__DUPLICATE_METHOD_MATCH = YES;
				COPY_PHASE_STRIP = NO;
				DEBUG_INFORMATION_FORMAT = "dwarf-with-dsym";
				ENABLE_NS_ASSERTIONS = NO;
				ENABLE_STRICT_OBJC_MSGSEND = YES;
				ENABLE_USER_SCRIPT_SANDBOXING = YES;
				GCC_C_LANGUAGE_STANDARD = gnu17;
				GCC_NO_COMMON_BLOCKS = YES;
				GCC_WARN_64_TO_32_BIT_CONVERSION = YES;
				GCC_WARN_ABOUT_RETURN_TYPE = YES_ERROR;
				GCC_WARN_UNDECLARED_SELECTOR = YES;
				GCC_WARN_UNINITIALIZED_AUTOS = YES_AGGRESSIVE;
				GCC_WARN_UNUSED_FUNCTION = YES;
				GCC_WARN_UNUSED_VARIABLE = YES;
				IPHONEOS_DEPLOYMENT_TARGET = 15.0;
				LOCALIZATION_PREFERS_STRING_CATALOGS = YES;
				MTL_ENABLE_DEBUG_INFO = NO;
				MTL_FAST_MATH = YES;
				SDKROOT = iphoneos;
				SWIFT_COMPILATION_MODE = wholemodule;
				VALIDATE_PRODUCT = YES;
			};
			name = Release;
		};
		EAE494112B459B82007461C0 /* Debug */ = {
			isa = XCBuildConfiguration;
			baseConfigurationReference = EAE494302B4733F1007461C0 /* Secrets.xcconfig */;
			buildSettings = {
				ASSETCATALOG_COMPILER_APPICON_NAME = AppIcon;
				ASSETCATALOG_COMPILER_GLOBAL_ACCENT_COLOR_NAME = AccentColor;
				CODE_SIGN_ENTITLEMENTS = SsacSu/SsacSu.entitlements;
				CODE_SIGN_STYLE = Automatic;
				CURRENT_PROJECT_VERSION = 1;
				DEVELOPMENT_TEAM = R5LJ29W6V2;
				GENERATE_INFOPLIST_FILE = YES;
				INFOPLIST_FILE = SsacSu/Resource/Info.plist;
				INFOPLIST_KEY_UIApplicationSupportsIndirectInputEvents = YES;
				INFOPLIST_KEY_UILaunchStoryboardName = LaunchScreen;
				INFOPLIST_KEY_UISupportedInterfaceOrientations = UIInterfaceOrientationPortrait;
				INFOPLIST_KEY_UISupportedInterfaceOrientations_iPad = "UIInterfaceOrientationLandscapeLeft UIInterfaceOrientationLandscapeRight UIInterfaceOrientationPortrait UIInterfaceOrientationPortraitUpsideDown";
				IPHONEOS_DEPLOYMENT_TARGET = 15.0;
				LD_RUNPATH_SEARCH_PATHS = (
					"$(inherited)",
					"@executable_path/Frameworks",
				);
				MARKETING_VERSION = 1.0;
				PRODUCT_BUNDLE_IDENTIFIER = com.chap.SsacSu;
				PRODUCT_NAME = "$(TARGET_NAME)";
				SUPPORTED_PLATFORMS = "iphoneos iphonesimulator";
				SUPPORTS_MACCATALYST = NO;
				SUPPORTS_MAC_DESIGNED_FOR_IPHONE_IPAD = NO;
				SWIFT_EMIT_LOC_STRINGS = YES;
				SWIFT_VERSION = 5.0;
				TARGETED_DEVICE_FAMILY = 1;
			};
			name = Debug;
		};
		EAE494122B459B82007461C0 /* Release */ = {
			isa = XCBuildConfiguration;
			baseConfigurationReference = EAE494302B4733F1007461C0 /* Secrets.xcconfig */;
			buildSettings = {
				ASSETCATALOG_COMPILER_APPICON_NAME = AppIcon;
				ASSETCATALOG_COMPILER_GLOBAL_ACCENT_COLOR_NAME = AccentColor;
				CODE_SIGN_ENTITLEMENTS = SsacSu/SsacSu.entitlements;
				CODE_SIGN_STYLE = Automatic;
				CURRENT_PROJECT_VERSION = 1;
				DEVELOPMENT_TEAM = R5LJ29W6V2;
				GENERATE_INFOPLIST_FILE = YES;
				INFOPLIST_FILE = SsacSu/Resource/Info.plist;
				INFOPLIST_KEY_UIApplicationSupportsIndirectInputEvents = YES;
				INFOPLIST_KEY_UILaunchStoryboardName = LaunchScreen;
				INFOPLIST_KEY_UISupportedInterfaceOrientations = UIInterfaceOrientationPortrait;
				INFOPLIST_KEY_UISupportedInterfaceOrientations_iPad = "UIInterfaceOrientationLandscapeLeft UIInterfaceOrientationLandscapeRight UIInterfaceOrientationPortrait UIInterfaceOrientationPortraitUpsideDown";
				IPHONEOS_DEPLOYMENT_TARGET = 15.0;
				LD_RUNPATH_SEARCH_PATHS = (
					"$(inherited)",
					"@executable_path/Frameworks",
				);
				MARKETING_VERSION = 1.0;
				PRODUCT_BUNDLE_IDENTIFIER = com.chap.SsacSu;
				PRODUCT_NAME = "$(TARGET_NAME)";
				SUPPORTED_PLATFORMS = "iphoneos iphonesimulator";
				SUPPORTS_MACCATALYST = NO;
				SUPPORTS_MAC_DESIGNED_FOR_IPHONE_IPAD = NO;
				SWIFT_EMIT_LOC_STRINGS = YES;
				SWIFT_VERSION = 5.0;
				TARGETED_DEVICE_FAMILY = 1;
			};
			name = Release;
		};
/* End XCBuildConfiguration section */

/* Begin XCConfigurationList section */
		EAE493F72B459B80007461C0 /* Build configuration list for PBXProject "SsacSu" */ = {
			isa = XCConfigurationList;
			buildConfigurations = (
				EAE4940E2B459B82007461C0 /* Debug */,
				EAE4940F2B459B82007461C0 /* Release */,
			);
			defaultConfigurationIsVisible = 0;
			defaultConfigurationName = Release;
		};
		EAE494102B459B82007461C0 /* Build configuration list for PBXNativeTarget "SsacSu" */ = {
			isa = XCConfigurationList;
			buildConfigurations = (
				EAE494112B459B82007461C0 /* Debug */,
				EAE494122B459B82007461C0 /* Release */,
			);
			defaultConfigurationIsVisible = 0;
			defaultConfigurationName = Release;
		};
/* End XCConfigurationList section */

/* Begin XCRemoteSwiftPackageReference section */
		EAE4943C2B49D9A9007461C0 /* XCRemoteSwiftPackageReference "SnapKit" */ = {
			isa = XCRemoteSwiftPackageReference;
			repositoryURL = "https://github.com/SnapKit/SnapKit";
			requirement = {
				kind = upToNextMajorVersion;
				minimumVersion = 5.7.0;
			};
		};
		EAE4943F2B49DB91007461C0 /* XCRemoteSwiftPackageReference "Moya" */ = {
			isa = XCRemoteSwiftPackageReference;
			repositoryURL = "https://github.com/Moya/Moya";
			requirement = {
				kind = upToNextMajorVersion;
				minimumVersion = 15.0.3;
			};
		};
		EAE494422B49DC42007461C0 /* XCRemoteSwiftPackageReference "RxSwift" */ = {
			isa = XCRemoteSwiftPackageReference;
			repositoryURL = "https://github.com/ReactiveX/RxSwift";
			requirement = {
				kind = upToNextMajorVersion;
				minimumVersion = 6.6.0;
			};
		};
		EAFCB63C2B551F8D004DA2CD /* XCRemoteSwiftPackageReference "kakao-ios-sdk" */ = {
			isa = XCRemoteSwiftPackageReference;
			repositoryURL = "https://github.com/kakao/kakao-ios-sdk";
			requirement = {
				kind = upToNextMajorVersion;
				minimumVersion = 2.20.0;
			};
		};
/* End XCRemoteSwiftPackageReference section */

/* Begin XCSwiftPackageProductDependency section */
		EAE4943D2B49D9A9007461C0 /* SnapKit */ = {
			isa = XCSwiftPackageProductDependency;
			package = EAE4943C2B49D9A9007461C0 /* XCRemoteSwiftPackageReference "SnapKit" */;
			productName = SnapKit;
		};
		EAE494402B49DB91007461C0 /* Moya */ = {
			isa = XCSwiftPackageProductDependency;
			package = EAE4943F2B49DB91007461C0 /* XCRemoteSwiftPackageReference "Moya" */;
			productName = Moya;
		};
		EAE494432B49DC42007461C0 /* RxCocoa */ = {
			isa = XCSwiftPackageProductDependency;
			package = EAE494422B49DC42007461C0 /* XCRemoteSwiftPackageReference "RxSwift" */;
			productName = RxCocoa;
		};
		EAE494452B49DC42007461C0 /* RxSwift */ = {
			isa = XCSwiftPackageProductDependency;
			package = EAE494422B49DC42007461C0 /* XCRemoteSwiftPackageReference "RxSwift" */;
			productName = RxSwift;
		};
		EAFCB63D2B551F8D004DA2CD /* KakaoSDKAuth */ = {
			isa = XCSwiftPackageProductDependency;
			package = EAFCB63C2B551F8D004DA2CD /* XCRemoteSwiftPackageReference "kakao-ios-sdk" */;
			productName = KakaoSDKAuth;
		};
		EAFCB63F2B551F8D004DA2CD /* KakaoSDKCommon */ = {
			isa = XCSwiftPackageProductDependency;
			package = EAFCB63C2B551F8D004DA2CD /* XCRemoteSwiftPackageReference "kakao-ios-sdk" */;
			productName = KakaoSDKCommon;
		};
		EAFCB6432B551F8D004DA2CD /* KakaoSDKUser */ = {
			isa = XCSwiftPackageProductDependency;
			package = EAFCB63C2B551F8D004DA2CD /* XCRemoteSwiftPackageReference "kakao-ios-sdk" */;
			productName = KakaoSDKUser;
		};
/* End XCSwiftPackageProductDependency section */
	};
	rootObject = EAE493F42B459B80007461C0 /* Project object */;
}
