// !$*UTF8*$!
{
	archiveVersion = 1;
	classes = {
	};
	objectVersion = 56;
	objects = {

/* Begin PBXBuildFile section */
		EAB4014E2B4DC5D900C1A14A /* ViewModelType.swift in Sources */ = {isa = PBXBuildFile; fileRef = EAB4014D2B4DC5D900C1A14A /* ViewModelType.swift */; };
		EAB401502B4DC77500C1A14A /* SignUpViewModel.swift in Sources */ = {isa = PBXBuildFile; fileRef = EAB4014F2B4DC77500C1A14A /* SignUpViewModel.swift */; };
		EAB401532B4DEA1200C1A14A /* SsacsuAPI.swift in Sources */ = {isa = PBXBuildFile; fileRef = EAB401522B4DEA1200C1A14A /* SsacsuAPI.swift */; };
		EAB401562B4DEC1300C1A14A /* EmailValidationDTO.swift in Sources */ = {isa = PBXBuildFile; fileRef = EAB401552B4DEC1300C1A14A /* EmailValidationDTO.swift */; };
		EAB4015A2B4DEF6000C1A14A /* SignManager.swift in Sources */ = {isa = PBXBuildFile; fileRef = EAB401592B4DEF6000C1A14A /* SignManager.swift */; };
		EAB4015E2B4EF75100C1A14A /* JoinDTO.swift in Sources */ = {isa = PBXBuildFile; fileRef = EAB4015D2B4EF75100C1A14A /* JoinDTO.swift */; };
		EAB401622B4EF7F900C1A14A /* User.swift in Sources */ = {isa = PBXBuildFile; fileRef = EAB401612B4EF7F900C1A14A /* User.swift */; };
		EAB401642B4F01C300C1A14A /* CommonErrorResponseDTO.swift in Sources */ = {isa = PBXBuildFile; fileRef = EAB401632B4F01C300C1A14A /* CommonErrorResponseDTO.swift */; };
		EAB401662B50590E00C1A14A /* String+.swift in Sources */ = {isa = PBXBuildFile; fileRef = EAB401652B50590E00C1A14A /* String+.swift */; };
		EAE494002B459B81007461C0 /* AppDelegate.swift in Sources */ = {isa = PBXBuildFile; fileRef = EAE493FF2B459B81007461C0 /* AppDelegate.swift */; };
		EAE494022B459B81007461C0 /* SceneDelegate.swift in Sources */ = {isa = PBXBuildFile; fileRef = EAE494012B459B81007461C0 /* SceneDelegate.swift */; };
		EAE494092B459B82007461C0 /* Assets.xcassets in Resources */ = {isa = PBXBuildFile; fileRef = EAE494082B459B82007461C0 /* Assets.xcassets */; };
		EAE4940C2B459B82007461C0 /* LaunchScreen.storyboard in Resources */ = {isa = PBXBuildFile; fileRef = EAE4940A2B459B82007461C0 /* LaunchScreen.storyboard */; };
		EAE494192B45DC69007461C0 /* Colors.xcassets in Resources */ = {isa = PBXBuildFile; fileRef = EAE494182B45DC69007461C0 /* Colors.xcassets */; };
		EAE4941B2B45E32C007461C0 /* Images.xcassets in Resources */ = {isa = PBXBuildFile; fileRef = EAE4941A2B45E32C007461C0 /* Images.xcassets */; };
		EAE494322B473634007461C0 /* Configurations.swift in Sources */ = {isa = PBXBuildFile; fileRef = EAE494312B473634007461C0 /* Configurations.swift */; };
		EAE494352B4749B3007461C0 /* SSFont.swift in Sources */ = {isa = PBXBuildFile; fileRef = EAE494342B4749B3007461C0 /* SSFont.swift */; };
		EAE494372B474E1C007461C0 /* SF-Pro.ttf in Resources */ = {isa = PBXBuildFile; fileRef = EAE494362B474E1B007461C0 /* SF-Pro.ttf */; };
		EAE4943B2B49D83C007461C0 /* UILabel+.swift in Sources */ = {isa = PBXBuildFile; fileRef = EAE4943A2B49D83C007461C0 /* UILabel+.swift */; };
		EAE4943E2B49D9A9007461C0 /* SnapKit in Frameworks */ = {isa = PBXBuildFile; productRef = EAE4943D2B49D9A9007461C0 /* SnapKit */; };
		EAE494412B49DB91007461C0 /* Moya in Frameworks */ = {isa = PBXBuildFile; productRef = EAE494402B49DB91007461C0 /* Moya */; };
		EAE494442B49DC42007461C0 /* RxCocoa in Frameworks */ = {isa = PBXBuildFile; productRef = EAE494432B49DC42007461C0 /* RxCocoa */; };
		EAE494462B49DC42007461C0 /* RxSwift in Frameworks */ = {isa = PBXBuildFile; productRef = EAE494452B49DC42007461C0 /* RxSwift */; };
		EAE494552B4AAD9B007461C0 /* OnboardingViewController.swift in Sources */ = {isa = PBXBuildFile; fileRef = EAE494542B4AAD9B007461C0 /* OnboardingViewController.swift */; };
		EAE494582B4AB503007461C0 /* SSButton.swift in Sources */ = {isa = PBXBuildFile; fileRef = EAE494572B4AB503007461C0 /* SSButton.swift */; };
		EAE4945B2B4B1EFE007461C0 /* BaseViewController.swift in Sources */ = {isa = PBXBuildFile; fileRef = EAE4945A2B4B1EFE007461C0 /* BaseViewController.swift */; };
		EAE4945D2B4B1FA6007461C0 /* BaseTableViewCell.swift in Sources */ = {isa = PBXBuildFile; fileRef = EAE4945C2B4B1FA6007461C0 /* BaseTableViewCell.swift */; };
		EAE4945F2B4B2058007461C0 /* BaseCollectionViewCell.swift in Sources */ = {isa = PBXBuildFile; fileRef = EAE4945E2B4B2058007461C0 /* BaseCollectionViewCell.swift */; };
		EAE494652B4B91FB007461C0 /* SelectSignInMethodViewController.swift in Sources */ = {isa = PBXBuildFile; fileRef = EAE494642B4B91FB007461C0 /* SelectSignInMethodViewController.swift */; };
		EAE494672B4C618C007461C0 /* Divider.swift in Sources */ = {isa = PBXBuildFile; fileRef = EAE494662B4C618C007461C0 /* Divider.swift */; };
		EAE4946A2B4C717C007461C0 /* SignUpViewController.swift in Sources */ = {isa = PBXBuildFile; fileRef = EAE494692B4C717C007461C0 /* SignUpViewController.swift */; };
		EAE4946D2B4C7EDD007461C0 /* SSTextField.swift in Sources */ = {isa = PBXBuildFile; fileRef = EAE4946C2B4C7EDD007461C0 /* SSTextField.swift */; };
/* End PBXBuildFile section */

/* Begin PBXFileReference section */
		EAB4014D2B4DC5D900C1A14A /* ViewModelType.swift */ = {isa = PBXFileReference; lastKnownFileType = sourcecode.swift; path = ViewModelType.swift; sourceTree = "<group>"; };
		EAB4014F2B4DC77500C1A14A /* SignUpViewModel.swift */ = {isa = PBXFileReference; lastKnownFileType = sourcecode.swift; path = SignUpViewModel.swift; sourceTree = "<group>"; };
		EAB401522B4DEA1200C1A14A /* SsacsuAPI.swift */ = {isa = PBXFileReference; lastKnownFileType = sourcecode.swift; path = SsacsuAPI.swift; sourceTree = "<group>"; };
		EAB401552B4DEC1300C1A14A /* EmailValidationDTO.swift */ = {isa = PBXFileReference; lastKnownFileType = sourcecode.swift; path = EmailValidationDTO.swift; sourceTree = "<group>"; };
		EAB401592B4DEF6000C1A14A /* SignManager.swift */ = {isa = PBXFileReference; lastKnownFileType = sourcecode.swift; path = SignManager.swift; sourceTree = "<group>"; };
		EAB4015D2B4EF75100C1A14A /* JoinDTO.swift */ = {isa = PBXFileReference; lastKnownFileType = sourcecode.swift; path = JoinDTO.swift; sourceTree = "<group>"; };
		EAB401612B4EF7F900C1A14A /* User.swift */ = {isa = PBXFileReference; lastKnownFileType = sourcecode.swift; path = User.swift; sourceTree = "<group>"; };
		EAB401632B4F01C300C1A14A /* CommonErrorResponseDTO.swift */ = {isa = PBXFileReference; lastKnownFileType = sourcecode.swift; path = CommonErrorResponseDTO.swift; sourceTree = "<group>"; };
		EAB401652B50590E00C1A14A /* String+.swift */ = {isa = PBXFileReference; lastKnownFileType = sourcecode.swift; path = "String+.swift"; sourceTree = "<group>"; };
		EAE493FC2B459B81007461C0 /* SsacSu.app */ = {isa = PBXFileReference; explicitFileType = wrapper.application; includeInIndex = 0; path = SsacSu.app; sourceTree = BUILT_PRODUCTS_DIR; };
		EAE493FF2B459B81007461C0 /* AppDelegate.swift */ = {isa = PBXFileReference; lastKnownFileType = sourcecode.swift; path = AppDelegate.swift; sourceTree = "<group>"; };
		EAE494012B459B81007461C0 /* SceneDelegate.swift */ = {isa = PBXFileReference; lastKnownFileType = sourcecode.swift; path = SceneDelegate.swift; sourceTree = "<group>"; };
		EAE494082B459B82007461C0 /* Assets.xcassets */ = {isa = PBXFileReference; lastKnownFileType = folder.assetcatalog; path = Assets.xcassets; sourceTree = "<group>"; };
		EAE4940B2B459B82007461C0 /* Base */ = {isa = PBXFileReference; lastKnownFileType = file.storyboard; name = Base; path = Base.lproj/LaunchScreen.storyboard; sourceTree = "<group>"; };
		EAE4940D2B459B82007461C0 /* Info.plist */ = {isa = PBXFileReference; lastKnownFileType = text.plist.xml; path = Info.plist; sourceTree = "<group>"; };
		EAE494182B45DC69007461C0 /* Colors.xcassets */ = {isa = PBXFileReference; lastKnownFileType = folder.assetcatalog; path = Colors.xcassets; sourceTree = "<group>"; };
		EAE4941A2B45E32C007461C0 /* Images.xcassets */ = {isa = PBXFileReference; lastKnownFileType = folder.assetcatalog; path = Images.xcassets; sourceTree = "<group>"; };
		EAE494302B4733F1007461C0 /* Secrets.xcconfig */ = {isa = PBXFileReference; lastKnownFileType = text.xcconfig; path = Secrets.xcconfig; sourceTree = "<group>"; };
		EAE494312B473634007461C0 /* Configurations.swift */ = {isa = PBXFileReference; lastKnownFileType = sourcecode.swift; path = Configurations.swift; sourceTree = "<group>"; };
		EAE494342B4749B3007461C0 /* SSFont.swift */ = {isa = PBXFileReference; lastKnownFileType = sourcecode.swift; path = SSFont.swift; sourceTree = "<group>"; };
		EAE494362B474E1B007461C0 /* SF-Pro.ttf */ = {isa = PBXFileReference; lastKnownFileType = file; path = "SF-Pro.ttf"; sourceTree = "<group>"; };
		EAE4943A2B49D83C007461C0 /* UILabel+.swift */ = {isa = PBXFileReference; lastKnownFileType = sourcecode.swift; path = "UILabel+.swift"; sourceTree = "<group>"; };
		EAE494542B4AAD9B007461C0 /* OnboardingViewController.swift */ = {isa = PBXFileReference; lastKnownFileType = sourcecode.swift; path = OnboardingViewController.swift; sourceTree = "<group>"; };
		EAE494572B4AB503007461C0 /* SSButton.swift */ = {isa = PBXFileReference; lastKnownFileType = sourcecode.swift; path = SSButton.swift; sourceTree = "<group>"; };
		EAE4945A2B4B1EFE007461C0 /* BaseViewController.swift */ = {isa = PBXFileReference; lastKnownFileType = sourcecode.swift; path = BaseViewController.swift; sourceTree = "<group>"; };
		EAE4945C2B4B1FA6007461C0 /* BaseTableViewCell.swift */ = {isa = PBXFileReference; lastKnownFileType = sourcecode.swift; path = BaseTableViewCell.swift; sourceTree = "<group>"; };
		EAE4945E2B4B2058007461C0 /* BaseCollectionViewCell.swift */ = {isa = PBXFileReference; lastKnownFileType = sourcecode.swift; path = BaseCollectionViewCell.swift; sourceTree = "<group>"; };
		EAE494642B4B91FB007461C0 /* SelectSignInMethodViewController.swift */ = {isa = PBXFileReference; lastKnownFileType = sourcecode.swift; path = SelectSignInMethodViewController.swift; sourceTree = "<group>"; };
		EAE494662B4C618C007461C0 /* Divider.swift */ = {isa = PBXFileReference; lastKnownFileType = sourcecode.swift; path = Divider.swift; sourceTree = "<group>"; };
		EAE494692B4C717C007461C0 /* SignUpViewController.swift */ = {isa = PBXFileReference; lastKnownFileType = sourcecode.swift; path = SignUpViewController.swift; sourceTree = "<group>"; };
		EAE4946C2B4C7EDD007461C0 /* SSTextField.swift */ = {isa = PBXFileReference; lastKnownFileType = sourcecode.swift; path = SSTextField.swift; sourceTree = "<group>"; };
/* End PBXFileReference section */

/* Begin PBXFrameworksBuildPhase section */
		EAE493F92B459B81007461C0 /* Frameworks */ = {
			isa = PBXFrameworksBuildPhase;
			buildActionMask = 2147483647;
			files = (
				EAE494442B49DC42007461C0 /* RxCocoa in Frameworks */,
				EAE494412B49DB91007461C0 /* Moya in Frameworks */,
				EAE494462B49DC42007461C0 /* RxSwift in Frameworks */,
				EAE4943E2B49D9A9007461C0 /* SnapKit in Frameworks */,
			);
			runOnlyForDeploymentPostprocessing = 0;
		};
/* End PBXFrameworksBuildPhase section */

/* Begin PBXGroup section */
		EAB4014C2B4DC5C000C1A14A /* Protocols */ = {
			isa = PBXGroup;
			children = (
				EAB4014D2B4DC5D900C1A14A /* ViewModelType.swift */,
			);
			path = Protocols;
			sourceTree = "<group>";
		};
		EAB401512B4DE9B400C1A14A /* Network */ = {
			isa = PBXGroup;
			children = (
				EAB401522B4DEA1200C1A14A /* SsacsuAPI.swift */,
				EAB401592B4DEF6000C1A14A /* SignManager.swift */,
			);
			path = Network;
			sourceTree = "<group>";
		};
		EAB401542B4DEB9400C1A14A /* Data */ = {
			isa = PBXGroup;
			children = (
				EAB401632B4F01C300C1A14A /* CommonErrorResponseDTO.swift */,
				EAB401552B4DEC1300C1A14A /* EmailValidationDTO.swift */,
				EAB4015D2B4EF75100C1A14A /* JoinDTO.swift */,
			);
			path = Data;
			sourceTree = "<group>";
		};
		EAB4015F2B4EF7E500C1A14A /* Domain */ = {
			isa = PBXGroup;
			children = (
				EAB401602B4EF7EC00C1A14A /* Entities */,
			);
			path = Domain;
			sourceTree = "<group>";
		};
		EAB401602B4EF7EC00C1A14A /* Entities */ = {
			isa = PBXGroup;
			children = (
				EAB401612B4EF7F900C1A14A /* User.swift */,
			);
			path = Entities;
			sourceTree = "<group>";
		};
		EAE493F32B459B80007461C0 = {
			isa = PBXGroup;
			children = (
				EAE494302B4733F1007461C0 /* Secrets.xcconfig */,
				EAE493FE2B459B81007461C0 /* SsacSu */,
				EAE493FD2B459B81007461C0 /* Products */,
			);
			sourceTree = "<group>";
		};
		EAE493FD2B459B81007461C0 /* Products */ = {
			isa = PBXGroup;
			children = (
				EAE493FC2B459B81007461C0 /* SsacSu.app */,
			);
			name = Products;
			sourceTree = "<group>";
		};
		EAE493FE2B459B81007461C0 /* SsacSu */ = {
			isa = PBXGroup;
			children = (
				EAE4942B2B473381007461C0 /* App */,
				EAB401512B4DE9B400C1A14A /* Network */,
				EAB401542B4DEB9400C1A14A /* Data */,
				EAB4015F2B4EF7E500C1A14A /* Domain */,
				EAE4942C2B47338A007461C0 /* Presentation */,
				EAE4942E2B47339C007461C0 /* Resource */,
			);
			path = SsacSu;
			sourceTree = "<group>";
		};
		EAE4942B2B473381007461C0 /* App */ = {
			isa = PBXGroup;
			children = (
				EAE493FF2B459B81007461C0 /* AppDelegate.swift */,
				EAE494012B459B81007461C0 /* SceneDelegate.swift */,
				EAE494312B473634007461C0 /* Configurations.swift */,
			);
			path = App;
			sourceTree = "<group>";
		};
		EAE4942C2B47338A007461C0 /* Presentation */ = {
			isa = PBXGroup;
			children = (
				EAE494382B49D806007461C0 /* Utils */,
				EAE494562B4AB3CF007461C0 /* Components */,
				EAE4942D2B473394007461C0 /* Scenes */,
			);
			path = Presentation;
			sourceTree = "<group>";
		};
		EAE4942D2B473394007461C0 /* Scenes */ = {
			isa = PBXGroup;
			children = (
				EAE494532B4AAD3A007461C0 /* Onboarding */,
				EAE494682B4C6F76007461C0 /* SignUp */,
				EAE494632B4B91D7007461C0 /* SignIn */,
			);
			path = Scenes;
			sourceTree = "<group>";
		};
		EAE4942E2B47339C007461C0 /* Resource */ = {
			isa = PBXGroup;
			children = (
				EAE4940A2B459B82007461C0 /* LaunchScreen.storyboard */,
				EAE4942F2B4733A6007461C0 /* Assets */,
				EAE494332B47496A007461C0 /* Fonts */,
				EAE4940D2B459B82007461C0 /* Info.plist */,
			);
			path = Resource;
			sourceTree = "<group>";
		};
		EAE4942F2B4733A6007461C0 /* Assets */ = {
			isa = PBXGroup;
			children = (
				EAE494082B459B82007461C0 /* Assets.xcassets */,
				EAE494182B45DC69007461C0 /* Colors.xcassets */,
				EAE4941A2B45E32C007461C0 /* Images.xcassets */,
			);
			path = Assets;
			sourceTree = "<group>";
		};
		EAE494332B47496A007461C0 /* Fonts */ = {
			isa = PBXGroup;
			children = (
				EAE494362B474E1B007461C0 /* SF-Pro.ttf */,
				EAE494342B4749B3007461C0 /* SSFont.swift */,
			);
			path = Fonts;
			sourceTree = "<group>";
		};
		EAE494382B49D806007461C0 /* Utils */ = {
			isa = PBXGroup;
			children = (
				EAE494392B49D80D007461C0 /* Extensions */,
				EAB4014C2B4DC5C000C1A14A /* Protocols */,
				EAE494592B4B1ECC007461C0 /* Base */,
			);
			path = Utils;
			sourceTree = "<group>";
		};
		EAE494392B49D80D007461C0 /* Extensions */ = {
			isa = PBXGroup;
			children = (
				EAE4943A2B49D83C007461C0 /* UILabel+.swift */,
				EAB401652B50590E00C1A14A /* String+.swift */,
			);
			path = Extensions;
			sourceTree = "<group>";
		};
		EAE494532B4AAD3A007461C0 /* Onboarding */ = {
			isa = PBXGroup;
			children = (
				EAE494542B4AAD9B007461C0 /* OnboardingViewController.swift */,
			);
			path = Onboarding;
			sourceTree = "<group>";
		};
		EAE494562B4AB3CF007461C0 /* Components */ = {
			isa = PBXGroup;
			children = (
				EAE494572B4AB503007461C0 /* SSButton.swift */,
				EAE4946C2B4C7EDD007461C0 /* SSTextField.swift */,
				EAE494662B4C618C007461C0 /* Divider.swift */,
			);
			path = Components;
			sourceTree = "<group>";
		};
		EAE494592B4B1ECC007461C0 /* Base */ = {
			isa = PBXGroup;
			children = (
				EAE4945A2B4B1EFE007461C0 /* BaseViewController.swift */,
				EAE4945C2B4B1FA6007461C0 /* BaseTableViewCell.swift */,
				EAE4945E2B4B2058007461C0 /* BaseCollectionViewCell.swift */,
			);
			path = Base;
			sourceTree = "<group>";
		};
		EAE494632B4B91D7007461C0 /* SignIn */ = {
			isa = PBXGroup;
			children = (
				EAE494642B4B91FB007461C0 /* SelectSignInMethodViewController.swift */,
			);
			path = SignIn;
			sourceTree = "<group>";
		};
		EAE494682B4C6F76007461C0 /* SignUp */ = {
			isa = PBXGroup;
			children = (
				EAE494692B4C717C007461C0 /* SignUpViewController.swift */,
				EAB4014F2B4DC77500C1A14A /* SignUpViewModel.swift */,
			);
			path = SignUp;
			sourceTree = "<group>";
		};
/* End PBXGroup section */

/* Begin PBXNativeTarget section */
		EAE493FB2B459B81007461C0 /* SsacSu */ = {
			isa = PBXNativeTarget;
			buildConfigurationList = EAE494102B459B82007461C0 /* Build configuration list for PBXNativeTarget "SsacSu" */;
			buildPhases = (
				EAE493F82B459B81007461C0 /* Sources */,
				EAE493F92B459B81007461C0 /* Frameworks */,
				EAE493FA2B459B81007461C0 /* Resources */,
			);
			buildRules = (
			);
			dependencies = (
			);
			name = SsacSu;
			packageProductDependencies = (
				EAE4943D2B49D9A9007461C0 /* SnapKit */,
				EAE494402B49DB91007461C0 /* Moya */,
				EAE494432B49DC42007461C0 /* RxCocoa */,
				EAE494452B49DC42007461C0 /* RxSwift */,
			);
			productName = SsacSu;
			productReference = EAE493FC2B459B81007461C0 /* SsacSu.app */;
			productType = "com.apple.product-type.application";
		};
/* End PBXNativeTarget section */

/* Begin PBXProject section */
		EAE493F42B459B80007461C0 /* Project object */ = {
			isa = PBXProject;
			attributes = {
				BuildIndependentTargetsInParallel = 1;
				LastSwiftUpdateCheck = 1500;
				LastUpgradeCheck = 1500;
				TargetAttributes = {
					EAE493FB2B459B81007461C0 = {
						CreatedOnToolsVersion = 15.0.1;
					};
				};
			};
			buildConfigurationList = EAE493F72B459B80007461C0 /* Build configuration list for PBXProject "SsacSu" */;
			compatibilityVersion = "Xcode 14.0";
			developmentRegion = en;
			hasScannedForEncodings = 0;
			knownRegions = (
				en,
				Base,
			);
			mainGroup = EAE493F32B459B80007461C0;
			packageReferences = (
				EAE4943C2B49D9A9007461C0 /* XCRemoteSwiftPackageReference "SnapKit" */,
				EAE4943F2B49DB91007461C0 /* XCRemoteSwiftPackageReference "Moya" */,
				EAE494422B49DC42007461C0 /* XCRemoteSwiftPackageReference "RxSwift" */,
			);
			productRefGroup = EAE493FD2B459B81007461C0 /* Products */;
			projectDirPath = "";
			projectRoot = "";
			targets = (
				EAE493FB2B459B81007461C0 /* SsacSu */,
			);
		};
/* End PBXProject section */

/* Begin PBXResourcesBuildPhase section */
		EAE493FA2B459B81007461C0 /* Resources */ = {
			isa = PBXResourcesBuildPhase;
			buildActionMask = 2147483647;
			files = (
				EAE4940C2B459B82007461C0 /* LaunchScreen.storyboard in Resources */,
				EAE4941B2B45E32C007461C0 /* Images.xcassets in Resources */,
				EAE494192B45DC69007461C0 /* Colors.xcassets in Resources */,
				EAE494092B459B82007461C0 /* Assets.xcassets in Resources */,
				EAE494372B474E1C007461C0 /* SF-Pro.ttf in Resources */,
			);
			runOnlyForDeploymentPostprocessing = 0;
		};
/* End PBXResourcesBuildPhase section */

/* Begin PBXSourcesBuildPhase section */
		EAE493F82B459B81007461C0 /* Sources */ = {
			isa = PBXSourcesBuildPhase;
			buildActionMask = 2147483647;
			files = (
				EAE4945D2B4B1FA6007461C0 /* BaseTableViewCell.swift in Sources */,
				EAE4943B2B49D83C007461C0 /* UILabel+.swift in Sources */,
				EAB401642B4F01C300C1A14A /* CommonErrorResponseDTO.swift in Sources */,
				EAB401502B4DC77500C1A14A /* SignUpViewModel.swift in Sources */,
				EAB4015E2B4EF75100C1A14A /* JoinDTO.swift in Sources */,
				EAB4015A2B4DEF6000C1A14A /* SignManager.swift in Sources */,
				EAE494672B4C618C007461C0 /* Divider.swift in Sources */,
				EAE4946D2B4C7EDD007461C0 /* SSTextField.swift in Sources */,
				EAE494552B4AAD9B007461C0 /* OnboardingViewController.swift in Sources */,
				EAE494582B4AB503007461C0 /* SSButton.swift in Sources */,
				EAE4945F2B4B2058007461C0 /* BaseCollectionViewCell.swift in Sources */,
				EAE4945B2B4B1EFE007461C0 /* BaseViewController.swift in Sources */,
				EAB4014E2B4DC5D900C1A14A /* ViewModelType.swift in Sources */,
				EAE494002B459B81007461C0 /* AppDelegate.swift in Sources */,
				EAE494322B473634007461C0 /* Configurations.swift in Sources */,
				EAE494022B459B81007461C0 /* SceneDelegate.swift in Sources */,
				EAB401562B4DEC1300C1A14A /* EmailValidationDTO.swift in Sources */,
				EAE494352B4749B3007461C0 /* SSFont.swift in Sources */,
				EAE4946A2B4C717C007461C0 /* SignUpViewController.swift in Sources */,
				EAB401532B4DEA1200C1A14A /* SsacsuAPI.swift in Sources */,
				EAB401662B50590E00C1A14A /* String+.swift in Sources */,
				EAE494652B4B91FB007461C0 /* SelectSignInMethodViewController.swift in Sources */,
				EAB401622B4EF7F900C1A14A /* User.swift in Sources */,
			);
			runOnlyForDeploymentPostprocessing = 0;
		};
/* End PBXSourcesBuildPhase section */

/* Begin PBXVariantGroup section */
		EAE4940A2B459B82007461C0 /* LaunchScreen.storyboard */ = {
			isa = PBXVariantGroup;
			children = (
				EAE4940B2B459B82007461C0 /* Base */,
			);
			name = LaunchScreen.storyboard;
			sourceTree = "<group>";
		};
/* End PBXVariantGroup section */

/* Begin XCBuildConfiguration section */
		EAE4940E2B459B82007461C0 /* Debug */ = {
			isa = XCBuildConfiguration;
			buildSettings = {
				ALWAYS_SEARCH_USER_PATHS = NO;
				ASSETCATALOG_COMPILER_GENERATE_SWIFT_ASSET_SYMBOL_EXTENSIONS = YES;
				CLANG_ANALYZER_NONNULL = YES;
				CLANG_ANALYZER_NUMBER_OBJECT_CONVERSION = YES_AGGRESSIVE;
				CLANG_CXX_LANGUAGE_STANDARD = "gnu++20";
				CLANG_ENABLE_MODULES = YES;
				CLANG_ENABLE_OBJC_ARC = YES;
				CLANG_ENABLE_OBJC_WEAK = YES;
				CLANG_WARN_BLOCK_CAPTURE_AUTORELEASING = YES;
				CLANG_WARN_BOOL_CONVERSION = YES;
				CLANG_WARN_COMMA = YES;
				CLANG_WARN_CONSTANT_CONVERSION = YES;
				CLANG_WARN_DEPRECATED_OBJC_IMPLEMENTATIONS = YES;
				CLANG_WARN_DIRECT_OBJC_ISA_USAGE = YES_ERROR;
				CLANG_WARN_DOCUMENTATION_COMMENTS = YES;
				CLANG_WARN_EMPTY_BODY = YES;
				CLANG_WARN_ENUM_CONVERSION = YES;
				CLANG_WARN_INFINITE_RECURSION = YES;
				CLANG_WARN_INT_CONVERSION = YES;
				CLANG_WARN_NON_LITERAL_NULL_CONVERSION = YES;
				CLANG_WARN_OBJC_IMPLICIT_RETAIN_SELF = YES;
				CLANG_WARN_OBJC_LITERAL_CONVERSION = YES;
				CLANG_WARN_OBJC_ROOT_CLASS = YES_ERROR;
				CLANG_WARN_QUOTED_INCLUDE_IN_FRAMEWORK_HEADER = YES;
				CLANG_WARN_RANGE_LOOP_ANALYSIS = YES;
				CLANG_WARN_STRICT_PROTOTYPES = YES;
				CLANG_WARN_SUSPICIOUS_MOVE = YES;
				CLANG_WARN_UNGUARDED_AVAILABILITY = YES_AGGRESSIVE;
				CLANG_WARN_UNREACHABLE_CODE = YES;
				CLANG_WARN__DUPLICATE_METHOD_MATCH = YES;
				COPY_PHASE_STRIP = NO;
				DEBUG_INFORMATION_FORMAT = dwarf;
				ENABLE_STRICT_OBJC_MSGSEND = YES;
				ENABLE_TESTABILITY = YES;
				ENABLE_USER_SCRIPT_SANDBOXING = YES;
				GCC_C_LANGUAGE_STANDARD = gnu17;
				GCC_DYNAMIC_NO_PIC = NO;
				GCC_NO_COMMON_BLOCKS = YES;
				GCC_OPTIMIZATION_LEVEL = 0;
				GCC_PREPROCESSOR_DEFINITIONS = (
					"DEBUG=1",
					"$(inherited)",
				);
				GCC_WARN_64_TO_32_BIT_CONVERSION = YES;
				GCC_WARN_ABOUT_RETURN_TYPE = YES_ERROR;
				GCC_WARN_UNDECLARED_SELECTOR = YES;
				GCC_WARN_UNINITIALIZED_AUTOS = YES_AGGRESSIVE;
				GCC_WARN_UNUSED_FUNCTION = YES;
				GCC_WARN_UNUSED_VARIABLE = YES;
				IPHONEOS_DEPLOYMENT_TARGET = 15.0;
				LOCALIZATION_PREFERS_STRING_CATALOGS = YES;
				MTL_ENABLE_DEBUG_INFO = INCLUDE_SOURCE;
				MTL_FAST_MATH = YES;
				ONLY_ACTIVE_ARCH = YES;
				SDKROOT = iphoneos;
				SWIFT_ACTIVE_COMPILATION_CONDITIONS = "DEBUG $(inherited)";
				SWIFT_OPTIMIZATION_LEVEL = "-Onone";
			};
			name = Debug;
		};
		EAE4940F2B459B82007461C0 /* Release */ = {
			isa = XCBuildConfiguration;
			buildSettings = {
				ALWAYS_SEARCH_USER_PATHS = NO;
				ASSETCATALOG_COMPILER_GENERATE_SWIFT_ASSET_SYMBOL_EXTENSIONS = YES;
				CLANG_ANALYZER_NONNULL = YES;
				CLANG_ANALYZER_NUMBER_OBJECT_CONVERSION = YES_AGGRESSIVE;
				CLANG_CXX_LANGUAGE_STANDARD = "gnu++20";
				CLANG_ENABLE_MODULES = YES;
				CLANG_ENABLE_OBJC_ARC = YES;
				CLANG_ENABLE_OBJC_WEAK = YES;
				CLANG_WARN_BLOCK_CAPTURE_AUTORELEASING = YES;
				CLANG_WARN_BOOL_CONVERSION = YES;
				CLANG_WARN_COMMA = YES;
				CLANG_WARN_CONSTANT_CONVERSION = YES;
				CLANG_WARN_DEPRECATED_OBJC_IMPLEMENTATIONS = YES;
				CLANG_WARN_DIRECT_OBJC_ISA_USAGE = YES_ERROR;
				CLANG_WARN_DOCUMENTATION_COMMENTS = YES;
				CLANG_WARN_EMPTY_BODY = YES;
				CLANG_WARN_ENUM_CONVERSION = YES;
				CLANG_WARN_INFINITE_RECURSION = YES;
				CLANG_WARN_INT_CONVERSION = YES;
				CLANG_WARN_NON_LITERAL_NULL_CONVERSION = YES;
				CLANG_WARN_OBJC_IMPLICIT_RETAIN_SELF = YES;
				CLANG_WARN_OBJC_LITERAL_CONVERSION = YES;
				CLANG_WARN_OBJC_ROOT_CLASS = YES_ERROR;
				CLANG_WARN_QUOTED_INCLUDE_IN_FRAMEWORK_HEADER = YES;
				CLANG_WARN_RANGE_LOOP_ANALYSIS = YES;
				CLANG_WARN_STRICT_PROTOTYPES = YES;
				CLANG_WARN_SUSPICIOUS_MOVE = YES;
				CLANG_WARN_UNGUARDED_AVAILABILITY = YES_AGGRESSIVE;
				CLANG_WARN_UNREACHABLE_CODE = YES;
				CLANG_WARN__DUPLICATE_METHOD_MATCH = YES;
				COPY_PHASE_STRIP = NO;
				DEBUG_INFORMATION_FORMAT = "dwarf-with-dsym";
				ENABLE_NS_ASSERTIONS = NO;
				ENABLE_STRICT_OBJC_MSGSEND = YES;
				ENABLE_USER_SCRIPT_SANDBOXING = YES;
				GCC_C_LANGUAGE_STANDARD = gnu17;
				GCC_NO_COMMON_BLOCKS = YES;
				GCC_WARN_64_TO_32_BIT_CONVERSION = YES;
				GCC_WARN_ABOUT_RETURN_TYPE = YES_ERROR;
				GCC_WARN_UNDECLARED_SELECTOR = YES;
				GCC_WARN_UNINITIALIZED_AUTOS = YES_AGGRESSIVE;
				GCC_WARN_UNUSED_FUNCTION = YES;
				GCC_WARN_UNUSED_VARIABLE = YES;
				IPHONEOS_DEPLOYMENT_TARGET = 15.0;
				LOCALIZATION_PREFERS_STRING_CATALOGS = YES;
				MTL_ENABLE_DEBUG_INFO = NO;
				MTL_FAST_MATH = YES;
				SDKROOT = iphoneos;
				SWIFT_COMPILATION_MODE = wholemodule;
				VALIDATE_PRODUCT = YES;
			};
			name = Release;
		};
		EAE494112B459B82007461C0 /* Debug */ = {
			isa = XCBuildConfiguration;
			baseConfigurationReference = EAE494302B4733F1007461C0 /* Secrets.xcconfig */;
			buildSettings = {
				ASSETCATALOG_COMPILER_APPICON_NAME = AppIcon;
				ASSETCATALOG_COMPILER_GLOBAL_ACCENT_COLOR_NAME = AccentColor;
				CODE_SIGN_STYLE = Automatic;
				CURRENT_PROJECT_VERSION = 1;
				DEVELOPMENT_TEAM = R5LJ29W6V2;
				GENERATE_INFOPLIST_FILE = YES;
				INFOPLIST_FILE = SsacSu/Resource/Info.plist;
				INFOPLIST_KEY_UIApplicationSupportsIndirectInputEvents = YES;
				INFOPLIST_KEY_UILaunchStoryboardName = LaunchScreen;
				INFOPLIST_KEY_UISupportedInterfaceOrientations = UIInterfaceOrientationPortrait;
				INFOPLIST_KEY_UISupportedInterfaceOrientations_iPad = "UIInterfaceOrientationLandscapeLeft UIInterfaceOrientationLandscapeRight UIInterfaceOrientationPortrait UIInterfaceOrientationPortraitUpsideDown";
				IPHONEOS_DEPLOYMENT_TARGET = 15.0;
				LD_RUNPATH_SEARCH_PATHS = (
					"$(inherited)",
					"@executable_path/Frameworks",
				);
				MARKETING_VERSION = 1.0;
				PRODUCT_BUNDLE_IDENTIFIER = com.chap.SsacSu;
				PRODUCT_NAME = "$(TARGET_NAME)";
				SUPPORTED_PLATFORMS = "iphoneos iphonesimulator";
				SUPPORTS_MACCATALYST = NO;
				SUPPORTS_MAC_DESIGNED_FOR_IPHONE_IPAD = NO;
				SWIFT_EMIT_LOC_STRINGS = YES;
				SWIFT_VERSION = 5.0;
				TARGETED_DEVICE_FAMILY = 1;
			};
			name = Debug;
		};
		EAE494122B459B82007461C0 /* Release */ = {
			isa = XCBuildConfiguration;
			baseConfigurationReference = EAE494302B4733F1007461C0 /* Secrets.xcconfig */;
			buildSettings = {
				ASSETCATALOG_COMPILER_APPICON_NAME = AppIcon;
				ASSETCATALOG_COMPILER_GLOBAL_ACCENT_COLOR_NAME = AccentColor;
				CODE_SIGN_STYLE = Automatic;
				CURRENT_PROJECT_VERSION = 1;
				DEVELOPMENT_TEAM = R5LJ29W6V2;
				GENERATE_INFOPLIST_FILE = YES;
				INFOPLIST_FILE = SsacSu/Resource/Info.plist;
				INFOPLIST_KEY_UIApplicationSupportsIndirectInputEvents = YES;
				INFOPLIST_KEY_UILaunchStoryboardName = LaunchScreen;
				INFOPLIST_KEY_UISupportedInterfaceOrientations = UIInterfaceOrientationPortrait;
				INFOPLIST_KEY_UISupportedInterfaceOrientations_iPad = "UIInterfaceOrientationLandscapeLeft UIInterfaceOrientationLandscapeRight UIInterfaceOrientationPortrait UIInterfaceOrientationPortraitUpsideDown";
				IPHONEOS_DEPLOYMENT_TARGET = 15.0;
				LD_RUNPATH_SEARCH_PATHS = (
					"$(inherited)",
					"@executable_path/Frameworks",
				);
				MARKETING_VERSION = 1.0;
				PRODUCT_BUNDLE_IDENTIFIER = com.chap.SsacSu;
				PRODUCT_NAME = "$(TARGET_NAME)";
				SUPPORTED_PLATFORMS = "iphoneos iphonesimulator";
				SUPPORTS_MACCATALYST = NO;
				SUPPORTS_MAC_DESIGNED_FOR_IPHONE_IPAD = NO;
				SWIFT_EMIT_LOC_STRINGS = YES;
				SWIFT_VERSION = 5.0;
				TARGETED_DEVICE_FAMILY = 1;
			};
			name = Release;
		};
/* End XCBuildConfiguration section */

/* Begin XCConfigurationList section */
		EAE493F72B459B80007461C0 /* Build configuration list for PBXProject "SsacSu" */ = {
			isa = XCConfigurationList;
			buildConfigurations = (
				EAE4940E2B459B82007461C0 /* Debug */,
				EAE4940F2B459B82007461C0 /* Release */,
			);
			defaultConfigurationIsVisible = 0;
			defaultConfigurationName = Release;
		};
		EAE494102B459B82007461C0 /* Build configuration list for PBXNativeTarget "SsacSu" */ = {
			isa = XCConfigurationList;
			buildConfigurations = (
				EAE494112B459B82007461C0 /* Debug */,
				EAE494122B459B82007461C0 /* Release */,
			);
			defaultConfigurationIsVisible = 0;
			defaultConfigurationName = Release;
		};
/* End XCConfigurationList section */

/* Begin XCRemoteSwiftPackageReference section */
		EAE4943C2B49D9A9007461C0 /* XCRemoteSwiftPackageReference "SnapKit" */ = {
			isa = XCRemoteSwiftPackageReference;
			repositoryURL = "https://github.com/SnapKit/SnapKit";
			requirement = {
				kind = upToNextMajorVersion;
				minimumVersion = 5.7.0;
			};
		};
		EAE4943F2B49DB91007461C0 /* XCRemoteSwiftPackageReference "Moya" */ = {
			isa = XCRemoteSwiftPackageReference;
			repositoryURL = "https://github.com/Moya/Moya";
			requirement = {
				kind = upToNextMajorVersion;
				minimumVersion = 15.0.3;
			};
		};
		EAE494422B49DC42007461C0 /* XCRemoteSwiftPackageReference "RxSwift" */ = {
			isa = XCRemoteSwiftPackageReference;
			repositoryURL = "https://github.com/ReactiveX/RxSwift";
			requirement = {
				kind = upToNextMajorVersion;
				minimumVersion = 6.6.0;
			};
		};
/* End XCRemoteSwiftPackageReference section */

/* Begin XCSwiftPackageProductDependency section */
		EAE4943D2B49D9A9007461C0 /* SnapKit */ = {
			isa = XCSwiftPackageProductDependency;
			package = EAE4943C2B49D9A9007461C0 /* XCRemoteSwiftPackageReference "SnapKit" */;
			productName = SnapKit;
		};
		EAE494402B49DB91007461C0 /* Moya */ = {
			isa = XCSwiftPackageProductDependency;
			package = EAE4943F2B49DB91007461C0 /* XCRemoteSwiftPackageReference "Moya" */;
			productName = Moya;
		};
		EAE494432B49DC42007461C0 /* RxCocoa */ = {
			isa = XCSwiftPackageProductDependency;
			package = EAE494422B49DC42007461C0 /* XCRemoteSwiftPackageReference "RxSwift" */;
			productName = RxCocoa;
		};
		EAE494452B49DC42007461C0 /* RxSwift */ = {
			isa = XCSwiftPackageProductDependency;
			package = EAE494422B49DC42007461C0 /* XCRemoteSwiftPackageReference "RxSwift" */;
			productName = RxSwift;
		};
/* End XCSwiftPackageProductDependency section */
	};
	rootObject = EAE493F42B459B80007461C0 /* Project object */;
}
